{
  "version": 4,
  "terraform_version": "1.13.4",
  "serial": 97,
  "lineage": "0d1713d3-b476-4cdf-b91f-f4f4940d0b66",
  "outputs": {
    "internet_gateway_id": {
      "value": "igw-00151b3c9b27fbe41",
      "type": "string"
    },
    "nat_gateway_id": {
      "value": "nat-0b215fde48b8974f8",
      "type": "string"
    },
    "nat_gateway_public_ip": {
      "value": "3.231.70.205",
      "type": "string"
    },
    "private_instance_id": {
      "value": "i-0934cdecb8157b76c",
      "type": "string"
    },
    "private_instance_private_ip": {
      "value": "10.0.2.74",
      "type": "string"
    },
    "private_security_group_id": {
      "value": "sg-02495c1fa5abd5727",
      "type": "string"
    },
    "private_subnet_id": {
      "value": "subnet-0b90538177ca0c906",
      "type": "string"
    },
    "public_instance_id": {
      "value": "i-02458a31584649df0",
      "type": "string"
    },
    "public_instance_private_ip": {
      "value": "10.0.1.35",
      "type": "string"
    },
    "public_instance_public_ip": {
      "value": "54.88.124.233",
      "type": "string"
    },
    "public_security_group_id": {
      "value": "sg-0b009a64a630fba03",
      "type": "string"
    },
    "public_subnet_id": {
      "value": "subnet-099acabe7b8c24f76",
      "type": "string"
    },
    "vpc_id": {
      "value": "vpc-0c39923ede1a0f909",
      "type": "string"
    }
  },
  "resources": [
    {
      "mode": "managed",
      "type": "aws_key_pair",
      "name": "TF_key",
      "provider": "provider[\"registry.terraform.io/hashicorp/aws\"]",
      "instances": [
        {
          "schema_version": 1,
          "attributes": {
            "arn": "arn:aws:ec2:us-east-1:533267221494:key-pair/TF_key",
            "fingerprint": "b9:ee:3d:82:8f:b4:30:b4:93:05:9e:2a:7c:63:9c:ef",
            "id": "TF_key",
            "key_name": "TF_key",
            "key_name_prefix": "",
            "key_pair_id": "key-0028167c7142b7668",
            "key_type": "rsa",
            "public_key": "ssh-rsa AAAAB3NzaC1yc2EAAAADAQABAAACAQDFxyOha9Gu6jo+t0E2zVBna9qPA4VdXgzHC+4pRQfWctm+8/p0WCMAWYSAzlkNaB54Q+lm4TmQc8q307ECTBShMan3Fi6zp6rMTRDW3TAljaKoePWBqXCywPGwEINPTL4iK48t19D0+bLxtImjxJlnSfyE2WQGvhixe0WgMa24aX+9oz3epa6kMdELa2eo6MI0sObbh+fLqthIn29fXpuwU/kjSMxfzPWlq/LmT++0ZraNZ4LXXJ46IBoAQnjcbp44mIyyVdW5k0Ed5pL/bueS4u+O8SIBOP7svD3S8Qfes9bpCVtpbw7bZiDhn2PH+aP+NLGC0CtqzZtJ53fHQ+NKl/AA1bi3w23Cjd0KHHM5qHms5wATTX/g6XmlHTPEx7FR60bxXHSHk2iR+2NeN/DFRey/LxqVUPd8qzI30MGPrKWwHD06xSx/HqXrlIwWV6ZmGq6bgfoBDIVoqXhsbifYNQX5Kt4dPj0soZHl6Ds1K9Gde8If7EfGOlbOdU5yu8Hiz28ElEBOFEQCoctMWToeAeAKekwCqilULTCjcBHTonUptpeXtePX5QI9VRFjL6v5CNPZYl2b9TiI1bIoFyi5C6d6Gt2TcaDLsei4byDb7607ZmtseHIdeZV61GsHYQlIKlCM9kNAKkfcCF1Q85IvI1y3bdnTzKsZoJmVEaZn+w==",
            "tags": null,
            "tags_all": {}
          },
          "sensitive_attributes": [],
          "identity_schema_version": 0,
          "private": "eyJzY2hlbWFfdmVyc2lvbiI6IjEifQ==",
          "dependencies": [
            "tls_private_key.rsa"
          ]
        }
      ]
    },
    {
      "mode": "managed",
      "type": "local_file",
      "name": "TF-key",
      "provider": "provider[\"registry.terraform.io/hashicorp/local\"]",
      "instances": [
        {
          "schema_version": 0,
          "attributes": {
            "content": "-----BEGIN RSA PRIVATE KEY-----\nMIIJKAIBAAKCAgEAxccjoWvRruo6PrdBNs1QZ2vajwOFXV4MxwvuKUUH1nLZvvP6\ndFgjAFmEgM5ZDWgeeEPpZuE5kHPKt9OxAkwUoTGp9xYus6eqzE0Q1t0wJY2iqHj1\ngalwssDxsBCDT0y+IiuPLdfQ9Pmy8bSJo8SZZ0n8hNlkBr4YsXtFoDGtuGl/vaM9\n3qWupDHRC2tnqOjCNLDm24fny6rYSJ9vX16bsFP5I0jMX8z1pavy5k/vtGa2jWeC\n11yeOiAaAEJ43G6eOJiMslXVuZNBHeaS/27nkuLvjvEiATj+7Lw90vEH3rPW6Qlb\naW8O22Yg4Z9jx/mj/jSxgtAras2bSed3x0PjSpfwANW4t8Ntwo3dChxzOah5rOcA\nE01/4Ol5pR0zxMexUetG8Vx0h5NokftjXjfwxUXsvy8alVD3fKsyN9DBj6ylsBw9\nOsUsfx6l65SMFlemZhqum4H6AQyFaKl4bG4n2DUF+SreHT49LKGR5eg7NSvRnXvC\nH+xHxjpWznVOcrvB4s9vBJRAThREAqHLTFk6HgHgCnpMAqopVC0wo3AR06J1KbaX\nl7Xj1+UCPVURYy+r+QjT2WJdm/U4iNWyKBcouQunehrdk3Ggy7HouG8g2++tO2Zr\nbHhyHXmVetRrB2EJSCpQjPZDQCpH3AhdUPOSLyNct23Z08yrGaCZlRGmZ/sCAwEA\nAQKCAgABrnyNZuqBKFXI42RwABHJDYx8EM5gQoTJhAXll7XiklbASMaMfLEiKRJ3\nOsnq0ydADr9RZdZkrpWUGzcBSzej6I5Nu2f+6fBfReAHHItyzy5CUDlqmgjEDFF6\no9zbuvjBjIJgJC+53JxP41nbWn9aEyOF82utTTixo2YgQ1aJWIfYEmAGoHzk3g47\nhEpgkA6D/p5kUla4FntyvGdoyvRbtABpD9XzPMvjOX/TUbSsmlRNBe5lMpgQ7AIQ\nJICLPJfDId8jCtB08gfotJ5lWAmAPXENjGoztnWRwX+JEip1E0m0m4iJjJ8vYiWx\nM6GfcjVg25ryxh6PfumX39NlADmLfmyQrQPkBTXhmKbPRyCvUH0OsA4UhZJPNHm9\nvx6WXrw2nrvQAbGowGSn+MMnXJZRHF1IVgCqkZ63ZjfErdQVF51XPKql175DhPD9\nU5skHaPjvpENpcIlkWWN3RVDmyXmvPVduI8H6EKH+FCbDhBQXkjjI0fsQiOHSv+0\ngXvVzf3/iYwNQlLqgLAIBSWAJgwKqqwv5nX5mA7mEUaq2yDsVGe3HVwJHZs0zsOm\nlVMAWk/kGRI5q/L+anyVA5lIS0pr8HTh/ISgJp8eH9onBbFaVTSPjSmB99CDSPoo\n79ovOIaJ2SQObT0mH7W8fFfaWtFbqPHjVToSX4paSAiMqBPLEQKCAQEA9FZJuLqw\nzjRum8TrhimRT6J28wGShLmJ3/ryRW/lAmGyfGActS8x2FtWfNO/CeXvW758bdc3\nVx6wNGzwPU43P3fX0ygu5Pdaf/5rSb1bpJsRxe7EbpxQRb0IFn95NEN7kIv6+rYP\nUFT/RZZeOB4jegz782Gr3aJVArwGTbooZKTsNiSsHDCuGOx5DofC5Pm+MbWxDeW3\nihXoSWjWxShYpKAckNqjmrHZJLNcGUr8qy4cyi6y4ywQiCsC85jnuKSaEhJtCUXy\nsOLAFZ661DqPhS2XDrQlpSS243xyt6Upyry/j55lOQRCuvPreXSl2tFr26tUcru3\nryQAQGlWvK8IuQKCAQEAzzfqJhLWhN0szZ0G4QmYSiwsgkQsGrtDboqXsui1j1d5\nU1eCIhcI7qA7m8DTNqnvLSBpXlVUCx9wTbP4lms23/ALVDZZpQvg8ID9pRlIjpgk\n5zGThmsEWIQ2UiKlI6hiERt/1KQww0kclagAKELzm6ZEpvocovv49rmWJN7J1SLl\njcoaU1Q1oQzJMzWrdHhm8BX5Qn8TuWYCMYtmxQwih5ZHtv/cotUAcwRLN+HO0L7o\n6/Qv3ECjz1GlCnFOMeDrrYCH6FIMzsJL/pSGlXgtvFMWdSSPKfaTSE1X14x0kFXB\nKIxF39i6yA9/gQWL57oPdLhAn+pG3dhYcgfNvak0UwKCAQBFHh+upQkc29IqOFNT\n2XBksZWqelhjOUUaWhesstF6kf52lo2oZ1hXVscpepDBEQ1by4/RVp8uAt1fhy2S\negzA5HrmHajeVmaAbI0XB/zjnIYzkq54h7lhcO7XxmmX8jsDEcYGo/fDBrhLjBTN\nFSF+BixDle6TPLeFlYDG/hEtH0Y+rrMNKmwlWseH57mnIkq+LyKNxtzbsATMt16B\n2T7yGuTZyS+ctBC0BBTahs7g8aNtQjaScsWeb2RfWnK6Vb3LvPChPetARHSH6SX6\noTI2P0ZK/4TiqXce9PZSouMmmawqyWji7ySdVCDZc7jzJGi5dEboSdfVMH7tuZ6y\ns2TpAoIBAQDLfmaUIzXFXoqMFSPXRRvn4z+GYbpKOhI7cSEOUhdSgB2maa5jGens\npTBEgXUqHnHCCC1RtUwGbEZWGGIMHZfTDKGjfohEW8j3hkUQqCan2eOLoxT0EQ5A\nev35ZQp1XPuJP08mnGNCs/69PTGCWFVxSjPrIn2S1Q2mBZTb+mmMxGtX9dwqbu0H\njk3b213X0BGOvpV85tyQ2gtXakVvRr52Fm+w181tnu2FBfd0Fm2Kc6C7bp69lkEH\n7G6+NY0L0IzBYxKUZFctiIMmq+cKy+1mHtZUDaYGGJ6Eh2e3RriFsaEx16ca73Rl\n2UpmgvLkisR45CSapnAXlkktGlrCYXL/AoIBAE9DP/DzzsVnhvIKKaohZuRBZ58B\nGsSU9kic0aAQm+BRsTwoZ74//UehK/bRN329j7JF7BAP+T9nXtxxsE2yjXs1XKhg\nmBO9xRaZ8J/xmxuh5a79ipDQP94hTH2P97D8avwKk6cbi9DUfUe56V+CUA77O18t\n4B83xUcE+zOCl08+PXlM2UQcZNE6tXprN+Xqx0A7D6/CC2LmA/lAIHfMNY5wNHl6\nTRZ8JV6AK6d71gg9VQveKWWRRm1/fsWU6/vxVKGUYcSoNkF8J1GDv5UYWWx3KjNl\nr6Q0o4PGkPDoLXSntKpLV26BT8Yxk+wv3iCNMFMoSbCvZidXvybVr2P0BhQ=\n-----END RSA PRIVATE KEY-----\n",
            "content_base64": null,
            "content_base64sha256": "IpQuD44o2fxEnffWWGyO8pao/IaLdk1LuzJKH8Oj30c=",
            "content_base64sha512": "2UDWdl9S8fHjHF0C/EOYJ5dMjoGYsAimQVRjI750baKdkZJ+OFGXv3bLUu780eJPQmmlY1naBzp8DZK7tyX0Rg==",
            "content_md5": "09f500f1a715e5ffc6937a6b630f3bcd",
            "content_sha1": "426e3f54184901c98f3af99352596e289f42e0be",
            "content_sha256": "22942e0f8e28d9fc449df7d6586c8ef296a8fc868b764d4bbb324a1fc3a3df47",
            "content_sha512": "d940d6765f52f1f1e31c5d02fc439827974c8e8198b008a641546323be746da29d91927e385197bf76cb52eefcd1e24f4269a56359da073a7c0d92bbb725f446",
            "directory_permission": "0777",
            "file_permission": "0777",
            "filename": "tfkey",
            "id": "426e3f54184901c98f3af99352596e289f42e0be",
            "sensitive_content": null,
            "source": null
          },
          "sensitive_attributes": [
            [
              {
                "type": "get_attr",
                "value": "content"
              }
            ],
            [
              {
                "type": "get_attr",
                "value": "sensitive_content"
              }
            ]
          ],
          "identity_schema_version": 0,
          "dependencies": [
            "tls_private_key.rsa"
          ]
        }
      ]
    },
    {
      "mode": "managed",
      "type": "tls_private_key",
      "name": "rsa",
      "provider": "provider[\"registry.terraform.io/hashicorp/tls\"]",
      "instances": [
        {
          "schema_version": 1,
          "attributes": {
            "algorithm": "RSA",
            "ecdsa_curve": "P224",
            "id": "7a6b2d4d207cfdd1aec57983bb8e154d782112e9",
            "private_key_openssh": "-----BEGIN OPENSSH PRIVATE KEY-----\nb3BlbnNzaC1rZXktdjEAAAAABG5vbmUAAAAEbm9uZQAAAAAAAAABAAACFwAAAAdz\nc2gtcnNhAAAAAwEAAQAAAgEAxccjoWvRruo6PrdBNs1QZ2vajwOFXV4MxwvuKUUH\n1nLZvvP6dFgjAFmEgM5ZDWgeeEPpZuE5kHPKt9OxAkwUoTGp9xYus6eqzE0Q1t0w\nJY2iqHj1galwssDxsBCDT0y+IiuPLdfQ9Pmy8bSJo8SZZ0n8hNlkBr4YsXtFoDGt\nuGl/vaM93qWupDHRC2tnqOjCNLDm24fny6rYSJ9vX16bsFP5I0jMX8z1pavy5k/v\ntGa2jWeC11yeOiAaAEJ43G6eOJiMslXVuZNBHeaS/27nkuLvjvEiATj+7Lw90vEH\n3rPW6QlbaW8O22Yg4Z9jx/mj/jSxgtAras2bSed3x0PjSpfwANW4t8Ntwo3dChxz\nOah5rOcAE01/4Ol5pR0zxMexUetG8Vx0h5NokftjXjfwxUXsvy8alVD3fKsyN9DB\nj6ylsBw9OsUsfx6l65SMFlemZhqum4H6AQyFaKl4bG4n2DUF+SreHT49LKGR5eg7\nNSvRnXvCH+xHxjpWznVOcrvB4s9vBJRAThREAqHLTFk6HgHgCnpMAqopVC0wo3AR\n06J1KbaXl7Xj1+UCPVURYy+r+QjT2WJdm/U4iNWyKBcouQunehrdk3Ggy7HouG8g\n2++tO2ZrbHhyHXmVetRrB2EJSCpQjPZDQCpH3AhdUPOSLyNct23Z08yrGaCZlRGm\nZ/sAAAc4TKGkGEyhpBgAAAAHc3NoLXJzYQAAAgEAxccjoWvRruo6PrdBNs1QZ2va\njwOFXV4MxwvuKUUH1nLZvvP6dFgjAFmEgM5ZDWgeeEPpZuE5kHPKt9OxAkwUoTGp\n9xYus6eqzE0Q1t0wJY2iqHj1galwssDxsBCDT0y+IiuPLdfQ9Pmy8bSJo8SZZ0n8\nhNlkBr4YsXtFoDGtuGl/vaM93qWupDHRC2tnqOjCNLDm24fny6rYSJ9vX16bsFP5\nI0jMX8z1pavy5k/vtGa2jWeC11yeOiAaAEJ43G6eOJiMslXVuZNBHeaS/27nkuLv\njvEiATj+7Lw90vEH3rPW6QlbaW8O22Yg4Z9jx/mj/jSxgtAras2bSed3x0PjSpfw\nANW4t8Ntwo3dChxzOah5rOcAE01/4Ol5pR0zxMexUetG8Vx0h5NokftjXjfwxUXs\nvy8alVD3fKsyN9DBj6ylsBw9OsUsfx6l65SMFlemZhqum4H6AQyFaKl4bG4n2DUF\n+SreHT49LKGR5eg7NSvRnXvCH+xHxjpWznVOcrvB4s9vBJRAThREAqHLTFk6HgHg\nCnpMAqopVC0wo3AR06J1KbaXl7Xj1+UCPVURYy+r+QjT2WJdm/U4iNWyKBcouQun\nehrdk3Ggy7HouG8g2++tO2ZrbHhyHXmVetRrB2EJSCpQjPZDQCpH3AhdUPOSLyNc\nt23Z08yrGaCZlRGmZ/sAAAADAQABAAACAAGufI1m6oEoVcjjZHAAEckNjHwQzmBC\nhMmEBeWXteKSVsBIxox8sSIpEnc6yerTJ0AOv1Fl1mSulZQbNwFLN6Pojk27Z/7p\n8F9F4Acci3LPLkJQOWqaCMQMUXqj3Nu6+MGMgmAkL7ncnE/jWdtaf1oTI4Xza61N\nOLGjZiBDVolYh9gSYAagfOTeDjuESmCQDoP+nmRSVrgWe3K8Z2jK9Fu0AGkP1fM8\ny+M5f9NRtKyaVE0F7mUymBDsAhAkgIs8l8Mh3yMK0HTyB+i0nmVYCYA9cQ2MajO2\ndZHBf4kSKnUTSbSbiImMny9iJbEzoZ9yNWDbmvLGHo9+6Zff02UAOYt+bJCtA+QF\nNeGYps9HIK9QfQ6wDhSFkk80eb2/HpZevDaeu9ABsajAZKf4wydcllEcXUhWAKqR\nnrdmN8St1BUXnVc8qqXXvkOE8P1TmyQdo+O+kQ2lwiWRZY3dFUObJea89V24jwfo\nQof4UJsOEFBeSOMjR+xCI4dK/7SBe9XN/f+JjA1CUuqAsAgFJYAmDAqqrC/mdfmY\nDuYRRqrbIOxUZ7cdXAkdmzTOw6aVUwBaT+QZEjmr8v5qfJUDmUhLSmvwdOH8hKAm\nnx4f2icFsVpVNI+NKYH30INI+ijv2i84honZJA5tPSYftbx8V9pa0Vuo8eNVOhJf\nilpICIyoE8sRAAABAE9DP/DzzsVnhvIKKaohZuRBZ58BGsSU9kic0aAQm+BRsTwo\nZ74//UehK/bRN329j7JF7BAP+T9nXtxxsE2yjXs1XKhgmBO9xRaZ8J/xmxuh5a79\nipDQP94hTH2P97D8avwKk6cbi9DUfUe56V+CUA77O18t4B83xUcE+zOCl08+PXlM\n2UQcZNE6tXprN+Xqx0A7D6/CC2LmA/lAIHfMNY5wNHl6TRZ8JV6AK6d71gg9VQve\nKWWRRm1/fsWU6/vxVKGUYcSoNkF8J1GDv5UYWWx3KjNlr6Q0o4PGkPDoLXSntKpL\nV26BT8Yxk+wv3iCNMFMoSbCvZidXvybVr2P0BhQAAAEBAPRWSbi6sM40bpvE64Yp\nkU+idvMBkoS5id/68kVv5QJhsnxgHLUvMdhbVnzTvwnl71u+fG3XN1cesDRs8D1O\nNz9319MoLuT3Wn/+a0m9W6SbEcXuxG6cUEW9CBZ/eTRDe5CL+vq2D1BU/0WWXjge\nI3oM+/Nhq92iVQK8Bk26KGSk7DYkrBwwrhjseQ6HwuT5vjG1sQ3lt4oV6Elo1sUo\nWKSgHJDao5qx2SSzXBlK/KsuHMousuMsEIgrAvOY57ikmhISbQlF8rDiwBWeutQ6\nj4Utlw60JaUktuN8crelKcq8v4+eZTkEQrrz63l0pdrRa9urVHK7t68kAEBpVryv\nCLkAAAEBAM836iYS1oTdLM2dBuEJmEosLIJELBq7Q26Kl7LotY9XeVNXgiIXCO6g\nO5vA0zap7y0gaV5VVAsfcE2z+JZrNt/wC1Q2WaUL4PCA/aUZSI6YJOcxk4ZrBFiE\nNlIipSOoYhEbf9SkMMNJHJWoAChC85umRKb6HKL7+Pa5liTeydUi5Y3KGlNUNaEM\nyTM1q3R4ZvAV+UJ/E7lmAjGLZsUMIoeWR7b/3KLVAHMESzfhztC+6Ov0L9xAo89R\npQpxTjHg662Ah+hSDM7CS/6UhpV4LbxTFnUkjyn2k0hNV9eMdJBVwSiMRd/YusgP\nf4EFi+e6D3S4QJ/qRt3YWHIHzb2pNFMAAAAAAQID\n-----END OPENSSH PRIVATE KEY-----\n",
            "private_key_pem": "-----BEGIN RSA PRIVATE KEY-----\nMIIJKAIBAAKCAgEAxccjoWvRruo6PrdBNs1QZ2vajwOFXV4MxwvuKUUH1nLZvvP6\ndFgjAFmEgM5ZDWgeeEPpZuE5kHPKt9OxAkwUoTGp9xYus6eqzE0Q1t0wJY2iqHj1\ngalwssDxsBCDT0y+IiuPLdfQ9Pmy8bSJo8SZZ0n8hNlkBr4YsXtFoDGtuGl/vaM9\n3qWupDHRC2tnqOjCNLDm24fny6rYSJ9vX16bsFP5I0jMX8z1pavy5k/vtGa2jWeC\n11yeOiAaAEJ43G6eOJiMslXVuZNBHeaS/27nkuLvjvEiATj+7Lw90vEH3rPW6Qlb\naW8O22Yg4Z9jx/mj/jSxgtAras2bSed3x0PjSpfwANW4t8Ntwo3dChxzOah5rOcA\nE01/4Ol5pR0zxMexUetG8Vx0h5NokftjXjfwxUXsvy8alVD3fKsyN9DBj6ylsBw9\nOsUsfx6l65SMFlemZhqum4H6AQyFaKl4bG4n2DUF+SreHT49LKGR5eg7NSvRnXvC\nH+xHxjpWznVOcrvB4s9vBJRAThREAqHLTFk6HgHgCnpMAqopVC0wo3AR06J1KbaX\nl7Xj1+UCPVURYy+r+QjT2WJdm/U4iNWyKBcouQunehrdk3Ggy7HouG8g2++tO2Zr\nbHhyHXmVetRrB2EJSCpQjPZDQCpH3AhdUPOSLyNct23Z08yrGaCZlRGmZ/sCAwEA\nAQKCAgABrnyNZuqBKFXI42RwABHJDYx8EM5gQoTJhAXll7XiklbASMaMfLEiKRJ3\nOsnq0ydADr9RZdZkrpWUGzcBSzej6I5Nu2f+6fBfReAHHItyzy5CUDlqmgjEDFF6\no9zbuvjBjIJgJC+53JxP41nbWn9aEyOF82utTTixo2YgQ1aJWIfYEmAGoHzk3g47\nhEpgkA6D/p5kUla4FntyvGdoyvRbtABpD9XzPMvjOX/TUbSsmlRNBe5lMpgQ7AIQ\nJICLPJfDId8jCtB08gfotJ5lWAmAPXENjGoztnWRwX+JEip1E0m0m4iJjJ8vYiWx\nM6GfcjVg25ryxh6PfumX39NlADmLfmyQrQPkBTXhmKbPRyCvUH0OsA4UhZJPNHm9\nvx6WXrw2nrvQAbGowGSn+MMnXJZRHF1IVgCqkZ63ZjfErdQVF51XPKql175DhPD9\nU5skHaPjvpENpcIlkWWN3RVDmyXmvPVduI8H6EKH+FCbDhBQXkjjI0fsQiOHSv+0\ngXvVzf3/iYwNQlLqgLAIBSWAJgwKqqwv5nX5mA7mEUaq2yDsVGe3HVwJHZs0zsOm\nlVMAWk/kGRI5q/L+anyVA5lIS0pr8HTh/ISgJp8eH9onBbFaVTSPjSmB99CDSPoo\n79ovOIaJ2SQObT0mH7W8fFfaWtFbqPHjVToSX4paSAiMqBPLEQKCAQEA9FZJuLqw\nzjRum8TrhimRT6J28wGShLmJ3/ryRW/lAmGyfGActS8x2FtWfNO/CeXvW758bdc3\nVx6wNGzwPU43P3fX0ygu5Pdaf/5rSb1bpJsRxe7EbpxQRb0IFn95NEN7kIv6+rYP\nUFT/RZZeOB4jegz782Gr3aJVArwGTbooZKTsNiSsHDCuGOx5DofC5Pm+MbWxDeW3\nihXoSWjWxShYpKAckNqjmrHZJLNcGUr8qy4cyi6y4ywQiCsC85jnuKSaEhJtCUXy\nsOLAFZ661DqPhS2XDrQlpSS243xyt6Upyry/j55lOQRCuvPreXSl2tFr26tUcru3\nryQAQGlWvK8IuQKCAQEAzzfqJhLWhN0szZ0G4QmYSiwsgkQsGrtDboqXsui1j1d5\nU1eCIhcI7qA7m8DTNqnvLSBpXlVUCx9wTbP4lms23/ALVDZZpQvg8ID9pRlIjpgk\n5zGThmsEWIQ2UiKlI6hiERt/1KQww0kclagAKELzm6ZEpvocovv49rmWJN7J1SLl\njcoaU1Q1oQzJMzWrdHhm8BX5Qn8TuWYCMYtmxQwih5ZHtv/cotUAcwRLN+HO0L7o\n6/Qv3ECjz1GlCnFOMeDrrYCH6FIMzsJL/pSGlXgtvFMWdSSPKfaTSE1X14x0kFXB\nKIxF39i6yA9/gQWL57oPdLhAn+pG3dhYcgfNvak0UwKCAQBFHh+upQkc29IqOFNT\n2XBksZWqelhjOUUaWhesstF6kf52lo2oZ1hXVscpepDBEQ1by4/RVp8uAt1fhy2S\negzA5HrmHajeVmaAbI0XB/zjnIYzkq54h7lhcO7XxmmX8jsDEcYGo/fDBrhLjBTN\nFSF+BixDle6TPLeFlYDG/hEtH0Y+rrMNKmwlWseH57mnIkq+LyKNxtzbsATMt16B\n2T7yGuTZyS+ctBC0BBTahs7g8aNtQjaScsWeb2RfWnK6Vb3LvPChPetARHSH6SX6\noTI2P0ZK/4TiqXce9PZSouMmmawqyWji7ySdVCDZc7jzJGi5dEboSdfVMH7tuZ6y\ns2TpAoIBAQDLfmaUIzXFXoqMFSPXRRvn4z+GYbpKOhI7cSEOUhdSgB2maa5jGens\npTBEgXUqHnHCCC1RtUwGbEZWGGIMHZfTDKGjfohEW8j3hkUQqCan2eOLoxT0EQ5A\nev35ZQp1XPuJP08mnGNCs/69PTGCWFVxSjPrIn2S1Q2mBZTb+mmMxGtX9dwqbu0H\njk3b213X0BGOvpV85tyQ2gtXakVvRr52Fm+w181tnu2FBfd0Fm2Kc6C7bp69lkEH\n7G6+NY0L0IzBYxKUZFctiIMmq+cKy+1mHtZUDaYGGJ6Eh2e3RriFsaEx16ca73Rl\n2UpmgvLkisR45CSapnAXlkktGlrCYXL/AoIBAE9DP/DzzsVnhvIKKaohZuRBZ58B\nGsSU9kic0aAQm+BRsTwoZ74//UehK/bRN329j7JF7BAP+T9nXtxxsE2yjXs1XKhg\nmBO9xRaZ8J/xmxuh5a79ipDQP94hTH2P97D8avwKk6cbi9DUfUe56V+CUA77O18t\n4B83xUcE+zOCl08+PXlM2UQcZNE6tXprN+Xqx0A7D6/CC2LmA/lAIHfMNY5wNHl6\nTRZ8JV6AK6d71gg9VQveKWWRRm1/fsWU6/vxVKGUYcSoNkF8J1GDv5UYWWx3KjNl\nr6Q0o4PGkPDoLXSntKpLV26BT8Yxk+wv3iCNMFMoSbCvZidXvybVr2P0BhQ=\n-----END RSA PRIVATE KEY-----\n",
            "private_key_pem_pkcs8": "-----BEGIN PRIVATE KEY-----\nMIIJQgIBADANBgkqhkiG9w0BAQEFAASCCSwwggkoAgEAAoICAQDFxyOha9Gu6jo+\nt0E2zVBna9qPA4VdXgzHC+4pRQfWctm+8/p0WCMAWYSAzlkNaB54Q+lm4TmQc8q3\n07ECTBShMan3Fi6zp6rMTRDW3TAljaKoePWBqXCywPGwEINPTL4iK48t19D0+bLx\ntImjxJlnSfyE2WQGvhixe0WgMa24aX+9oz3epa6kMdELa2eo6MI0sObbh+fLqthI\nn29fXpuwU/kjSMxfzPWlq/LmT++0ZraNZ4LXXJ46IBoAQnjcbp44mIyyVdW5k0Ed\n5pL/bueS4u+O8SIBOP7svD3S8Qfes9bpCVtpbw7bZiDhn2PH+aP+NLGC0CtqzZtJ\n53fHQ+NKl/AA1bi3w23Cjd0KHHM5qHms5wATTX/g6XmlHTPEx7FR60bxXHSHk2iR\n+2NeN/DFRey/LxqVUPd8qzI30MGPrKWwHD06xSx/HqXrlIwWV6ZmGq6bgfoBDIVo\nqXhsbifYNQX5Kt4dPj0soZHl6Ds1K9Gde8If7EfGOlbOdU5yu8Hiz28ElEBOFEQC\noctMWToeAeAKekwCqilULTCjcBHTonUptpeXtePX5QI9VRFjL6v5CNPZYl2b9TiI\n1bIoFyi5C6d6Gt2TcaDLsei4byDb7607ZmtseHIdeZV61GsHYQlIKlCM9kNAKkfc\nCF1Q85IvI1y3bdnTzKsZoJmVEaZn+wIDAQABAoICAAGufI1m6oEoVcjjZHAAEckN\njHwQzmBChMmEBeWXteKSVsBIxox8sSIpEnc6yerTJ0AOv1Fl1mSulZQbNwFLN6Po\njk27Z/7p8F9F4Acci3LPLkJQOWqaCMQMUXqj3Nu6+MGMgmAkL7ncnE/jWdtaf1oT\nI4Xza61NOLGjZiBDVolYh9gSYAagfOTeDjuESmCQDoP+nmRSVrgWe3K8Z2jK9Fu0\nAGkP1fM8y+M5f9NRtKyaVE0F7mUymBDsAhAkgIs8l8Mh3yMK0HTyB+i0nmVYCYA9\ncQ2MajO2dZHBf4kSKnUTSbSbiImMny9iJbEzoZ9yNWDbmvLGHo9+6Zff02UAOYt+\nbJCtA+QFNeGYps9HIK9QfQ6wDhSFkk80eb2/HpZevDaeu9ABsajAZKf4wydcllEc\nXUhWAKqRnrdmN8St1BUXnVc8qqXXvkOE8P1TmyQdo+O+kQ2lwiWRZY3dFUObJea8\n9V24jwfoQof4UJsOEFBeSOMjR+xCI4dK/7SBe9XN/f+JjA1CUuqAsAgFJYAmDAqq\nrC/mdfmYDuYRRqrbIOxUZ7cdXAkdmzTOw6aVUwBaT+QZEjmr8v5qfJUDmUhLSmvw\ndOH8hKAmnx4f2icFsVpVNI+NKYH30INI+ijv2i84honZJA5tPSYftbx8V9pa0Vuo\n8eNVOhJfilpICIyoE8sRAoIBAQD0Vkm4urDONG6bxOuGKZFPonbzAZKEuYnf+vJF\nb+UCYbJ8YBy1LzHYW1Z8078J5e9bvnxt1zdXHrA0bPA9Tjc/d9fTKC7k91p//mtJ\nvVukmxHF7sRunFBFvQgWf3k0Q3uQi/r6tg9QVP9Fll44HiN6DPvzYavdolUCvAZN\nuihkpOw2JKwcMK4Y7HkOh8Lk+b4xtbEN5beKFehJaNbFKFikoByQ2qOasdkks1wZ\nSvyrLhzKLrLjLBCIKwLzmOe4pJoSEm0JRfKw4sAVnrrUOo+FLZcOtCWlJLbjfHK3\npSnKvL+PnmU5BEK68+t5dKXa0Wvbq1Ryu7evJABAaVa8rwi5AoIBAQDPN+omEtaE\n3SzNnQbhCZhKLCyCRCwau0Nuipey6LWPV3lTV4IiFwjuoDubwNM2qe8tIGleVVQL\nH3BNs/iWazbf8AtUNlmlC+DwgP2lGUiOmCTnMZOGawRYhDZSIqUjqGIRG3/UpDDD\nSRyVqAAoQvObpkSm+hyi+/j2uZYk3snVIuWNyhpTVDWhDMkzNat0eGbwFflCfxO5\nZgIxi2bFDCKHlke2/9yi1QBzBEs34c7Qvujr9C/cQKPPUaUKcU4x4OutgIfoUgzO\nwkv+lIaVeC28UxZ1JI8p9pNITVfXjHSQVcEojEXf2LrID3+BBYvnug90uECf6kbd\n2FhyB829qTRTAoIBAEUeH66lCRzb0io4U1PZcGSxlap6WGM5RRpaF6yy0XqR/naW\njahnWFdWxyl6kMERDVvLj9FWny4C3V+HLZJ6DMDkeuYdqN5WZoBsjRcH/OOchjOS\nrniHuWFw7tfGaZfyOwMRxgaj98MGuEuMFM0VIX4GLEOV7pM8t4WVgMb+ES0fRj6u\nsw0qbCVax4fnuaciSr4vIo3G3NuwBMy3XoHZPvIa5NnJL5y0ELQEFNqGzuDxo21C\nNpJyxZ5vZF9acrpVvcu88KE960BEdIfpJfqhMjY/Rkr/hOKpdx709lKi4yaZrCrJ\naOLvJJ1UINlzuPMkaLl0RuhJ19Uwfu25nrKzZOkCggEBAMt+ZpQjNcVeiowVI9dF\nG+fjP4Zhuko6EjtxIQ5SF1KAHaZprmMZ6eylMESBdSoeccIILVG1TAZsRlYYYgwd\nl9MMoaN+iERbyPeGRRCoJqfZ44ujFPQRDkB6/fllCnVc+4k/TyacY0Kz/r09MYJY\nVXFKM+sifZLVDaYFlNv6aYzEa1f13Cpu7QeOTdvbXdfQEY6+lXzm3JDaC1dqRW9G\nvnYWb7DXzW2e7YUF93QWbYpzoLtunr2WQQfsbr41jQvQjMFjEpRkVy2Igyar5wrL\n7WYe1lQNpgYYnoSHZ7dGuIWxoTHXpxrvdGXZSmaC8uSKxHjkJJqmcBeWSS0aWsJh\ncv8CggEAT0M/8PPOxWeG8gopqiFm5EFnnwEaxJT2SJzRoBCb4FGxPChnvj/9R6Er\n9tE3fb2PskXsEA/5P2de3HGwTbKNezVcqGCYE73FFpnwn/GbG6Hlrv2KkNA/3iFM\nfY/3sPxq/AqTpxuL0NR9R7npX4JQDvs7Xy3gHzfFRwT7M4KXTz49eUzZRBxk0Tq1\nems35erHQDsPr8ILYuYD+UAgd8w1jnA0eXpNFnwlXoArp3vWCD1VC94pZZFGbX9+\nxZTr+/FUoZRhxKg2QXwnUYO/lRhZbHcqM2WvpDSjg8aQ8OgtdKe0qktXboFPxjGT\n7C/eII0wUyhJsK9mJ1e/JtWvY/QGFA==\n-----END PRIVATE KEY-----\n",
            "public_key_fingerprint_md5": "3f:3c:8d:6d:77:46:4b:e2:b7:64:dc:26:30:dc:c4:99",
            "public_key_fingerprint_sha256": "SHA256:xIt8iX/VisSqG/ywEyJFMJNYByuFSw79wCVLDHFPg+0",
            "public_key_openssh": "ssh-rsa AAAAB3NzaC1yc2EAAAADAQABAAACAQDFxyOha9Gu6jo+t0E2zVBna9qPA4VdXgzHC+4pRQfWctm+8/p0WCMAWYSAzlkNaB54Q+lm4TmQc8q307ECTBShMan3Fi6zp6rMTRDW3TAljaKoePWBqXCywPGwEINPTL4iK48t19D0+bLxtImjxJlnSfyE2WQGvhixe0WgMa24aX+9oz3epa6kMdELa2eo6MI0sObbh+fLqthIn29fXpuwU/kjSMxfzPWlq/LmT++0ZraNZ4LXXJ46IBoAQnjcbp44mIyyVdW5k0Ed5pL/bueS4u+O8SIBOP7svD3S8Qfes9bpCVtpbw7bZiDhn2PH+aP+NLGC0CtqzZtJ53fHQ+NKl/AA1bi3w23Cjd0KHHM5qHms5wATTX/g6XmlHTPEx7FR60bxXHSHk2iR+2NeN/DFRey/LxqVUPd8qzI30MGPrKWwHD06xSx/HqXrlIwWV6ZmGq6bgfoBDIVoqXhsbifYNQX5Kt4dPj0soZHl6Ds1K9Gde8If7EfGOlbOdU5yu8Hiz28ElEBOFEQCoctMWToeAeAKekwCqilULTCjcBHTonUptpeXtePX5QI9VRFjL6v5CNPZYl2b9TiI1bIoFyi5C6d6Gt2TcaDLsei4byDb7607ZmtseHIdeZV61GsHYQlIKlCM9kNAKkfcCF1Q85IvI1y3bdnTzKsZoJmVEaZn+w==\n",
            "public_key_pem": "-----BEGIN PUBLIC KEY-----\nMIICIjANBgkqhkiG9w0BAQEFAAOCAg8AMIICCgKCAgEAxccjoWvRruo6PrdBNs1Q\nZ2vajwOFXV4MxwvuKUUH1nLZvvP6dFgjAFmEgM5ZDWgeeEPpZuE5kHPKt9OxAkwU\noTGp9xYus6eqzE0Q1t0wJY2iqHj1galwssDxsBCDT0y+IiuPLdfQ9Pmy8bSJo8SZ\nZ0n8hNlkBr4YsXtFoDGtuGl/vaM93qWupDHRC2tnqOjCNLDm24fny6rYSJ9vX16b\nsFP5I0jMX8z1pavy5k/vtGa2jWeC11yeOiAaAEJ43G6eOJiMslXVuZNBHeaS/27n\nkuLvjvEiATj+7Lw90vEH3rPW6QlbaW8O22Yg4Z9jx/mj/jSxgtAras2bSed3x0Pj\nSpfwANW4t8Ntwo3dChxzOah5rOcAE01/4Ol5pR0zxMexUetG8Vx0h5NokftjXjfw\nxUXsvy8alVD3fKsyN9DBj6ylsBw9OsUsfx6l65SMFlemZhqum4H6AQyFaKl4bG4n\n2DUF+SreHT49LKGR5eg7NSvRnXvCH+xHxjpWznVOcrvB4s9vBJRAThREAqHLTFk6\nHgHgCnpMAqopVC0wo3AR06J1KbaXl7Xj1+UCPVURYy+r+QjT2WJdm/U4iNWyKBco\nuQunehrdk3Ggy7HouG8g2++tO2ZrbHhyHXmVetRrB2EJSCpQjPZDQCpH3AhdUPOS\nLyNct23Z08yrGaCZlRGmZ/sCAwEAAQ==\n-----END PUBLIC KEY-----\n",
            "rsa_bits": 4096
          },
          "sensitive_attributes": [
            [
              {
                "type": "get_attr",
                "value": "private_key_openssh"
              }
            ],
            [
              {
                "type": "get_attr",
                "value": "private_key_pem"
              }
            ],
            [
              {
                "type": "get_attr",
                "value": "private_key_pem_pkcs8"
              }
            ]
          ],
          "identity_schema_version": 0
        }
      ]
    },
    {
      "module": "module.ec2",
      "mode": "managed",
      "type": "aws_instance",
      "name": "private_instance",
      "provider": "provider[\"registry.terraform.io/hashicorp/aws\"]",
      "instances": [
        {
          "schema_version": 1,
          "attributes": {
            "ami": "ami-0ecb62995f68bb549",
            "arn": "arn:aws:ec2:us-east-1:533267221494:instance/i-0934cdecb8157b76c",
            "associate_public_ip_address": false,
            "availability_zone": "us-east-1b",
            "capacity_reservation_specification": [
              {
                "capacity_reservation_preference": "open",
                "capacity_reservation_target": []
              }
            ],
            "cpu_core_count": 1,
            "cpu_options": [
              {
                "amd_sev_snp": "",
                "core_count": 1,
                "threads_per_core": 2
              }
            ],
            "cpu_threads_per_core": 2,
            "credit_specification": [
              {
                "cpu_credits": "unlimited"
              }
            ],
            "disable_api_stop": false,
            "disable_api_termination": false,
            "ebs_block_device": [],
            "ebs_optimized": false,
            "enable_primary_ipv6": null,
            "enclave_options": [
              {
                "enabled": false
              }
            ],
            "ephemeral_block_device": [],
            "get_password_data": false,
            "hibernation": false,
            "host_id": "",
            "host_resource_group_arn": null,
            "iam_instance_profile": "",
            "id": "i-0934cdecb8157b76c",
            "instance_initiated_shutdown_behavior": "stop",
            "instance_lifecycle": "",
            "instance_market_options": [],
            "instance_state": "running",
            "instance_type": "t3.small",
            "ipv6_address_count": 0,
            "ipv6_addresses": [],
            "key_name": "vockey",
            "launch_template": [],
            "maintenance_options": [
              {
                "auto_recovery": "default"
              }
            ],
            "metadata_options": [
              {
                "http_endpoint": "enabled",
                "http_protocol_ipv6": "disabled",
                "http_put_response_hop_limit": 2,
                "http_tokens": "required",
                "instance_metadata_tags": "disabled"
              }
            ],
            "monitoring": false,
            "network_interface": [],
            "outpost_arn": "",
            "password_data": "",
            "placement_group": "",
            "placement_partition_number": 0,
            "primary_network_interface_id": "eni-0de4bb13816b3308c",
            "private_dns": "ip-10-0-2-74.ec2.internal",
            "private_dns_name_options": [
              {
                "enable_resource_name_dns_a_record": false,
                "enable_resource_name_dns_aaaa_record": false,
                "hostname_type": "ip-name"
              }
            ],
            "private_ip": "10.0.2.74",
            "public_dns": "",
            "public_ip": "",
            "root_block_device": [
              {
                "delete_on_termination": true,
                "device_name": "/dev/sda1",
                "encrypted": false,
                "iops": 3000,
                "kms_key_id": "",
                "tags": {},
                "tags_all": {},
                "throughput": 125,
                "volume_id": "vol-0aeb897e85c04af1e",
                "volume_size": 8,
                "volume_type": "gp3"
              }
            ],
            "secondary_private_ips": [],
            "security_groups": [],
            "source_dest_check": true,
            "spot_instance_request_id": "",
            "subnet_id": "subnet-0b90538177ca0c906",
            "tags": {
              "Name": "Private_instance"
            },
            "tags_all": {
              "Name": "Private_instance"
            },
            "tenancy": "default",
            "timeouts": null,
            "user_data": null,
            "user_data_base64": null,
            "user_data_replace_on_change": false,
            "volume_tags": null,
            "vpc_security_group_ids": [
              "sg-02495c1fa5abd5727"
            ]
          },
          "sensitive_attributes": [],
          "identity_schema_version": 0,
          "private": "eyJlMmJmYjczMC1lY2FhLTExZTYtOGY4OC0zNDM2M2JjN2M0YzAiOnsiY3JlYXRlIjo2MDAwMDAwMDAwMDAsImRlbGV0ZSI6MTIwMDAwMDAwMDAwMCwicmVhZCI6OTAwMDAwMDAwMDAwLCJ1cGRhdGUiOjYwMDAwMDAwMDAwMH0sInNjaGVtYV92ZXJzaW9uIjoiMSJ9",
          "dependencies": [
            "module.security_group.aws_security_group.private_security_group",
            "module.security_group.aws_security_group.public_security_group",
            "module.vpc.aws_subnet.private_subnet",
            "module.vpc.aws_vpc.vpc",
            "module.vpc.data.aws_availability_zones.available"
          ]
        }
      ]
    },
    {
      "module": "module.ec2",
      "mode": "managed",
      "type": "aws_instance",
      "name": "public_instance",
      "provider": "provider[\"registry.terraform.io/hashicorp/aws\"]",
      "instances": [
        {
          "schema_version": 1,
          "attributes": {
            "ami": "ami-0ecb62995f68bb549",
            "arn": "arn:aws:ec2:us-east-1:533267221494:instance/i-02458a31584649df0",
            "associate_public_ip_address": true,
            "availability_zone": "us-east-1a",
            "capacity_reservation_specification": [
              {
                "capacity_reservation_preference": "open",
                "capacity_reservation_target": []
              }
            ],
            "cpu_core_count": 1,
            "cpu_options": [
              {
                "amd_sev_snp": "",
                "core_count": 1,
                "threads_per_core": 2
              }
            ],
            "cpu_threads_per_core": 2,
            "credit_specification": [
              {
                "cpu_credits": "unlimited"
              }
            ],
            "disable_api_stop": false,
            "disable_api_termination": false,
            "ebs_block_device": [],
            "ebs_optimized": false,
            "enable_primary_ipv6": null,
            "enclave_options": [
              {
                "enabled": false
              }
            ],
            "ephemeral_block_device": [],
            "get_password_data": false,
            "hibernation": false,
            "host_id": "",
            "host_resource_group_arn": null,
            "iam_instance_profile": "",
            "id": "i-02458a31584649df0",
            "instance_initiated_shutdown_behavior": "stop",
            "instance_lifecycle": "",
            "instance_market_options": [],
            "instance_state": "running",
            "instance_type": "t3.small",
            "ipv6_address_count": 0,
            "ipv6_addresses": [],
            "key_name": "vockey",
            "launch_template": [],
            "maintenance_options": [
              {
                "auto_recovery": "default"
              }
            ],
            "metadata_options": [
              {
                "http_endpoint": "enabled",
                "http_protocol_ipv6": "disabled",
                "http_put_response_hop_limit": 2,
                "http_tokens": "required",
                "instance_metadata_tags": "disabled"
              }
            ],
            "monitoring": false,
            "network_interface": [],
            "outpost_arn": "",
            "password_data": "",
            "placement_group": "",
            "placement_partition_number": 0,
            "primary_network_interface_id": "eni-0840d3263499716c4",
            "private_dns": "ip-10-0-1-35.ec2.internal",
            "private_dns_name_options": [
              {
                "enable_resource_name_dns_a_record": false,
                "enable_resource_name_dns_aaaa_record": false,
                "hostname_type": "ip-name"
              }
            ],
            "private_ip": "10.0.1.35",
            "public_dns": "",
            "public_ip": "54.88.124.233",
            "root_block_device": [
              {
                "delete_on_termination": true,
                "device_name": "/dev/sda1",
                "encrypted": false,
                "iops": 3000,
                "kms_key_id": "",
                "tags": {},
                "tags_all": {},
                "throughput": 125,
                "volume_id": "vol-0630ede1f8a6726d0",
                "volume_size": 8,
                "volume_type": "gp3"
              }
            ],
            "secondary_private_ips": [],
            "security_groups": [],
            "source_dest_check": true,
            "spot_instance_request_id": "",
            "subnet_id": "subnet-099acabe7b8c24f76",
            "tags": {
              "Name": "Public_instance"
            },
            "tags_all": {
              "Name": "Public_instance"
            },
            "tenancy": "default",
            "timeouts": null,
            "user_data": null,
            "user_data_base64": null,
            "user_data_replace_on_change": false,
            "volume_tags": null,
            "vpc_security_group_ids": [
              "sg-0b009a64a630fba03"
            ]
          },
          "sensitive_attributes": [],
          "identity_schema_version": 0,
          "private": "eyJlMmJmYjczMC1lY2FhLTExZTYtOGY4OC0zNDM2M2JjN2M0YzAiOnsiY3JlYXRlIjo2MDAwMDAwMDAwMDAsImRlbGV0ZSI6MTIwMDAwMDAwMDAwMCwicmVhZCI6OTAwMDAwMDAwMDAwLCJ1cGRhdGUiOjYwMDAwMDAwMDAwMH0sInNjaGVtYV92ZXJzaW9uIjoiMSJ9",
          "dependencies": [
            "module.security_group.aws_security_group.public_security_group",
            "module.vpc.aws_subnet.public_subnet",
            "module.vpc.aws_vpc.vpc",
            "module.vpc.data.aws_availability_zones.available"
          ]
        }
      ]
    },
    {
      "module": "module.nat_gateway",
      "mode": "managed",
      "type": "aws_eip",
      "name": "eip",
      "provider": "provider[\"registry.terraform.io/hashicorp/aws\"]",
      "instances": [
        {
          "schema_version": 0,
          "attributes": {
            "address": null,
            "allocation_id": "eipalloc-0966b157b7620aeae",
            "arn": "arn:aws:ec2:us-east-1:533267221494:elastic-ip/eipalloc-0966b157b7620aeae",
            "associate_with_private_ip": null,
            "association_id": "",
            "carrier_ip": "",
            "customer_owned_ip": "",
            "customer_owned_ipv4_pool": "",
            "domain": "vpc",
            "id": "eipalloc-0966b157b7620aeae",
            "instance": "",
            "ipam_pool_id": null,
            "network_border_group": "us-east-1",
            "network_interface": "",
            "private_dns": null,
            "private_ip": "",
            "ptr_record": "",
            "public_dns": "ec2-3-231-70-205.compute-1.amazonaws.com",
            "public_ip": "3.231.70.205",
            "public_ipv4_pool": "amazon",
            "tags": {
              "name": "Eip"
            },
            "tags_all": {
              "name": "Eip"
            },
            "timeouts": null,
            "vpc": true
          },
          "sensitive_attributes": [],
          "identity_schema_version": 0,
          "private": "eyJlMmJmYjczMC1lY2FhLTExZTYtOGY4OC0zNDM2M2JjN2M0YzAiOnsiZGVsZXRlIjoxODAwMDAwMDAwMDAsInJlYWQiOjkwMDAwMDAwMDAwMCwidXBkYXRlIjozMDAwMDAwMDAwMDB9fQ=="
        }
      ]
    },
    {
      "module": "module.nat_gateway",
      "mode": "managed",
      "type": "aws_nat_gateway",
      "name": "nat_gw",
      "provider": "provider[\"registry.terraform.io/hashicorp/aws\"]",
      "instances": [
        {
          "schema_version": 0,
          "attributes": {
            "allocation_id": "eipalloc-0966b157b7620aeae",
            "association_id": "eipassoc-01352e4b959f448ef",
            "connectivity_type": "public",
            "id": "nat-0b215fde48b8974f8",
            "network_interface_id": "eni-082cbbd058483b93d",
            "private_ip": "10.0.1.196",
            "public_ip": "3.231.70.205",
            "secondary_allocation_ids": null,
            "secondary_private_ip_address_count": 0,
            "secondary_private_ip_addresses": [],
            "subnet_id": "subnet-099acabe7b8c24f76",
            "tags": {
              "Name": "Nat_gateway"
            },
            "tags_all": {
              "Name": "Nat_gateway"
            },
            "timeouts": null
          },
          "sensitive_attributes": [],
          "identity_schema_version": 0,
          "private": "eyJlMmJmYjczMC1lY2FhLTExZTYtOGY4OC0zNDM2M2JjN2M0YzAiOnsiY3JlYXRlIjo2MDAwMDAwMDAwMDAsImRlbGV0ZSI6MTgwMDAwMDAwMDAwMCwidXBkYXRlIjo2MDAwMDAwMDAwMDB9fQ==",
          "dependencies": [
            "module.nat_gateway.aws_eip.eip",
            "module.vpc.aws_internet_gateway.gw",
            "module.vpc.aws_subnet.public_subnet",
            "module.vpc.aws_vpc.vpc",
            "module.vpc.data.aws_availability_zones.available"
          ]
        }
      ]
    },
    {
      "module": "module.nat_gateway",
      "mode": "managed",
      "type": "aws_route_table",
      "name": "private_route_table",
      "provider": "provider[\"registry.terraform.io/hashicorp/aws\"]",
      "instances": [
        {
          "schema_version": 0,
          "attributes": {
            "arn": "arn:aws:ec2:us-east-1:533267221494:route-table/rtb-07525edeb85d01ef6",
            "id": "rtb-07525edeb85d01ef6",
            "owner_id": "533267221494",
            "propagating_vgws": [],
            "route": [
              {
                "carrier_gateway_id": "",
                "cidr_block": "0.0.0.0/0",
                "core_network_arn": "",
                "destination_prefix_list_id": "",
                "egress_only_gateway_id": "",
                "gateway_id": "",
                "ipv6_cidr_block": "",
                "local_gateway_id": "",
                "nat_gateway_id": "nat-0b215fde48b8974f8",
                "network_interface_id": "",
                "transit_gateway_id": "",
                "vpc_endpoint_id": "",
                "vpc_peering_connection_id": ""
              }
            ],
            "tags": {
              "Name": "Private_RT"
            },
            "tags_all": {
              "Name": "Private_RT"
            },
            "timeouts": null,
            "vpc_id": "vpc-0c39923ede1a0f909"
          },
          "sensitive_attributes": [],
          "identity_schema_version": 0,
          "private": "eyJlMmJmYjczMC1lY2FhLTExZTYtOGY4OC0zNDM2M2JjN2M0YzAiOnsiY3JlYXRlIjozMDAwMDAwMDAwMDAsImRlbGV0ZSI6MzAwMDAwMDAwMDAwLCJ1cGRhdGUiOjEyMDAwMDAwMDAwMH19",
          "dependencies": [
            "module.nat_gateway.aws_eip.eip",
            "module.nat_gateway.aws_nat_gateway.nat_gw",
            "module.vpc.aws_internet_gateway.gw",
            "module.vpc.aws_subnet.public_subnet",
            "module.vpc.aws_vpc.vpc",
            "module.vpc.data.aws_availability_zones.available"
          ]
        }
      ]
    },
    {
      "module": "module.nat_gateway",
      "mode": "managed",
      "type": "aws_route_table_association",
      "name": "private_subnet_rt-association",
      "provider": "provider[\"registry.terraform.io/hashicorp/aws\"]",
      "instances": [
        {
          "schema_version": 0,
          "attributes": {
            "gateway_id": "",
            "id": "rtbassoc-09d246090edb4a128",
            "route_table_id": "rtb-07525edeb85d01ef6",
            "subnet_id": "subnet-0b90538177ca0c906",
            "timeouts": null
          },
          "sensitive_attributes": [],
          "identity_schema_version": 0,
          "private": "eyJlMmJmYjczMC1lY2FhLTExZTYtOGY4OC0zNDM2M2JjN2M0YzAiOnsiY3JlYXRlIjozMDAwMDAwMDAwMDAsImRlbGV0ZSI6MzAwMDAwMDAwMDAwLCJ1cGRhdGUiOjEyMDAwMDAwMDAwMH19",
          "dependencies": [
            "module.nat_gateway.aws_eip.eip",
            "module.nat_gateway.aws_nat_gateway.nat_gw",
            "module.nat_gateway.aws_route_table.private_route_table",
            "module.vpc.aws_internet_gateway.gw",
            "module.vpc.aws_subnet.private_subnet",
            "module.vpc.aws_subnet.public_subnet",
            "module.vpc.aws_vpc.vpc",
            "module.vpc.data.aws_availability_zones.available"
          ]
        }
      ]
    },
    {
      "module": "module.security_group",
      "mode": "managed",
      "type": "aws_security_group",
      "name": "private_security_group",
      "provider": "provider[\"registry.terraform.io/hashicorp/aws\"]",
      "instances": [
        {
          "schema_version": 1,
          "attributes": {
            "arn": "arn:aws:ec2:us-east-1:533267221494:security-group/sg-02495c1fa5abd5727",
            "description": "Managed by Terraform",
            "egress": [
              {
                "cidr_blocks": [
                  "0.0.0.0/0"
                ],
                "description": "",
                "from_port": 0,
                "ipv6_cidr_blocks": [],
                "prefix_list_ids": [],
                "protocol": "-1",
                "security_groups": [],
                "self": false,
                "to_port": 0
              }
            ],
            "id": "sg-02495c1fa5abd5727",
            "ingress": [
              {
                "cidr_blocks": [],
                "description": "Allow SSH from public instances",
                "from_port": 22,
                "ipv6_cidr_blocks": [],
                "prefix_list_ids": [],
                "protocol": "tcp",
                "security_groups": [
                  "sg-0b009a64a630fba03"
                ],
                "self": false,
                "to_port": 22
              }
            ],
            "name": "allow_ssh_from_public",
            "name_prefix": "",
            "owner_id": "533267221494",
            "revoke_rules_on_delete": false,
            "tags": {
              "name": "Private_security_group"
            },
            "tags_all": {
              "name": "Private_security_group"
            },
            "timeouts": null,
            "vpc_id": "vpc-0c39923ede1a0f909"
          },
          "sensitive_attributes": [],
          "identity_schema_version": 0,
          "private": "eyJlMmJmYjczMC1lY2FhLTExZTYtOGY4OC0zNDM2M2JjN2M0YzAiOnsiY3JlYXRlIjo2MDAwMDAwMDAwMDAsImRlbGV0ZSI6OTAwMDAwMDAwMDAwfSwic2NoZW1hX3ZlcnNpb24iOiIxIn0=",
          "dependencies": [
            "module.security_group.aws_security_group.public_security_group",
            "module.vpc.aws_vpc.vpc"
          ]
        }
      ]
    },
    {
      "module": "module.security_group",
      "mode": "managed",
      "type": "aws_security_group",
      "name": "public_security_group",
      "provider": "provider[\"registry.terraform.io/hashicorp/aws\"]",
      "instances": [
        {
          "schema_version": 1,
          "attributes": {
            "arn": "arn:aws:ec2:us-east-1:533267221494:security-group/sg-0b009a64a630fba03",
            "description": "Managed by Terraform",
            "egress": [
              {
                "cidr_blocks": [
                  "0.0.0.0/0"
                ],
                "description": "",
                "from_port": 0,
                "ipv6_cidr_blocks": [],
                "prefix_list_ids": [],
                "protocol": "-1",
                "security_groups": [],
                "self": false,
                "to_port": 0
              }
            ],
            "id": "sg-0b009a64a630fba03",
            "ingress": [
              {
                "cidr_blocks": [
                  "113.173.12.179/32"
                ],
                "description": "Allow SSH from specified sources",
                "from_port": 22,
                "ipv6_cidr_blocks": [],
                "prefix_list_ids": [],
                "protocol": "tcp",
                "security_groups": [],
                "self": false,
                "to_port": 22
              }
            ],
            "name": "allow_ssh_to_public",
            "name_prefix": "",
            "owner_id": "533267221494",
            "revoke_rules_on_delete": false,
            "tags": {
              "name": "Public_security_group"
            },
            "tags_all": {
              "name": "Public_security_group"
            },
            "timeouts": null,
            "vpc_id": "vpc-0c39923ede1a0f909"
          },
          "sensitive_attributes": [],
          "identity_schema_version": 0,
          "private": "eyJlMmJmYjczMC1lY2FhLTExZTYtOGY4OC0zNDM2M2JjN2M0YzAiOnsiY3JlYXRlIjo2MDAwMDAwMDAwMDAsImRlbGV0ZSI6OTAwMDAwMDAwMDAwfSwic2NoZW1hX3ZlcnNpb24iOiIxIn0=",
          "dependencies": [
            "module.vpc.aws_vpc.vpc"
          ]
        }
      ]
    },
    {
      "module": "module.vpc",
      "mode": "data",
      "type": "aws_availability_zones",
      "name": "available",
      "provider": "provider[\"registry.terraform.io/hashicorp/aws\"]",
      "instances": [
        {
          "schema_version": 0,
          "attributes": {
            "all_availability_zones": null,
            "exclude_names": null,
            "exclude_zone_ids": null,
            "filter": null,
            "group_names": [
              "us-east-1-zg-1"
            ],
            "id": "us-east-1",
            "names": [
              "us-east-1a",
              "us-east-1b",
              "us-east-1c",
              "us-east-1d",
              "us-east-1e",
              "us-east-1f"
            ],
            "state": "available",
            "timeouts": null,
            "zone_ids": [
              "use1-az4",
              "use1-az6",
              "use1-az1",
              "use1-az2",
              "use1-az3",
              "use1-az5"
            ]
          },
          "sensitive_attributes": [],
          "identity_schema_version": 0
        }
      ]
    },
    {
      "module": "module.vpc",
      "mode": "managed",
      "type": "aws_default_security_group",
      "name": "default_security_group",
      "provider": "provider[\"registry.terraform.io/hashicorp/aws\"]",
      "instances": [
        {
          "schema_version": 1,
          "attributes": {
            "arn": "arn:aws:ec2:us-east-1:533267221494:security-group/sg-0a4f0d4bbebaf3141",
            "description": "default VPC security group",
            "egress": [
              {
                "cidr_blocks": [
                  "0.0.0.0/0"
                ],
                "description": "",
                "from_port": 0,
                "ipv6_cidr_blocks": [],
                "prefix_list_ids": [],
                "protocol": "-1",
                "security_groups": [],
                "self": false,
                "to_port": 0
              }
            ],
            "id": "sg-0a4f0d4bbebaf3141",
            "ingress": [
              {
                "cidr_blocks": [],
                "description": "",
                "from_port": 0,
                "ipv6_cidr_blocks": [],
                "prefix_list_ids": [],
                "protocol": "-1",
                "security_groups": [],
                "self": true,
                "to_port": 0
              }
            ],
            "name": "default",
            "name_prefix": "",
            "owner_id": "533267221494",
            "revoke_rules_on_delete": false,
            "tags": {
              "name": "Default_security_group"
            },
            "tags_all": {
              "name": "Default_security_group"
            },
            "vpc_id": "vpc-0c39923ede1a0f909"
          },
          "sensitive_attributes": [],
          "identity_schema_version": 0,
          "private": "eyJzY2hlbWFfdmVyc2lvbiI6IjEifQ==",
          "dependencies": [
            "module.vpc.aws_vpc.vpc"
          ]
        }
      ]
    },
    {
      "module": "module.vpc",
      "mode": "managed",
      "type": "aws_internet_gateway",
      "name": "gw",
      "provider": "provider[\"registry.terraform.io/hashicorp/aws\"]",
      "instances": [
        {
          "schema_version": 0,
          "attributes": {
            "arn": "arn:aws:ec2:us-east-1:533267221494:internet-gateway/igw-00151b3c9b27fbe41",
            "id": "igw-00151b3c9b27fbe41",
            "owner_id": "533267221494",
            "tags": {
              "Name": "Internet_gateway"
            },
            "tags_all": {
              "Name": "Internet_gateway"
            },
            "timeouts": null,
            "vpc_id": "vpc-0c39923ede1a0f909"
          },
          "sensitive_attributes": [],
          "identity_schema_version": 0,
          "private": "eyJlMmJmYjczMC1lY2FhLTExZTYtOGY4OC0zNDM2M2JjN2M0YzAiOnsiY3JlYXRlIjoxMjAwMDAwMDAwMDAwLCJkZWxldGUiOjEyMDAwMDAwMDAwMDAsInVwZGF0ZSI6MTIwMDAwMDAwMDAwMH19",
          "dependencies": [
            "module.vpc.aws_vpc.vpc"
          ]
        }
      ]
    },
    {
      "module": "module.vpc",
      "mode": "managed",
      "type": "aws_route_table",
      "name": "public_route_table",
      "provider": "provider[\"registry.terraform.io/hashicorp/aws\"]",
      "instances": [
        {
          "schema_version": 0,
          "attributes": {
            "arn": "arn:aws:ec2:us-east-1:533267221494:route-table/rtb-02ab7039001d603ae",
            "id": "rtb-02ab7039001d603ae",
            "owner_id": "533267221494",
            "propagating_vgws": [],
            "route": [
              {
                "carrier_gateway_id": "",
                "cidr_block": "0.0.0.0/0",
                "core_network_arn": "",
                "destination_prefix_list_id": "",
                "egress_only_gateway_id": "",
                "gateway_id": "igw-00151b3c9b27fbe41",
                "ipv6_cidr_block": "",
                "local_gateway_id": "",
                "nat_gateway_id": "",
                "network_interface_id": "",
                "transit_gateway_id": "",
                "vpc_endpoint_id": "",
                "vpc_peering_connection_id": ""
              }
            ],
            "tags": {
              "Name": "Public_RT"
            },
            "tags_all": {
              "Name": "Public_RT"
            },
            "timeouts": null,
            "vpc_id": "vpc-0c39923ede1a0f909"
          },
          "sensitive_attributes": [],
          "identity_schema_version": 0,
          "private": "eyJlMmJmYjczMC1lY2FhLTExZTYtOGY4OC0zNDM2M2JjN2M0YzAiOnsiY3JlYXRlIjozMDAwMDAwMDAwMDAsImRlbGV0ZSI6MzAwMDAwMDAwMDAwLCJ1cGRhdGUiOjEyMDAwMDAwMDAwMH19",
          "dependencies": [
            "module.vpc.aws_internet_gateway.gw",
            "module.vpc.aws_vpc.vpc"
          ]
        }
      ]
    },
    {
      "module": "module.vpc",
      "mode": "managed",
      "type": "aws_route_table_association",
      "name": "public_subnet_rt-association",
      "provider": "provider[\"registry.terraform.io/hashicorp/aws\"]",
      "instances": [
        {
          "schema_version": 0,
          "attributes": {
            "gateway_id": "",
            "id": "rtbassoc-03036df02dd0fd554",
            "route_table_id": "rtb-02ab7039001d603ae",
            "subnet_id": "subnet-099acabe7b8c24f76",
            "timeouts": null
          },
          "sensitive_attributes": [],
          "identity_schema_version": 0,
          "private": "eyJlMmJmYjczMC1lY2FhLTExZTYtOGY4OC0zNDM2M2JjN2M0YzAiOnsiY3JlYXRlIjozMDAwMDAwMDAwMDAsImRlbGV0ZSI6MzAwMDAwMDAwMDAwLCJ1cGRhdGUiOjEyMDAwMDAwMDAwMH19",
          "dependencies": [
            "module.vpc.aws_internet_gateway.gw",
            "module.vpc.aws_route_table.public_route_table",
            "module.vpc.aws_subnet.public_subnet",
            "module.vpc.aws_vpc.vpc",
            "module.vpc.data.aws_availability_zones.available"
          ]
        }
      ]
    },
    {
      "module": "module.vpc",
      "mode": "managed",
      "type": "aws_subnet",
      "name": "private_subnet",
      "provider": "provider[\"registry.terraform.io/hashicorp/aws\"]",
      "instances": [
        {
          "schema_version": 1,
          "attributes": {
            "arn": "arn:aws:ec2:us-east-1:533267221494:subnet/subnet-0b90538177ca0c906",
            "assign_ipv6_address_on_creation": false,
            "availability_zone": "us-east-1b",
            "availability_zone_id": "use1-az6",
            "cidr_block": "10.0.2.0/24",
            "customer_owned_ipv4_pool": "",
            "enable_dns64": false,
            "enable_lni_at_device_index": 0,
            "enable_resource_name_dns_a_record_on_launch": false,
            "enable_resource_name_dns_aaaa_record_on_launch": false,
            "id": "subnet-0b90538177ca0c906",
            "ipv6_cidr_block": "",
            "ipv6_cidr_block_association_id": "",
            "ipv6_native": false,
            "map_customer_owned_ip_on_launch": false,
            "map_public_ip_on_launch": false,
            "outpost_arn": "",
            "owner_id": "533267221494",
            "private_dns_hostname_type_on_launch": "ip-name",
            "tags": {
              "Name": "Private_subnet"
            },
            "tags_all": {
              "Name": "Private_subnet"
            },
            "timeouts": null,
            "vpc_id": "vpc-0c39923ede1a0f909"
          },
          "sensitive_attributes": [],
          "identity_schema_version": 0,
          "private": "eyJlMmJmYjczMC1lY2FhLTExZTYtOGY4OC0zNDM2M2JjN2M0YzAiOnsiY3JlYXRlIjo2MDAwMDAwMDAwMDAsImRlbGV0ZSI6MTIwMDAwMDAwMDAwMH0sInNjaGVtYV92ZXJzaW9uIjoiMSJ9",
          "dependencies": [
            "module.vpc.aws_vpc.vpc",
            "module.vpc.data.aws_availability_zones.available"
          ]
        }
      ]
    },
    {
      "module": "module.vpc",
      "mode": "managed",
      "type": "aws_subnet",
      "name": "public_subnet",
      "provider": "provider[\"registry.terraform.io/hashicorp/aws\"]",
      "instances": [
        {
          "schema_version": 1,
          "attributes": {
            "arn": "arn:aws:ec2:us-east-1:533267221494:subnet/subnet-099acabe7b8c24f76",
            "assign_ipv6_address_on_creation": false,
            "availability_zone": "us-east-1a",
            "availability_zone_id": "use1-az4",
            "cidr_block": "10.0.1.0/24",
            "customer_owned_ipv4_pool": "",
            "enable_dns64": false,
            "enable_lni_at_device_index": 0,
            "enable_resource_name_dns_a_record_on_launch": false,
            "enable_resource_name_dns_aaaa_record_on_launch": false,
            "id": "subnet-099acabe7b8c24f76",
            "ipv6_cidr_block": "",
            "ipv6_cidr_block_association_id": "",
            "ipv6_native": false,
            "map_customer_owned_ip_on_launch": false,
            "map_public_ip_on_launch": false,
            "outpost_arn": "",
            "owner_id": "533267221494",
            "private_dns_hostname_type_on_launch": "ip-name",
            "tags": {
              "Name": "Public_subnet"
            },
            "tags_all": {
              "Name": "Public_subnet"
            },
            "timeouts": null,
            "vpc_id": "vpc-0c39923ede1a0f909"
          },
          "sensitive_attributes": [],
          "identity_schema_version": 0,
          "private": "eyJlMmJmYjczMC1lY2FhLTExZTYtOGY4OC0zNDM2M2JjN2M0YzAiOnsiY3JlYXRlIjo2MDAwMDAwMDAwMDAsImRlbGV0ZSI6MTIwMDAwMDAwMDAwMH0sInNjaGVtYV92ZXJzaW9uIjoiMSJ9",
          "dependencies": [
            "module.vpc.aws_vpc.vpc",
            "module.vpc.data.aws_availability_zones.available"
          ]
        }
      ]
    },
    {
      "module": "module.vpc",
      "mode": "managed",
      "type": "aws_vpc",
      "name": "vpc",
      "provider": "provider[\"registry.terraform.io/hashicorp/aws\"]",
      "instances": [
        {
          "schema_version": 1,
          "attributes": {
            "arn": "arn:aws:ec2:us-east-1:533267221494:vpc/vpc-0c39923ede1a0f909",
            "assign_generated_ipv6_cidr_block": false,
            "cidr_block": "10.0.0.0/16",
            "default_network_acl_id": "acl-00ee4ba6f35fa0078",
            "default_route_table_id": "rtb-0114be0afba21197a",
            "default_security_group_id": "sg-0a4f0d4bbebaf3141",
            "dhcp_options_id": "dopt-05b5ca85789666993",
            "enable_dns_hostnames": false,
            "enable_dns_support": true,
            "enable_network_address_usage_metrics": false,
            "id": "vpc-0c39923ede1a0f909",
            "instance_tenancy": "default",
            "ipv4_ipam_pool_id": null,
            "ipv4_netmask_length": null,
            "ipv6_association_id": "",
            "ipv6_cidr_block": "",
            "ipv6_cidr_block_network_border_group": "",
            "ipv6_ipam_pool_id": "",
            "ipv6_netmask_length": 0,
            "main_route_table_id": "rtb-0114be0afba21197a",
            "owner_id": "533267221494",
            "tags": {
              "Name": "VPC"
            },
            "tags_all": {
              "Name": "VPC"
            }
          },
          "sensitive_attributes": [],
          "identity_schema_version": 0,
          "private": "eyJzY2hlbWFfdmVyc2lvbiI6IjEifQ=="
        }
      ]
    }
  ],
  "check_results": null
}
