{
  "version": 4,
  "terraform_version": "1.13.4",
  "serial": 19,
  "lineage": "0d1713d3-b476-4cdf-b91f-f4f4940d0b66",
  "outputs": {},
  "resources": [
    {
      "mode": "managed",
      "type": "aws_key_pair",
      "name": "TF_key",
      "provider": "provider[\"registry.terraform.io/hashicorp/aws\"]",
      "instances": [
        {
          "schema_version": 1,
          "attributes": {
            "arn": "arn:aws:ec2:ap-southeast-2:273354652194:key-pair/TF_key",
            "fingerprint": "bf:c4:70:6a:f7:1f:a0:ff:31:ca:a6:ac:99:8e:4d:59",
            "id": "TF_key",
            "key_name": "TF_key",
            "key_name_prefix": "",
            "key_pair_id": "key-0aa50a254bae81615",
            "key_type": "rsa",
            "public_key": "ssh-rsa AAAAB3NzaC1yc2EAAAADAQABAAACAQC7Ta4sP94hm2IXJAcs1jqptwZiwglLpsBhmGUVhp2pXxd6b6BYqAKCi6nEy+qL41/Qc2qraz4CJuuQBCs5VS3bNpAntqlVRLY2PBrYTqHB00INRZsaek7qIY3aJRTfNL3+aW73391TluRtTAYjuImmPAG9r/eJf6zxgG0guHEbHoR/RNxkztXUBAh2tEh9TwswQwCljAcPhD4OszjvWe+Gpb0O2JkJUtrwibHOU1HMH+ld1lRLuCiwMyj+2OHwF28pgulkZjT8uDw4vWCqBb2dmjTAnorlhAPLldt6qKCUEOOVxrHxBqW4OprhjS+axpMP14jWZoxQ/JObzzUVT7i+wZCwgiIuVjpRrrdmGq2E8qv7bd5Tx/v1/+pgCAnw3hZ7ihqcmsooVxf7YNflaWo80RO4oIMBPf0sSFS1gKFojQeePbjb3iuGAkZhgGPDRsIPID4ndE7x4RL/86AxSyg/4lvMRc4W1eEC6gKIzw5RBtuC1JGXRMTo9L3BeknkBtTKJDecwdEByypiMyE4RzYhim90LuTYlZfd8+zSMQIiPuJmvdQUlZ2JkbU3FjEUOH6mML1JGLbs7hqc2PQZKPkiZIEla+OuKqfZ5OobQdXRdwG2OfDM4Gf2IKYOB6d/n5ycxNDUeovSOyjRZNSBYDOI3CvA6aXSfTf2A2UtLUxF0Q==",
            "tags": null,
            "tags_all": {}
          },
          "sensitive_attributes": [],
          "identity_schema_version": 0,
          "private": "eyJzY2hlbWFfdmVyc2lvbiI6IjEifQ==",
          "dependencies": [
            "tls_private_key.rsa"
          ]
        }
      ]
    },
    {
      "mode": "managed",
      "type": "local_file",
      "name": "TF-key",
      "provider": "provider[\"registry.terraform.io/hashicorp/local\"]",
      "instances": [
        {
          "schema_version": 0,
          "attributes": {
            "content": "-----BEGIN RSA PRIVATE KEY-----\nMIIJJwIBAAKCAgEAu02uLD/eIZtiFyQHLNY6qbcGYsIJS6bAYZhlFYadqV8Xem+g\nWKgCgoupxMvqi+Nf0HNqq2s+AibrkAQrOVUt2zaQJ7apVUS2Njwa2E6hwdNCDUWb\nGnpO6iGN2iUU3zS9/mlu99/dU5bkbUwGI7iJpjwBva/3iX+s8YBtILhxGx6Ef0Tc\nZM7V1AQIdrRIfU8LMEMApYwHD4Q+DrM471nvhqW9DtiZCVLa8ImxzlNRzB/pXdZU\nS7gosDMo/tjh8BdvKYLpZGY0/Lg8OL1gqgW9nZo0wJ6K5YQDy5XbeqiglBDjlcax\n8QaluDqa4Y0vmsaTD9eI1maMUPyTm881FU+4vsGQsIIiLlY6Ua63ZhqthPKr+23e\nU8f79f/qYAgJ8N4We4oanJrKKFcX+2DX5WlqPNETuKCDAT39LEhUtYChaI0Hnj24\n294rhgJGYYBjw0bCDyA+J3RO8eES//OgMUsoP+JbzEXOFtXhAuoCiM8OUQbbgtSR\nl0TE6PS9wXpJ5AbUyiQ3nMHRAcsqYjMhOEc2IYpvdC7k2JWX3fPs0jECIj7iZr3U\nFJWdiZG1NxYxFDh+pjC9SRi27O4anNj0GSj5ImSBJWvjriqn2eTqG0HV0XcBtjnw\nzOBn9iCmDgenf5+cnMTQ1HqL0jso0WTUgWAziNwrwOml0n039gNlLS1MRdECAwEA\nAQKCAgAUnTffn9yF4gY5hMS+DwqKy4gfjg/G1zXnfTBsM5IeO3HSjv7cnbUVArkE\nXer/oAkstcnWJD9BWQuQ9fHUkAbe0FJXmey+DooSov/TXFLE3x2EZ2uVeO4+1MLk\nxjMAs9sl6RsGRd75MwC19L7c5z5NtjSng0/g6VUyiSS5jAMgGHY9qZRWC0Y7sivv\noJI1KbdnWuBzLTDzvhAJvyOI2DhFSfAU9mAKx3yC1QIQMq8BzRClPBBapbc4rpDC\n/Oy052dbxWWEIBQ8gixX6aPTYpQGs0Y+CCpCQ2Aa48XcPzsua0NuTwgeKPyhL4tZ\n6peELHmwAykza5A4M5bX+EX1L/563mA907T9jh0M69LwMpPGmCxnTbhK3Ivz8jlW\nMh1s63FGdDKXKReeAD2go0lZ/dfRnVVwkhC/DHJhcstlyaWZx9H0gWuhwM9MhaNe\ngs7DA+Qo0kAakJsC4bJzLZmZwL9O5fgzuxAk7KLyVaPmlBHmnuGeGWZ6FJJiQiOV\nH6xQm2nDglUAXqFHuCy4yMkVNso85lgGf27P9p1+jjgcHN8rwbIS2PrEkXHulRhO\nvSFNbV4mGOVLVMgHuSiqGAO+XgRhSDYIN0bgQMNRikihKslwrQIviU4x31eJd0tx\nVS5dht6cNtWe4hcQluT5FTux+DvQF3KmTJei7lU/ZnzD3pacLwKCAQEAyG0Fti6F\nEFnaWpqFma9+7+UzsxBFRPwn9BK/B2sXYiCM+TNt5heD2+rRB2keqj6nKR4C7cmT\nvTavQWRgprLdGNp+VuuvftivMHdIxtMMzyf6HgtwAcY8DlVncUSiZm9fnBz8zVwq\nq/FJjafwAKnO2zq32Fr8lz1y1LxTdKTmAvKGgs90qqjbcGFw7LQmXv7RClU5IcOB\n8iU06CNeFW0PpvUWOayhfrIEQQq4Z5iQWfegGt3HrnM22uIjMPlf4ojizBGB9SOQ\nKsUztZkspS9lc+2t3/wO371lQRe9DHnzU8HpCPrASCCLMDr82tQNQdkHDNg7XF5I\n9aXcMBUPdRInZwKCAQEA7z0tznXijcfMOYQtMLo3HD4F9gg/0/tDGXebfC7Ad4Lk\nqiX5LU77lZQAs8LP7q70dN3hTNyt66y7CapTbhYmmvL7i0wlkl2WYrLDNLCxEqZR\nwcCvuGvrqFnd6B2xxSA+AW8ewz/cb8oyqhdm+Fzsknz20UtkPKKmDPa1K0rL38x2\nfNBd3M7f0jr8kTsUPgU44JvRk1ngG83DU5Bw7ozejf7E71q+/nvKQIPWevb/3gur\n6mqmo043fzc/aC6NdmXEf8B7EY8EuV8XlcI1HUnAu+Q8F/MsmehPw0EKBxWf8Fmt\nv9Q+SgwEB12huv6zi7sTcvwHw7cPIStKBwf7q4P+BwKCAQBkiRt2WTtyCkBXdm9R\nuhBocYZPaff1NK8t5UFhjTx7gmx0jHGyG1WPOOiFWRuCtk7Pdzhs4tJy9T1QBfPd\napcxYlhBbZPogvTN0Of2o+Mm/pyd+YrDuRZi8kAjNxRnYbKJ8ph0wqi8+xm0Luta\nydLzcS7LHkjZ7H7va1BJkHW4QMNsVnflKzJ32sj0UyF0QUnGbx1rbFCAkF1LnIIT\nKVPSodn2MDwJ+23a2m/Jt2OhXW84SsthHHYFsa2JYW3RimyJhLa1qpMkgSsBCsa0\nTWQMlMrFMgCcBrsFvcyct4dxGjG0yWMuSvTGyrAPbJMB1sWMkeKk4L6kSgB7NfU8\n+lA9AoIBABSJkfcZU5uMPVHqsN5v/e8ku+pFBwWxmi8Df4uHj+oyiGK648sp7psG\nm5DS9nqs9jtaGM86WovSxjOsNYFL0YCXv1RT8x2/fvt2ER/i0zCgqoARhIQ2b4KC\nRHR6qBoeDHSfD2r/fnLyTqsfWy2S/JQOujl5WV+DLvIJ87+Fqj7KFJneYVBlSf2I\nJspo4fH5DMrrVXBq1LxOS6hOzAMOgMR7zHgnuCGsis5DAxSHQ6vSIK38/dUjD8yR\n95V/+ZDiZ5337hixyFwJd8LZaynafPskOqxrqbaEpOREHxJAnvxJFotTMw20PlxL\ng2jEGLG0G5VRYXFBs8DLMI2t98Lfj90CggEAVJHcO0U40EJ7UE9zbD29wYxtYF3w\nG76VgIjCx2d7UqrXsQmtb/4yZJQzAZaLThCH2WXQ2+L17mKSzxmHh8aAYvRNIIFS\nx0PYC/1TcTanq37tyfFpbeoGOhlwuofB7JR/8Vy/E41w9Dm7RGTnBIyM7op0MWAe\njPU3CQQifM3GqZQMrIS0+pK1jki+QbbfWixTgsToTaqAlX9udzzcR2Qfxo6xlgF7\nQsS2IQ3Qw11fjYmLkp+SixtHap57FK8/KfgyNVQp29pepZSXoARUcjb/rOQKmFoT\nTByaFd1dC+yOJNO7XUNSC6mqtT98GjK09gHTzfmz0z20KiyP1k9uyrWJNw==\n-----END RSA PRIVATE KEY-----\n",
            "content_base64": null,
            "content_base64sha256": "QmeeWyluB2QLas3wPTHK4vqGdW7zcXlKVuOtifpqoRs=",
            "content_base64sha512": "+oE4ay6NVx6mp6NaLlbVH1omoI+TxA2KunNnsHf8Dv2dwaG1+aag99qhrTamItU4QYIMy18n7+qqzwRlgaGfMA==",
            "content_md5": "cadb263f2a24c274a7651f54dadcff2c",
            "content_sha1": "c19b5d13fcdbed6e525cd89d663e7be7b908e463",
            "content_sha256": "42679e5b296e07640b6acdf03d31cae2fa86756ef371794a56e3ad89fa6aa11b",
            "content_sha512": "fa81386b2e8d571ea6a7a35a2e56d51f5a26a08f93c40d8aba7367b077fc0efd9dc1a1b5f9a6a0f7daa1ad36a622d53841820ccb5f27efeaaacf046581a19f30",
            "directory_permission": "0777",
            "file_permission": "0777",
            "filename": "tfkey",
            "id": "c19b5d13fcdbed6e525cd89d663e7be7b908e463",
            "sensitive_content": null,
            "source": null
          },
          "sensitive_attributes": [
            [
              {
                "type": "get_attr",
                "value": "content"
              }
            ],
            [
              {
                "type": "get_attr",
                "value": "sensitive_content"
              }
            ]
          ],
          "identity_schema_version": 0,
          "dependencies": [
            "tls_private_key.rsa"
          ]
        }
      ]
    },
    {
      "mode": "managed",
      "type": "tls_private_key",
      "name": "rsa",
      "provider": "provider[\"registry.terraform.io/hashicorp/tls\"]",
      "instances": [
        {
          "schema_version": 1,
          "attributes": {
            "algorithm": "RSA",
            "ecdsa_curve": "P224",
            "id": "57be4c31b8782fa4466ccc0a8a367bf5988e64b2",
            "private_key_openssh": "-----BEGIN OPENSSH PRIVATE KEY-----\nb3BlbnNzaC1rZXktdjEAAAAABG5vbmUAAAAEbm9uZQAAAAAAAAABAAACFwAAAAdz\nc2gtcnNhAAAAAwEAAQAAAgEAu02uLD/eIZtiFyQHLNY6qbcGYsIJS6bAYZhlFYad\nqV8Xem+gWKgCgoupxMvqi+Nf0HNqq2s+AibrkAQrOVUt2zaQJ7apVUS2Njwa2E6h\nwdNCDUWbGnpO6iGN2iUU3zS9/mlu99/dU5bkbUwGI7iJpjwBva/3iX+s8YBtILhx\nGx6Ef0TcZM7V1AQIdrRIfU8LMEMApYwHD4Q+DrM471nvhqW9DtiZCVLa8ImxzlNR\nzB/pXdZUS7gosDMo/tjh8BdvKYLpZGY0/Lg8OL1gqgW9nZo0wJ6K5YQDy5Xbeqig\nlBDjlcax8QaluDqa4Y0vmsaTD9eI1maMUPyTm881FU+4vsGQsIIiLlY6Ua63Zhqt\nhPKr+23eU8f79f/qYAgJ8N4We4oanJrKKFcX+2DX5WlqPNETuKCDAT39LEhUtYCh\naI0Hnj24294rhgJGYYBjw0bCDyA+J3RO8eES//OgMUsoP+JbzEXOFtXhAuoCiM8O\nUQbbgtSRl0TE6PS9wXpJ5AbUyiQ3nMHRAcsqYjMhOEc2IYpvdC7k2JWX3fPs0jEC\nIj7iZr3UFJWdiZG1NxYxFDh+pjC9SRi27O4anNj0GSj5ImSBJWvjriqn2eTqG0HV\n0XcBtjnwzOBn9iCmDgenf5+cnMTQ1HqL0jso0WTUgWAziNwrwOml0n039gNlLS1M\nRdEAAAc4pVemRaVXpkUAAAAHc3NoLXJzYQAAAgEAu02uLD/eIZtiFyQHLNY6qbcG\nYsIJS6bAYZhlFYadqV8Xem+gWKgCgoupxMvqi+Nf0HNqq2s+AibrkAQrOVUt2zaQ\nJ7apVUS2Njwa2E6hwdNCDUWbGnpO6iGN2iUU3zS9/mlu99/dU5bkbUwGI7iJpjwB\nva/3iX+s8YBtILhxGx6Ef0TcZM7V1AQIdrRIfU8LMEMApYwHD4Q+DrM471nvhqW9\nDtiZCVLa8ImxzlNRzB/pXdZUS7gosDMo/tjh8BdvKYLpZGY0/Lg8OL1gqgW9nZo0\nwJ6K5YQDy5XbeqiglBDjlcax8QaluDqa4Y0vmsaTD9eI1maMUPyTm881FU+4vsGQ\nsIIiLlY6Ua63ZhqthPKr+23eU8f79f/qYAgJ8N4We4oanJrKKFcX+2DX5WlqPNET\nuKCDAT39LEhUtYChaI0Hnj24294rhgJGYYBjw0bCDyA+J3RO8eES//OgMUsoP+Jb\nzEXOFtXhAuoCiM8OUQbbgtSRl0TE6PS9wXpJ5AbUyiQ3nMHRAcsqYjMhOEc2IYpv\ndC7k2JWX3fPs0jECIj7iZr3UFJWdiZG1NxYxFDh+pjC9SRi27O4anNj0GSj5ImSB\nJWvjriqn2eTqG0HV0XcBtjnwzOBn9iCmDgenf5+cnMTQ1HqL0jso0WTUgWAziNwr\nwOml0n039gNlLS1MRdEAAAADAQABAAACABSdN9+f3IXiBjmExL4PCorLiB+OD8bX\nNed9MGwzkh47cdKO/tydtRUCuQRd6v+gCSy1ydYkP0FZC5D18dSQBt7QUleZ7L4O\nihKi/9NcUsTfHYRna5V47j7UwuTGMwCz2yXpGwZF3vkzALX0vtznPk22NKeDT+Dp\nVTKJJLmMAyAYdj2plFYLRjuyK++gkjUpt2da4HMtMPO+EAm/I4jYOEVJ8BT2YArH\nfILVAhAyrwHNEKU8EFqltziukML87LTnZ1vFZYQgFDyCLFfpo9NilAazRj4IKkJD\nYBrjxdw/Oy5rQ25PCB4o/KEvi1nql4QsebADKTNrkDgzltf4RfUv/nreYD3TtP2O\nHQzr0vAyk8aYLGdNuErci/PyOVYyHWzrcUZ0MpcpF54APaCjSVn919GdVXCSEL8M\ncmFyy2XJpZnH0fSBa6HAz0yFo16CzsMD5CjSQBqQmwLhsnMtmZnAv07l+DO7ECTs\novJVo+aUEeae4Z4ZZnoUkmJCI5UfrFCbacOCVQBeoUe4LLjIyRU2yjzmWAZ/bs/2\nnX6OOBwc3yvBshLY+sSRce6VGE69IU1tXiYY5UtUyAe5KKoYA75eBGFINgg3RuBA\nw1GKSKEqyXCtAi+JTjHfV4l3S3FVLl2G3pw21Z7iFxCW5PkVO7H4O9AXcqZMl6Lu\nVT9mfMPelpwvAAABAFSR3DtFONBCe1BPc2w9vcGMbWBd8Bu+lYCIwsdne1Kq17EJ\nrW/+MmSUMwGWi04Qh9ll0Nvi9e5iks8Zh4fGgGL0TSCBUsdD2Av9U3E2p6t+7cnx\naW3qBjoZcLqHweyUf/FcvxONcPQ5u0Rk5wSMjO6KdDFgHoz1NwkEInzNxqmUDKyE\ntPqStY5IvkG231osU4LE6E2qgJV/bnc83EdkH8aOsZYBe0LEtiEN0MNdX42Ji5Kf\nkosbR2qeexSvPyn4MjVUKdvaXqWUl6AEVHI2/6zkCphaE0wcmhXdXQvsjiTTu11D\nUgupqrU/fBoytPYB0835s9M9tCosj9ZPbsq1iTcAAAEBAMhtBbYuhRBZ2lqahZmv\nfu/lM7MQRUT8J/QSvwdrF2IgjPkzbeYXg9vq0QdpHqo+pykeAu3Jk702r0FkYKay\n3Rjaflbrr37YrzB3SMbTDM8n+h4LcAHGPA5VZ3FEomZvX5wc/M1cKqvxSY2n8ACp\nzts6t9ha/Jc9ctS8U3Sk5gLyhoLPdKqo23BhcOy0Jl7+0QpVOSHDgfIlNOgjXhVt\nD6b1FjmsoX6yBEEKuGeYkFn3oBrdx65zNtriIzD5X+KI4swRgfUjkCrFM7WZLKUv\nZXPtrd/8Dt+9ZUEXvQx581PB6Qj6wEggizA6/NrUDUHZBwzYO1xeSPWl3DAVD3US\nJ2cAAAEBAO89Lc514o3HzDmELTC6Nxw+BfYIP9P7Qxl3m3wuwHeC5Kol+S1O+5WU\nALPCz+6u9HTd4UzcreusuwmqU24WJpry+4tMJZJdlmKywzSwsRKmUcHAr7hr66hZ\n3egdscUgPgFvHsM/3G/KMqoXZvhc7JJ89tFLZDyipgz2tStKy9/MdnzQXdzO39I6\n/JE7FD4FOOCb0ZNZ4BvNw1OQcO6M3o3+xO9avv57ykCD1nr2/94Lq+pqpqNON383\nP2gujXZlxH/AexGPBLlfF5XCNR1JwLvkPBfzLJnoT8NBCgcVn/BZrb/UPkoMBAdd\nobr+s4u7E3L8B8O3DyErSgcH+6uD/gcAAAAAAQID\n-----END OPENSSH PRIVATE KEY-----\n",
            "private_key_pem": "-----BEGIN RSA PRIVATE KEY-----\nMIIJJwIBAAKCAgEAu02uLD/eIZtiFyQHLNY6qbcGYsIJS6bAYZhlFYadqV8Xem+g\nWKgCgoupxMvqi+Nf0HNqq2s+AibrkAQrOVUt2zaQJ7apVUS2Njwa2E6hwdNCDUWb\nGnpO6iGN2iUU3zS9/mlu99/dU5bkbUwGI7iJpjwBva/3iX+s8YBtILhxGx6Ef0Tc\nZM7V1AQIdrRIfU8LMEMApYwHD4Q+DrM471nvhqW9DtiZCVLa8ImxzlNRzB/pXdZU\nS7gosDMo/tjh8BdvKYLpZGY0/Lg8OL1gqgW9nZo0wJ6K5YQDy5XbeqiglBDjlcax\n8QaluDqa4Y0vmsaTD9eI1maMUPyTm881FU+4vsGQsIIiLlY6Ua63ZhqthPKr+23e\nU8f79f/qYAgJ8N4We4oanJrKKFcX+2DX5WlqPNETuKCDAT39LEhUtYChaI0Hnj24\n294rhgJGYYBjw0bCDyA+J3RO8eES//OgMUsoP+JbzEXOFtXhAuoCiM8OUQbbgtSR\nl0TE6PS9wXpJ5AbUyiQ3nMHRAcsqYjMhOEc2IYpvdC7k2JWX3fPs0jECIj7iZr3U\nFJWdiZG1NxYxFDh+pjC9SRi27O4anNj0GSj5ImSBJWvjriqn2eTqG0HV0XcBtjnw\nzOBn9iCmDgenf5+cnMTQ1HqL0jso0WTUgWAziNwrwOml0n039gNlLS1MRdECAwEA\nAQKCAgAUnTffn9yF4gY5hMS+DwqKy4gfjg/G1zXnfTBsM5IeO3HSjv7cnbUVArkE\nXer/oAkstcnWJD9BWQuQ9fHUkAbe0FJXmey+DooSov/TXFLE3x2EZ2uVeO4+1MLk\nxjMAs9sl6RsGRd75MwC19L7c5z5NtjSng0/g6VUyiSS5jAMgGHY9qZRWC0Y7sivv\noJI1KbdnWuBzLTDzvhAJvyOI2DhFSfAU9mAKx3yC1QIQMq8BzRClPBBapbc4rpDC\n/Oy052dbxWWEIBQ8gixX6aPTYpQGs0Y+CCpCQ2Aa48XcPzsua0NuTwgeKPyhL4tZ\n6peELHmwAykza5A4M5bX+EX1L/563mA907T9jh0M69LwMpPGmCxnTbhK3Ivz8jlW\nMh1s63FGdDKXKReeAD2go0lZ/dfRnVVwkhC/DHJhcstlyaWZx9H0gWuhwM9MhaNe\ngs7DA+Qo0kAakJsC4bJzLZmZwL9O5fgzuxAk7KLyVaPmlBHmnuGeGWZ6FJJiQiOV\nH6xQm2nDglUAXqFHuCy4yMkVNso85lgGf27P9p1+jjgcHN8rwbIS2PrEkXHulRhO\nvSFNbV4mGOVLVMgHuSiqGAO+XgRhSDYIN0bgQMNRikihKslwrQIviU4x31eJd0tx\nVS5dht6cNtWe4hcQluT5FTux+DvQF3KmTJei7lU/ZnzD3pacLwKCAQEAyG0Fti6F\nEFnaWpqFma9+7+UzsxBFRPwn9BK/B2sXYiCM+TNt5heD2+rRB2keqj6nKR4C7cmT\nvTavQWRgprLdGNp+VuuvftivMHdIxtMMzyf6HgtwAcY8DlVncUSiZm9fnBz8zVwq\nq/FJjafwAKnO2zq32Fr8lz1y1LxTdKTmAvKGgs90qqjbcGFw7LQmXv7RClU5IcOB\n8iU06CNeFW0PpvUWOayhfrIEQQq4Z5iQWfegGt3HrnM22uIjMPlf4ojizBGB9SOQ\nKsUztZkspS9lc+2t3/wO371lQRe9DHnzU8HpCPrASCCLMDr82tQNQdkHDNg7XF5I\n9aXcMBUPdRInZwKCAQEA7z0tznXijcfMOYQtMLo3HD4F9gg/0/tDGXebfC7Ad4Lk\nqiX5LU77lZQAs8LP7q70dN3hTNyt66y7CapTbhYmmvL7i0wlkl2WYrLDNLCxEqZR\nwcCvuGvrqFnd6B2xxSA+AW8ewz/cb8oyqhdm+Fzsknz20UtkPKKmDPa1K0rL38x2\nfNBd3M7f0jr8kTsUPgU44JvRk1ngG83DU5Bw7ozejf7E71q+/nvKQIPWevb/3gur\n6mqmo043fzc/aC6NdmXEf8B7EY8EuV8XlcI1HUnAu+Q8F/MsmehPw0EKBxWf8Fmt\nv9Q+SgwEB12huv6zi7sTcvwHw7cPIStKBwf7q4P+BwKCAQBkiRt2WTtyCkBXdm9R\nuhBocYZPaff1NK8t5UFhjTx7gmx0jHGyG1WPOOiFWRuCtk7Pdzhs4tJy9T1QBfPd\napcxYlhBbZPogvTN0Of2o+Mm/pyd+YrDuRZi8kAjNxRnYbKJ8ph0wqi8+xm0Luta\nydLzcS7LHkjZ7H7va1BJkHW4QMNsVnflKzJ32sj0UyF0QUnGbx1rbFCAkF1LnIIT\nKVPSodn2MDwJ+23a2m/Jt2OhXW84SsthHHYFsa2JYW3RimyJhLa1qpMkgSsBCsa0\nTWQMlMrFMgCcBrsFvcyct4dxGjG0yWMuSvTGyrAPbJMB1sWMkeKk4L6kSgB7NfU8\n+lA9AoIBABSJkfcZU5uMPVHqsN5v/e8ku+pFBwWxmi8Df4uHj+oyiGK648sp7psG\nm5DS9nqs9jtaGM86WovSxjOsNYFL0YCXv1RT8x2/fvt2ER/i0zCgqoARhIQ2b4KC\nRHR6qBoeDHSfD2r/fnLyTqsfWy2S/JQOujl5WV+DLvIJ87+Fqj7KFJneYVBlSf2I\nJspo4fH5DMrrVXBq1LxOS6hOzAMOgMR7zHgnuCGsis5DAxSHQ6vSIK38/dUjD8yR\n95V/+ZDiZ5337hixyFwJd8LZaynafPskOqxrqbaEpOREHxJAnvxJFotTMw20PlxL\ng2jEGLG0G5VRYXFBs8DLMI2t98Lfj90CggEAVJHcO0U40EJ7UE9zbD29wYxtYF3w\nG76VgIjCx2d7UqrXsQmtb/4yZJQzAZaLThCH2WXQ2+L17mKSzxmHh8aAYvRNIIFS\nx0PYC/1TcTanq37tyfFpbeoGOhlwuofB7JR/8Vy/E41w9Dm7RGTnBIyM7op0MWAe\njPU3CQQifM3GqZQMrIS0+pK1jki+QbbfWixTgsToTaqAlX9udzzcR2Qfxo6xlgF7\nQsS2IQ3Qw11fjYmLkp+SixtHap57FK8/KfgyNVQp29pepZSXoARUcjb/rOQKmFoT\nTByaFd1dC+yOJNO7XUNSC6mqtT98GjK09gHTzfmz0z20KiyP1k9uyrWJNw==\n-----END RSA PRIVATE KEY-----\n",
            "private_key_pem_pkcs8": "-----BEGIN PRIVATE KEY-----\nMIIJQQIBADANBgkqhkiG9w0BAQEFAASCCSswggknAgEAAoICAQC7Ta4sP94hm2IX\nJAcs1jqptwZiwglLpsBhmGUVhp2pXxd6b6BYqAKCi6nEy+qL41/Qc2qraz4CJuuQ\nBCs5VS3bNpAntqlVRLY2PBrYTqHB00INRZsaek7qIY3aJRTfNL3+aW73391TluRt\nTAYjuImmPAG9r/eJf6zxgG0guHEbHoR/RNxkztXUBAh2tEh9TwswQwCljAcPhD4O\nszjvWe+Gpb0O2JkJUtrwibHOU1HMH+ld1lRLuCiwMyj+2OHwF28pgulkZjT8uDw4\nvWCqBb2dmjTAnorlhAPLldt6qKCUEOOVxrHxBqW4OprhjS+axpMP14jWZoxQ/JOb\nzzUVT7i+wZCwgiIuVjpRrrdmGq2E8qv7bd5Tx/v1/+pgCAnw3hZ7ihqcmsooVxf7\nYNflaWo80RO4oIMBPf0sSFS1gKFojQeePbjb3iuGAkZhgGPDRsIPID4ndE7x4RL/\n86AxSyg/4lvMRc4W1eEC6gKIzw5RBtuC1JGXRMTo9L3BeknkBtTKJDecwdEByypi\nMyE4RzYhim90LuTYlZfd8+zSMQIiPuJmvdQUlZ2JkbU3FjEUOH6mML1JGLbs7hqc\n2PQZKPkiZIEla+OuKqfZ5OobQdXRdwG2OfDM4Gf2IKYOB6d/n5ycxNDUeovSOyjR\nZNSBYDOI3CvA6aXSfTf2A2UtLUxF0QIDAQABAoICABSdN9+f3IXiBjmExL4PCorL\niB+OD8bXNed9MGwzkh47cdKO/tydtRUCuQRd6v+gCSy1ydYkP0FZC5D18dSQBt7Q\nUleZ7L4OihKi/9NcUsTfHYRna5V47j7UwuTGMwCz2yXpGwZF3vkzALX0vtznPk22\nNKeDT+DpVTKJJLmMAyAYdj2plFYLRjuyK++gkjUpt2da4HMtMPO+EAm/I4jYOEVJ\n8BT2YArHfILVAhAyrwHNEKU8EFqltziukML87LTnZ1vFZYQgFDyCLFfpo9NilAaz\nRj4IKkJDYBrjxdw/Oy5rQ25PCB4o/KEvi1nql4QsebADKTNrkDgzltf4RfUv/nre\nYD3TtP2OHQzr0vAyk8aYLGdNuErci/PyOVYyHWzrcUZ0MpcpF54APaCjSVn919Gd\nVXCSEL8McmFyy2XJpZnH0fSBa6HAz0yFo16CzsMD5CjSQBqQmwLhsnMtmZnAv07l\n+DO7ECTsovJVo+aUEeae4Z4ZZnoUkmJCI5UfrFCbacOCVQBeoUe4LLjIyRU2yjzm\nWAZ/bs/2nX6OOBwc3yvBshLY+sSRce6VGE69IU1tXiYY5UtUyAe5KKoYA75eBGFI\nNgg3RuBAw1GKSKEqyXCtAi+JTjHfV4l3S3FVLl2G3pw21Z7iFxCW5PkVO7H4O9AX\ncqZMl6LuVT9mfMPelpwvAoIBAQDIbQW2LoUQWdpamoWZr37v5TOzEEVE/Cf0Er8H\naxdiIIz5M23mF4Pb6tEHaR6qPqcpHgLtyZO9Nq9BZGCmst0Y2n5W669+2K8wd0jG\n0wzPJ/oeC3ABxjwOVWdxRKJmb1+cHPzNXCqr8UmNp/AAqc7bOrfYWvyXPXLUvFN0\npOYC8oaCz3SqqNtwYXDstCZe/tEKVTkhw4HyJTToI14VbQ+m9RY5rKF+sgRBCrhn\nmJBZ96Aa3ceuczba4iMw+V/iiOLMEYH1I5AqxTO1mSylL2Vz7a3f/A7fvWVBF70M\nefNTwekI+sBIIIswOvza1A1B2QcM2DtcXkj1pdwwFQ91EidnAoIBAQDvPS3OdeKN\nx8w5hC0wujccPgX2CD/T+0MZd5t8LsB3guSqJfktTvuVlACzws/urvR03eFM3K3r\nrLsJqlNuFiaa8vuLTCWSXZZissM0sLESplHBwK+4a+uoWd3oHbHFID4Bbx7DP9xv\nyjKqF2b4XOySfPbRS2Q8oqYM9rUrSsvfzHZ80F3czt/SOvyROxQ+BTjgm9GTWeAb\nzcNTkHDujN6N/sTvWr7+e8pAg9Z69v/eC6vqaqajTjd/Nz9oLo12ZcR/wHsRjwS5\nXxeVwjUdScC75DwX8yyZ6E/DQQoHFZ/wWa2/1D5KDAQHXaG6/rOLuxNy/AfDtw8h\nK0oHB/urg/4HAoIBAGSJG3ZZO3IKQFd2b1G6EGhxhk9p9/U0ry3lQWGNPHuCbHSM\ncbIbVY846IVZG4K2Ts93OGzi0nL1PVAF891qlzFiWEFtk+iC9M3Q5/aj4yb+nJ35\nisO5FmLyQCM3FGdhsonymHTCqLz7GbQu61rJ0vNxLsseSNnsfu9rUEmQdbhAw2xW\nd+UrMnfayPRTIXRBScZvHWtsUICQXUucghMpU9Kh2fYwPAn7bdrab8m3Y6FdbzhK\ny2EcdgWxrYlhbdGKbImEtrWqkySBKwEKxrRNZAyUysUyAJwGuwW9zJy3h3EaMbTJ\nYy5K9MbKsA9skwHWxYyR4qTgvqRKAHs19Tz6UD0CggEAFImR9xlTm4w9Ueqw3m/9\n7yS76kUHBbGaLwN/i4eP6jKIYrrjyynumwabkNL2eqz2O1oYzzpai9LGM6w1gUvR\ngJe/VFPzHb9++3YRH+LTMKCqgBGEhDZvgoJEdHqoGh4MdJ8Pav9+cvJOqx9bLZL8\nlA66OXlZX4Mu8gnzv4WqPsoUmd5hUGVJ/Ygmymjh8fkMyutVcGrUvE5LqE7MAw6A\nxHvMeCe4IayKzkMDFIdDq9Igrfz91SMPzJH3lX/5kOJnnffuGLHIXAl3wtlrKdp8\n+yQ6rGuptoSk5EQfEkCe/EkWi1MzDbQ+XEuDaMQYsbQblVFhcUGzwMswja33wt+P\n3QKCAQBUkdw7RTjQQntQT3NsPb3BjG1gXfAbvpWAiMLHZ3tSqtexCa1v/jJklDMB\nlotOEIfZZdDb4vXuYpLPGYeHxoBi9E0ggVLHQ9gL/VNxNqerfu3J8Wlt6gY6GXC6\nh8HslH/xXL8TjXD0ObtEZOcEjIzuinQxYB6M9TcJBCJ8zcaplAyshLT6krWOSL5B\ntt9aLFOCxOhNqoCVf253PNxHZB/GjrGWAXtCxLYhDdDDXV+NiYuSn5KLG0dqnnsU\nrz8p+DI1VCnb2l6llJegBFRyNv+s5AqYWhNMHJoV3V0L7I4k07tdQ1ILqaq1P3wa\nMrT2AdPN+bPTPbQqLI/WT27KtYk3\n-----END PRIVATE KEY-----\n",
            "public_key_fingerprint_md5": "eb:fd:12:ff:c3:78:af:d8:0c:4f:7e:ac:70:04:db:02",
            "public_key_fingerprint_sha256": "SHA256:Jdfl/GH09MFnFuT5PbDOdLZSDz34UvscozpboFdAJ9w",
            "public_key_openssh": "ssh-rsa AAAAB3NzaC1yc2EAAAADAQABAAACAQC7Ta4sP94hm2IXJAcs1jqptwZiwglLpsBhmGUVhp2pXxd6b6BYqAKCi6nEy+qL41/Qc2qraz4CJuuQBCs5VS3bNpAntqlVRLY2PBrYTqHB00INRZsaek7qIY3aJRTfNL3+aW73391TluRtTAYjuImmPAG9r/eJf6zxgG0guHEbHoR/RNxkztXUBAh2tEh9TwswQwCljAcPhD4OszjvWe+Gpb0O2JkJUtrwibHOU1HMH+ld1lRLuCiwMyj+2OHwF28pgulkZjT8uDw4vWCqBb2dmjTAnorlhAPLldt6qKCUEOOVxrHxBqW4OprhjS+axpMP14jWZoxQ/JObzzUVT7i+wZCwgiIuVjpRrrdmGq2E8qv7bd5Tx/v1/+pgCAnw3hZ7ihqcmsooVxf7YNflaWo80RO4oIMBPf0sSFS1gKFojQeePbjb3iuGAkZhgGPDRsIPID4ndE7x4RL/86AxSyg/4lvMRc4W1eEC6gKIzw5RBtuC1JGXRMTo9L3BeknkBtTKJDecwdEByypiMyE4RzYhim90LuTYlZfd8+zSMQIiPuJmvdQUlZ2JkbU3FjEUOH6mML1JGLbs7hqc2PQZKPkiZIEla+OuKqfZ5OobQdXRdwG2OfDM4Gf2IKYOB6d/n5ycxNDUeovSOyjRZNSBYDOI3CvA6aXSfTf2A2UtLUxF0Q==\n",
            "public_key_pem": "-----BEGIN PUBLIC KEY-----\nMIICIjANBgkqhkiG9w0BAQEFAAOCAg8AMIICCgKCAgEAu02uLD/eIZtiFyQHLNY6\nqbcGYsIJS6bAYZhlFYadqV8Xem+gWKgCgoupxMvqi+Nf0HNqq2s+AibrkAQrOVUt\n2zaQJ7apVUS2Njwa2E6hwdNCDUWbGnpO6iGN2iUU3zS9/mlu99/dU5bkbUwGI7iJ\npjwBva/3iX+s8YBtILhxGx6Ef0TcZM7V1AQIdrRIfU8LMEMApYwHD4Q+DrM471nv\nhqW9DtiZCVLa8ImxzlNRzB/pXdZUS7gosDMo/tjh8BdvKYLpZGY0/Lg8OL1gqgW9\nnZo0wJ6K5YQDy5XbeqiglBDjlcax8QaluDqa4Y0vmsaTD9eI1maMUPyTm881FU+4\nvsGQsIIiLlY6Ua63ZhqthPKr+23eU8f79f/qYAgJ8N4We4oanJrKKFcX+2DX5Wlq\nPNETuKCDAT39LEhUtYChaI0Hnj24294rhgJGYYBjw0bCDyA+J3RO8eES//OgMUso\nP+JbzEXOFtXhAuoCiM8OUQbbgtSRl0TE6PS9wXpJ5AbUyiQ3nMHRAcsqYjMhOEc2\nIYpvdC7k2JWX3fPs0jECIj7iZr3UFJWdiZG1NxYxFDh+pjC9SRi27O4anNj0GSj5\nImSBJWvjriqn2eTqG0HV0XcBtjnwzOBn9iCmDgenf5+cnMTQ1HqL0jso0WTUgWAz\niNwrwOml0n039gNlLS1MRdECAwEAAQ==\n-----END PUBLIC KEY-----\n",
            "rsa_bits": 4096
          },
          "sensitive_attributes": [
            [
              {
                "type": "get_attr",
                "value": "private_key_openssh"
              }
            ],
            [
              {
                "type": "get_attr",
                "value": "private_key_pem"
              }
            ],
            [
              {
                "type": "get_attr",
                "value": "private_key_pem_pkcs8"
              }
            ]
          ],
          "identity_schema_version": 0
        }
      ]
    },
    {
      "module": "module.ec2",
      "mode": "managed",
      "type": "aws_instance",
      "name": "private_instance",
      "provider": "provider[\"registry.terraform.io/hashicorp/aws\"]",
      "instances": [
        {
          "schema_version": 1,
          "attributes": {
            "ami": "ami-09d0f541181899dd7",
            "arn": "arn:aws:ec2:ap-southeast-2:273354652194:instance/i-0f38ca95530ed7eff",
            "associate_public_ip_address": false,
            "availability_zone": "ap-southeast-2b",
            "capacity_reservation_specification": [
              {
                "capacity_reservation_preference": "open",
                "capacity_reservation_target": []
              }
            ],
            "cpu_core_count": 1,
            "cpu_options": [
              {
                "amd_sev_snp": "",
                "core_count": 1,
                "threads_per_core": 2
              }
            ],
            "cpu_threads_per_core": 2,
            "credit_specification": [
              {
                "cpu_credits": "unlimited"
              }
            ],
            "disable_api_stop": false,
            "disable_api_termination": false,
            "ebs_block_device": [],
            "ebs_optimized": false,
            "enable_primary_ipv6": null,
            "enclave_options": [
              {
                "enabled": false
              }
            ],
            "ephemeral_block_device": [],
            "get_password_data": false,
            "hibernation": false,
            "host_id": "",
            "host_resource_group_arn": null,
            "iam_instance_profile": "",
            "id": "i-0f38ca95530ed7eff",
            "instance_initiated_shutdown_behavior": "stop",
            "instance_lifecycle": "",
            "instance_market_options": [],
            "instance_state": "running",
            "instance_type": "t3.small",
            "ipv6_address_count": 0,
            "ipv6_addresses": [],
            "key_name": "TF_key",
            "launch_template": [],
            "maintenance_options": [
              {
                "auto_recovery": "default"
              }
            ],
            "metadata_options": [
              {
                "http_endpoint": "enabled",
                "http_protocol_ipv6": "disabled",
                "http_put_response_hop_limit": 2,
                "http_tokens": "required",
                "instance_metadata_tags": "disabled"
              }
            ],
            "monitoring": false,
            "network_interface": [],
            "outpost_arn": "",
            "password_data": "",
            "placement_group": "",
            "placement_partition_number": 0,
            "primary_network_interface_id": "eni-010dba9bc13943cac",
            "private_dns": "ip-10-0-2-241.ap-southeast-2.compute.internal",
            "private_dns_name_options": [
              {
                "enable_resource_name_dns_a_record": false,
                "enable_resource_name_dns_aaaa_record": false,
                "hostname_type": "ip-name"
              }
            ],
            "private_ip": "10.0.2.241",
            "public_dns": "",
            "public_ip": "",
            "root_block_device": [
              {
                "delete_on_termination": true,
                "device_name": "/dev/xvda",
                "encrypted": false,
                "iops": 3000,
                "kms_key_id": "",
                "tags": {},
                "tags_all": {},
                "throughput": 125,
                "volume_id": "vol-0ae7275a8aa867145",
                "volume_size": 8,
                "volume_type": "gp3"
              }
            ],
            "secondary_private_ips": [],
            "security_groups": [],
            "source_dest_check": true,
            "spot_instance_request_id": "",
            "subnet_id": "subnet-05ac48e1a023fc7e1",
            "tags": {
              "Name": "Private_instance"
            },
            "tags_all": {
              "Name": "Private_instance"
            },
            "tenancy": "default",
            "timeouts": null,
            "user_data": null,
            "user_data_base64": null,
            "user_data_replace_on_change": false,
            "volume_tags": null,
            "vpc_security_group_ids": [
              "sg-0ed69e86064cd207a"
            ]
          },
          "sensitive_attributes": [],
          "identity_schema_version": 0,
          "private": "eyJlMmJmYjczMC1lY2FhLTExZTYtOGY4OC0zNDM2M2JjN2M0YzAiOnsiY3JlYXRlIjo2MDAwMDAwMDAwMDAsImRlbGV0ZSI6MTIwMDAwMDAwMDAwMCwicmVhZCI6OTAwMDAwMDAwMDAwLCJ1cGRhdGUiOjYwMDAwMDAwMDAwMH0sInNjaGVtYV92ZXJzaW9uIjoiMSJ9",
          "dependencies": [
            "module.security_group.aws_security_group.private_security_group",
            "module.security_group.aws_security_group.public_security_group",
            "module.vpc.aws_subnet.private_subnet",
            "module.vpc.aws_vpc.vpc",
            "module.vpc.data.aws_availability_zones.available"
          ]
        }
      ]
    },
    {
      "module": "module.ec2",
      "mode": "managed",
      "type": "aws_instance",
      "name": "public_instance",
      "provider": "provider[\"registry.terraform.io/hashicorp/aws\"]",
      "instances": [
        {
          "schema_version": 1,
          "attributes": {
            "ami": "ami-09d0f541181899dd7",
            "arn": "arn:aws:ec2:ap-southeast-2:273354652194:instance/i-00980ce882d0f7229",
            "associate_public_ip_address": true,
            "availability_zone": "ap-southeast-2a",
            "capacity_reservation_specification": [
              {
                "capacity_reservation_preference": "open",
                "capacity_reservation_target": []
              }
            ],
            "cpu_core_count": 1,
            "cpu_options": [
              {
                "amd_sev_snp": "",
                "core_count": 1,
                "threads_per_core": 2
              }
            ],
            "cpu_threads_per_core": 2,
            "credit_specification": [
              {
                "cpu_credits": "unlimited"
              }
            ],
            "disable_api_stop": false,
            "disable_api_termination": false,
            "ebs_block_device": [],
            "ebs_optimized": false,
            "enable_primary_ipv6": null,
            "enclave_options": [
              {
                "enabled": false
              }
            ],
            "ephemeral_block_device": [],
            "get_password_data": false,
            "hibernation": false,
            "host_id": "",
            "host_resource_group_arn": null,
            "iam_instance_profile": "",
            "id": "i-00980ce882d0f7229",
            "instance_initiated_shutdown_behavior": "stop",
            "instance_lifecycle": "",
            "instance_market_options": [],
            "instance_state": "running",
            "instance_type": "t3.small",
            "ipv6_address_count": 0,
            "ipv6_addresses": [],
            "key_name": "TF_key",
            "launch_template": [],
            "maintenance_options": [
              {
                "auto_recovery": "default"
              }
            ],
            "metadata_options": [
              {
                "http_endpoint": "enabled",
                "http_protocol_ipv6": "disabled",
                "http_put_response_hop_limit": 2,
                "http_tokens": "required",
                "instance_metadata_tags": "disabled"
              }
            ],
            "monitoring": false,
            "network_interface": [],
            "outpost_arn": "",
            "password_data": "",
            "placement_group": "",
            "placement_partition_number": 0,
            "primary_network_interface_id": "eni-03bf3aacdfe8a21b0",
            "private_dns": "ip-10-0-1-113.ap-southeast-2.compute.internal",
            "private_dns_name_options": [
              {
                "enable_resource_name_dns_a_record": false,
                "enable_resource_name_dns_aaaa_record": false,
                "hostname_type": "ip-name"
              }
            ],
            "private_ip": "10.0.1.113",
            "public_dns": "",
            "public_ip": "3.25.72.65",
            "root_block_device": [
              {
                "delete_on_termination": true,
                "device_name": "/dev/xvda",
                "encrypted": false,
                "iops": 3000,
                "kms_key_id": "",
                "tags": {},
                "tags_all": {},
                "throughput": 125,
                "volume_id": "vol-01c09828a4cb3c78c",
                "volume_size": 8,
                "volume_type": "gp3"
              }
            ],
            "secondary_private_ips": [],
            "security_groups": [],
            "source_dest_check": true,
            "spot_instance_request_id": "",
            "subnet_id": "subnet-08b40beb72918489f",
            "tags": {
              "Name": "Public_instance"
            },
            "tags_all": {
              "Name": "Public_instance"
            },
            "tenancy": "default",
            "timeouts": null,
            "user_data": null,
            "user_data_base64": null,
            "user_data_replace_on_change": false,
            "volume_tags": null,
            "vpc_security_group_ids": [
              "sg-052364399e5230617"
            ]
          },
          "sensitive_attributes": [],
          "identity_schema_version": 0,
          "private": "eyJlMmJmYjczMC1lY2FhLTExZTYtOGY4OC0zNDM2M2JjN2M0YzAiOnsiY3JlYXRlIjo2MDAwMDAwMDAwMDAsImRlbGV0ZSI6MTIwMDAwMDAwMDAwMCwicmVhZCI6OTAwMDAwMDAwMDAwLCJ1cGRhdGUiOjYwMDAwMDAwMDAwMH0sInNjaGVtYV92ZXJzaW9uIjoiMSJ9",
          "dependencies": [
            "module.security_group.aws_security_group.public_security_group",
            "module.vpc.aws_subnet.public_subnet",
            "module.vpc.aws_vpc.vpc",
            "module.vpc.data.aws_availability_zones.available"
          ]
        }
      ]
    },
    {
      "module": "module.nat_gateway",
      "mode": "managed",
      "type": "aws_eip",
      "name": "eip",
      "provider": "provider[\"registry.terraform.io/hashicorp/aws\"]",
      "instances": [
        {
          "schema_version": 0,
          "attributes": {
            "address": null,
            "allocation_id": "eipalloc-0b351144129a64a78",
            "arn": "arn:aws:ec2:ap-southeast-2:273354652194:elastic-ip/eipalloc-0b351144129a64a78",
            "associate_with_private_ip": null,
            "association_id": "",
            "carrier_ip": "",
            "customer_owned_ip": "",
            "customer_owned_ipv4_pool": "",
            "domain": "vpc",
            "id": "eipalloc-0b351144129a64a78",
            "instance": "",
            "ipam_pool_id": null,
            "network_border_group": "ap-southeast-2",
            "network_interface": "",
            "private_dns": null,
            "private_ip": "",
            "ptr_record": "",
            "public_dns": "ec2-13-54-56-116.ap-southeast-2.compute.amazonaws.com",
            "public_ip": "13.54.56.116",
            "public_ipv4_pool": "amazon",
            "tags": {
              "name": "Eip"
            },
            "tags_all": {
              "name": "Eip"
            },
            "timeouts": null,
            "vpc": true
          },
          "sensitive_attributes": [],
          "identity_schema_version": 0,
          "private": "eyJlMmJmYjczMC1lY2FhLTExZTYtOGY4OC0zNDM2M2JjN2M0YzAiOnsiZGVsZXRlIjoxODAwMDAwMDAwMDAsInJlYWQiOjkwMDAwMDAwMDAwMCwidXBkYXRlIjozMDAwMDAwMDAwMDB9fQ=="
        }
      ]
    },
    {
      "module": "module.nat_gateway",
      "mode": "managed",
      "type": "aws_nat_gateway",
      "name": "nat_gw",
      "provider": "provider[\"registry.terraform.io/hashicorp/aws\"]",
      "instances": [
        {
          "schema_version": 0,
          "attributes": {
            "allocation_id": "eipalloc-0b351144129a64a78",
            "association_id": "eipassoc-0c3f095eb925affee",
            "connectivity_type": "public",
            "id": "nat-01d52688a251c7817",
            "network_interface_id": "eni-03ed14941cec5556a",
            "private_ip": "10.0.1.105",
            "public_ip": "13.54.56.116",
            "secondary_allocation_ids": null,
            "secondary_private_ip_address_count": 0,
            "secondary_private_ip_addresses": [],
            "subnet_id": "subnet-08b40beb72918489f",
            "tags": {
              "Name": "Nat_gateway"
            },
            "tags_all": {
              "Name": "Nat_gateway"
            },
            "timeouts": null
          },
          "sensitive_attributes": [],
          "identity_schema_version": 0,
          "private": "eyJlMmJmYjczMC1lY2FhLTExZTYtOGY4OC0zNDM2M2JjN2M0YzAiOnsiY3JlYXRlIjo2MDAwMDAwMDAwMDAsImRlbGV0ZSI6MTgwMDAwMDAwMDAwMCwidXBkYXRlIjo2MDAwMDAwMDAwMDB9fQ==",
          "dependencies": [
            "module.nat_gateway.aws_eip.eip",
            "module.vpc.aws_internet_gateway.gw",
            "module.vpc.aws_subnet.public_subnet",
            "module.vpc.aws_vpc.vpc",
            "module.vpc.data.aws_availability_zones.available"
          ]
        }
      ]
    },
    {
      "module": "module.nat_gateway",
      "mode": "managed",
      "type": "aws_route_table",
      "name": "private_route_table",
      "provider": "provider[\"registry.terraform.io/hashicorp/aws\"]",
      "instances": [
        {
          "schema_version": 0,
          "attributes": {
            "arn": "arn:aws:ec2:ap-southeast-2:273354652194:route-table/rtb-00ff5f28e62c0db6b",
            "id": "rtb-00ff5f28e62c0db6b",
            "owner_id": "273354652194",
            "propagating_vgws": [],
            "route": [
              {
                "carrier_gateway_id": "",
                "cidr_block": "0.0.0.0/0",
                "core_network_arn": "",
                "destination_prefix_list_id": "",
                "egress_only_gateway_id": "",
                "gateway_id": "",
                "ipv6_cidr_block": "",
                "local_gateway_id": "",
                "nat_gateway_id": "nat-01d52688a251c7817",
                "network_interface_id": "",
                "transit_gateway_id": "",
                "vpc_endpoint_id": "",
                "vpc_peering_connection_id": ""
              }
            ],
            "tags": {
              "Name": "Private_RT"
            },
            "tags_all": {
              "Name": "Private_RT"
            },
            "timeouts": null,
            "vpc_id": "vpc-023bcb81b3deb59b4"
          },
          "sensitive_attributes": [],
          "identity_schema_version": 0,
          "private": "eyJlMmJmYjczMC1lY2FhLTExZTYtOGY4OC0zNDM2M2JjN2M0YzAiOnsiY3JlYXRlIjozMDAwMDAwMDAwMDAsImRlbGV0ZSI6MzAwMDAwMDAwMDAwLCJ1cGRhdGUiOjEyMDAwMDAwMDAwMH19",
          "dependencies": [
            "module.nat_gateway.aws_eip.eip",
            "module.nat_gateway.aws_nat_gateway.nat_gw",
            "module.vpc.aws_internet_gateway.gw",
            "module.vpc.aws_subnet.public_subnet",
            "module.vpc.aws_vpc.vpc",
            "module.vpc.data.aws_availability_zones.available"
          ]
        }
      ]
    },
    {
      "module": "module.nat_gateway",
      "mode": "managed",
      "type": "aws_route_table_association",
      "name": "private_subnet_rt-association",
      "provider": "provider[\"registry.terraform.io/hashicorp/aws\"]",
      "instances": [
        {
          "schema_version": 0,
          "attributes": {
            "gateway_id": "",
            "id": "rtbassoc-0636939b4248b8c29",
            "route_table_id": "rtb-00ff5f28e62c0db6b",
            "subnet_id": "subnet-05ac48e1a023fc7e1",
            "timeouts": null
          },
          "sensitive_attributes": [],
          "identity_schema_version": 0,
          "private": "eyJlMmJmYjczMC1lY2FhLTExZTYtOGY4OC0zNDM2M2JjN2M0YzAiOnsiY3JlYXRlIjozMDAwMDAwMDAwMDAsImRlbGV0ZSI6MzAwMDAwMDAwMDAwLCJ1cGRhdGUiOjEyMDAwMDAwMDAwMH19",
          "dependencies": [
            "module.nat_gateway.aws_eip.eip",
            "module.nat_gateway.aws_nat_gateway.nat_gw",
            "module.nat_gateway.aws_route_table.private_route_table",
            "module.vpc.aws_internet_gateway.gw",
            "module.vpc.aws_subnet.private_subnet",
            "module.vpc.aws_subnet.public_subnet",
            "module.vpc.aws_vpc.vpc",
            "module.vpc.data.aws_availability_zones.available"
          ]
        }
      ]
    },
    {
      "module": "module.security_group",
      "mode": "managed",
      "type": "aws_security_group",
      "name": "private_security_group",
      "provider": "provider[\"registry.terraform.io/hashicorp/aws\"]",
      "instances": [
        {
          "schema_version": 1,
          "attributes": {
            "arn": "arn:aws:ec2:ap-southeast-2:273354652194:security-group/sg-0ed69e86064cd207a",
            "description": "Managed by Terraform",
            "egress": [
              {
                "cidr_blocks": [
                  "0.0.0.0/0"
                ],
                "description": "",
                "from_port": 0,
                "ipv6_cidr_blocks": [],
                "prefix_list_ids": [],
                "protocol": "-1",
                "security_groups": [],
                "self": false,
                "to_port": 0
              }
            ],
            "id": "sg-0ed69e86064cd207a",
            "ingress": [
              {
                "cidr_blocks": [],
                "description": "Allow SSH from public instances",
                "from_port": 22,
                "ipv6_cidr_blocks": [],
                "prefix_list_ids": [],
                "protocol": "tcp",
                "security_groups": [
                  "sg-052364399e5230617"
                ],
                "self": false,
                "to_port": 22
              }
            ],
            "name": "allow_ssh_from_public",
            "name_prefix": "",
            "owner_id": "273354652194",
            "revoke_rules_on_delete": false,
            "tags": {
              "name": "Private_security_group"
            },
            "tags_all": {
              "name": "Private_security_group"
            },
            "timeouts": null,
            "vpc_id": "vpc-023bcb81b3deb59b4"
          },
          "sensitive_attributes": [],
          "identity_schema_version": 0,
          "private": "eyJlMmJmYjczMC1lY2FhLTExZTYtOGY4OC0zNDM2M2JjN2M0YzAiOnsiY3JlYXRlIjo2MDAwMDAwMDAwMDAsImRlbGV0ZSI6OTAwMDAwMDAwMDAwfSwic2NoZW1hX3ZlcnNpb24iOiIxIn0=",
          "dependencies": [
            "module.security_group.aws_security_group.public_security_group",
            "module.vpc.aws_vpc.vpc"
          ]
        }
      ]
    },
    {
      "module": "module.security_group",
      "mode": "managed",
      "type": "aws_security_group",
      "name": "public_security_group",
      "provider": "provider[\"registry.terraform.io/hashicorp/aws\"]",
      "instances": [
        {
          "schema_version": 1,
          "attributes": {
            "arn": "arn:aws:ec2:ap-southeast-2:273354652194:security-group/sg-052364399e5230617",
            "description": "Managed by Terraform",
            "egress": [
              {
                "cidr_blocks": [
                  "0.0.0.0/0"
                ],
                "description": "",
                "from_port": 0,
                "ipv6_cidr_blocks": [],
                "prefix_list_ids": [],
                "protocol": "-1",
                "security_groups": [],
                "self": false,
                "to_port": 0
              }
            ],
            "id": "sg-052364399e5230617",
            "ingress": [
              {
                "cidr_blocks": [
                  "0.0.0.0/0"
                ],
                "description": "Allow SSH from specified sources",
                "from_port": 22,
                "ipv6_cidr_blocks": [],
                "prefix_list_ids": [],
                "protocol": "tcp",
                "security_groups": [],
                "self": false,
                "to_port": 22
              }
            ],
            "name": "allow_ssh_to_public",
            "name_prefix": "",
            "owner_id": "273354652194",
            "revoke_rules_on_delete": false,
            "tags": {
              "name": "Public_security_group"
            },
            "tags_all": {
              "name": "Public_security_group"
            },
            "timeouts": null,
            "vpc_id": "vpc-023bcb81b3deb59b4"
          },
          "sensitive_attributes": [],
          "identity_schema_version": 0,
          "private": "eyJlMmJmYjczMC1lY2FhLTExZTYtOGY4OC0zNDM2M2JjN2M0YzAiOnsiY3JlYXRlIjo2MDAwMDAwMDAwMDAsImRlbGV0ZSI6OTAwMDAwMDAwMDAwfSwic2NoZW1hX3ZlcnNpb24iOiIxIn0=",
          "dependencies": [
            "module.vpc.aws_vpc.vpc"
          ]
        }
      ]
    },
    {
      "module": "module.vpc",
      "mode": "data",
      "type": "aws_availability_zones",
      "name": "available",
      "provider": "provider[\"registry.terraform.io/hashicorp/aws\"]",
      "instances": [
        {
          "schema_version": 0,
          "attributes": {
            "all_availability_zones": null,
            "exclude_names": null,
            "exclude_zone_ids": null,
            "filter": null,
            "group_names": [
              "ap-southeast-2-zg-1"
            ],
            "id": "ap-southeast-2",
            "names": [
              "ap-southeast-2a",
              "ap-southeast-2b",
              "ap-southeast-2c"
            ],
            "state": "available",
            "timeouts": null,
            "zone_ids": [
              "apse2-az1",
              "apse2-az3",
              "apse2-az2"
            ]
          },
          "sensitive_attributes": [],
          "identity_schema_version": 0
        }
      ]
    },
    {
      "module": "module.vpc",
      "mode": "managed",
      "type": "aws_default_security_group",
      "name": "default_security_group",
      "provider": "provider[\"registry.terraform.io/hashicorp/aws\"]",
      "instances": [
        {
          "schema_version": 1,
          "attributes": {
            "arn": "arn:aws:ec2:ap-southeast-2:273354652194:security-group/sg-0c27f6509cf8aa8e9",
            "description": "default VPC security group",
            "egress": [
              {
                "cidr_blocks": [
                  "0.0.0.0/0"
                ],
                "description": "",
                "from_port": 0,
                "ipv6_cidr_blocks": [],
                "prefix_list_ids": [],
                "protocol": "-1",
                "security_groups": [],
                "self": false,
                "to_port": 0
              }
            ],
            "id": "sg-0c27f6509cf8aa8e9",
            "ingress": [
              {
                "cidr_blocks": [],
                "description": "",
                "from_port": 0,
                "ipv6_cidr_blocks": [],
                "prefix_list_ids": [],
                "protocol": "-1",
                "security_groups": [],
                "self": true,
                "to_port": 0
              }
            ],
            "name": "default",
            "name_prefix": "",
            "owner_id": "273354652194",
            "revoke_rules_on_delete": false,
            "tags": {
              "name": "Default_security_group"
            },
            "tags_all": {
              "name": "Default_security_group"
            },
            "vpc_id": "vpc-023bcb81b3deb59b4"
          },
          "sensitive_attributes": [],
          "identity_schema_version": 0,
          "private": "eyJzY2hlbWFfdmVyc2lvbiI6IjEifQ==",
          "dependencies": [
            "module.vpc.aws_vpc.vpc"
          ]
        }
      ]
    },
    {
      "module": "module.vpc",
      "mode": "managed",
      "type": "aws_internet_gateway",
      "name": "gw",
      "provider": "provider[\"registry.terraform.io/hashicorp/aws\"]",
      "instances": [
        {
          "schema_version": 0,
          "attributes": {
            "arn": "arn:aws:ec2:ap-southeast-2:273354652194:internet-gateway/igw-01fe8df422d94db58",
            "id": "igw-01fe8df422d94db58",
            "owner_id": "273354652194",
            "tags": {
              "Name": "Internet_gateway"
            },
            "tags_all": {
              "Name": "Internet_gateway"
            },
            "timeouts": null,
            "vpc_id": "vpc-023bcb81b3deb59b4"
          },
          "sensitive_attributes": [],
          "identity_schema_version": 0,
          "private": "eyJlMmJmYjczMC1lY2FhLTExZTYtOGY4OC0zNDM2M2JjN2M0YzAiOnsiY3JlYXRlIjoxMjAwMDAwMDAwMDAwLCJkZWxldGUiOjEyMDAwMDAwMDAwMDAsInVwZGF0ZSI6MTIwMDAwMDAwMDAwMH19",
          "dependencies": [
            "module.vpc.aws_vpc.vpc"
          ]
        }
      ]
    },
    {
      "module": "module.vpc",
      "mode": "managed",
      "type": "aws_route_table",
      "name": "public_route_table",
      "provider": "provider[\"registry.terraform.io/hashicorp/aws\"]",
      "instances": [
        {
          "schema_version": 0,
          "attributes": {
            "arn": "arn:aws:ec2:ap-southeast-2:273354652194:route-table/rtb-0bc7f185d3c40d1f8",
            "id": "rtb-0bc7f185d3c40d1f8",
            "owner_id": "273354652194",
            "propagating_vgws": [],
            "route": [
              {
                "carrier_gateway_id": "",
                "cidr_block": "0.0.0.0/0",
                "core_network_arn": "",
                "destination_prefix_list_id": "",
                "egress_only_gateway_id": "",
                "gateway_id": "igw-01fe8df422d94db58",
                "ipv6_cidr_block": "",
                "local_gateway_id": "",
                "nat_gateway_id": "",
                "network_interface_id": "",
                "transit_gateway_id": "",
                "vpc_endpoint_id": "",
                "vpc_peering_connection_id": ""
              }
            ],
            "tags": {
              "Name": "Public_RT"
            },
            "tags_all": {
              "Name": "Public_RT"
            },
            "timeouts": null,
            "vpc_id": "vpc-023bcb81b3deb59b4"
          },
          "sensitive_attributes": [],
          "identity_schema_version": 0,
          "private": "eyJlMmJmYjczMC1lY2FhLTExZTYtOGY4OC0zNDM2M2JjN2M0YzAiOnsiY3JlYXRlIjozMDAwMDAwMDAwMDAsImRlbGV0ZSI6MzAwMDAwMDAwMDAwLCJ1cGRhdGUiOjEyMDAwMDAwMDAwMH19",
          "dependencies": [
            "module.vpc.aws_internet_gateway.gw",
            "module.vpc.aws_vpc.vpc"
          ]
        }
      ]
    },
    {
      "module": "module.vpc",
      "mode": "managed",
      "type": "aws_route_table_association",
      "name": "public_subnet_rt-association",
      "provider": "provider[\"registry.terraform.io/hashicorp/aws\"]",
      "instances": [
        {
          "schema_version": 0,
          "attributes": {
            "gateway_id": "",
            "id": "rtbassoc-0b996c821b10cdf51",
            "route_table_id": "rtb-0bc7f185d3c40d1f8",
            "subnet_id": "subnet-08b40beb72918489f",
            "timeouts": null
          },
          "sensitive_attributes": [],
          "identity_schema_version": 0,
          "private": "eyJlMmJmYjczMC1lY2FhLTExZTYtOGY4OC0zNDM2M2JjN2M0YzAiOnsiY3JlYXRlIjozMDAwMDAwMDAwMDAsImRlbGV0ZSI6MzAwMDAwMDAwMDAwLCJ1cGRhdGUiOjEyMDAwMDAwMDAwMH19",
          "dependencies": [
            "module.vpc.aws_internet_gateway.gw",
            "module.vpc.aws_route_table.public_route_table",
            "module.vpc.aws_subnet.public_subnet",
            "module.vpc.aws_vpc.vpc",
            "module.vpc.data.aws_availability_zones.available"
          ]
        }
      ]
    },
    {
      "module": "module.vpc",
      "mode": "managed",
      "type": "aws_subnet",
      "name": "private_subnet",
      "provider": "provider[\"registry.terraform.io/hashicorp/aws\"]",
      "instances": [
        {
          "schema_version": 1,
          "attributes": {
            "arn": "arn:aws:ec2:ap-southeast-2:273354652194:subnet/subnet-05ac48e1a023fc7e1",
            "assign_ipv6_address_on_creation": false,
            "availability_zone": "ap-southeast-2b",
            "availability_zone_id": "apse2-az3",
            "cidr_block": "10.0.2.0/24",
            "customer_owned_ipv4_pool": "",
            "enable_dns64": false,
            "enable_lni_at_device_index": 0,
            "enable_resource_name_dns_a_record_on_launch": false,
            "enable_resource_name_dns_aaaa_record_on_launch": false,
            "id": "subnet-05ac48e1a023fc7e1",
            "ipv6_cidr_block": "",
            "ipv6_cidr_block_association_id": "",
            "ipv6_native": false,
            "map_customer_owned_ip_on_launch": false,
            "map_public_ip_on_launch": false,
            "outpost_arn": "",
            "owner_id": "273354652194",
            "private_dns_hostname_type_on_launch": "ip-name",
            "tags": {
              "Name": "Private_subnet"
            },
            "tags_all": {
              "Name": "Private_subnet"
            },
            "timeouts": null,
            "vpc_id": "vpc-023bcb81b3deb59b4"
          },
          "sensitive_attributes": [],
          "identity_schema_version": 0,
          "private": "eyJlMmJmYjczMC1lY2FhLTExZTYtOGY4OC0zNDM2M2JjN2M0YzAiOnsiY3JlYXRlIjo2MDAwMDAwMDAwMDAsImRlbGV0ZSI6MTIwMDAwMDAwMDAwMH0sInNjaGVtYV92ZXJzaW9uIjoiMSJ9",
          "dependencies": [
            "module.vpc.aws_vpc.vpc",
            "module.vpc.data.aws_availability_zones.available"
          ]
        }
      ]
    },
    {
      "module": "module.vpc",
      "mode": "managed",
      "type": "aws_subnet",
      "name": "public_subnet",
      "provider": "provider[\"registry.terraform.io/hashicorp/aws\"]",
      "instances": [
        {
          "schema_version": 1,
          "attributes": {
            "arn": "arn:aws:ec2:ap-southeast-2:273354652194:subnet/subnet-08b40beb72918489f",
            "assign_ipv6_address_on_creation": false,
            "availability_zone": "ap-southeast-2a",
            "availability_zone_id": "apse2-az1",
            "cidr_block": "10.0.1.0/24",
            "customer_owned_ipv4_pool": "",
            "enable_dns64": false,
            "enable_lni_at_device_index": 0,
            "enable_resource_name_dns_a_record_on_launch": false,
            "enable_resource_name_dns_aaaa_record_on_launch": false,
            "id": "subnet-08b40beb72918489f",
            "ipv6_cidr_block": "",
            "ipv6_cidr_block_association_id": "",
            "ipv6_native": false,
            "map_customer_owned_ip_on_launch": false,
            "map_public_ip_on_launch": false,
            "outpost_arn": "",
            "owner_id": "273354652194",
            "private_dns_hostname_type_on_launch": "ip-name",
            "tags": {
              "Name": "Public_subnet"
            },
            "tags_all": {
              "Name": "Public_subnet"
            },
            "timeouts": null,
            "vpc_id": "vpc-023bcb81b3deb59b4"
          },
          "sensitive_attributes": [],
          "identity_schema_version": 0,
          "private": "eyJlMmJmYjczMC1lY2FhLTExZTYtOGY4OC0zNDM2M2JjN2M0YzAiOnsiY3JlYXRlIjo2MDAwMDAwMDAwMDAsImRlbGV0ZSI6MTIwMDAwMDAwMDAwMH0sInNjaGVtYV92ZXJzaW9uIjoiMSJ9",
          "dependencies": [
            "module.vpc.aws_vpc.vpc",
            "module.vpc.data.aws_availability_zones.available"
          ]
        }
      ]
    },
    {
      "module": "module.vpc",
      "mode": "managed",
      "type": "aws_vpc",
      "name": "vpc",
      "provider": "provider[\"registry.terraform.io/hashicorp/aws\"]",
      "instances": [
        {
          "schema_version": 1,
          "attributes": {
            "arn": "arn:aws:ec2:ap-southeast-2:273354652194:vpc/vpc-023bcb81b3deb59b4",
            "assign_generated_ipv6_cidr_block": false,
            "cidr_block": "10.0.0.0/16",
            "default_network_acl_id": "acl-076a03715a622486d",
            "default_route_table_id": "rtb-003c608eb77fcab0e",
            "default_security_group_id": "sg-0c27f6509cf8aa8e9",
            "dhcp_options_id": "dopt-06a66312ada608b94",
            "enable_dns_hostnames": false,
            "enable_dns_support": true,
            "enable_network_address_usage_metrics": false,
            "id": "vpc-023bcb81b3deb59b4",
            "instance_tenancy": "default",
            "ipv4_ipam_pool_id": null,
            "ipv4_netmask_length": null,
            "ipv6_association_id": "",
            "ipv6_cidr_block": "",
            "ipv6_cidr_block_network_border_group": "",
            "ipv6_ipam_pool_id": "",
            "ipv6_netmask_length": 0,
            "main_route_table_id": "rtb-003c608eb77fcab0e",
            "owner_id": "273354652194",
            "tags": {
              "Name": "VPC"
            },
            "tags_all": {
              "Name": "VPC"
            }
          },
          "sensitive_attributes": [],
          "identity_schema_version": 0,
          "private": "eyJzY2hlbWFfdmVyc2lvbiI6IjEifQ=="
        }
      ]
    }
  ],
  "check_results": null
}
