{
  "version": 4,
  "terraform_version": "1.13.4",
  "serial": 58,
  "lineage": "0d1713d3-b476-4cdf-b91f-f4f4940d0b66",
  "outputs": {
    "internet_gateway_id": {
      "value": "igw-0a68d1ef23b73022d",
      "type": "string"
    },
    "nat_gateway_id": {
      "value": "nat-07896c9f6b1826759",
      "type": "string"
    },
    "nat_gateway_public_ip": {
      "value": "52.6.154.38",
      "type": "string"
    },
    "private_instance_id": {
      "value": "i-08589540c807c5f7d",
      "type": "string"
    },
    "private_instance_private_ip": {
      "value": "10.0.2.200",
      "type": "string"
    },
    "private_security_group_id": {
      "value": "sg-04649ea4db425827e",
      "type": "string"
    },
    "private_subnet_id": {
      "value": "subnet-07dabb9e440e7ae74",
      "type": "string"
    },
    "public_instance_id": {
      "value": "i-0499a31fcbeddc085",
      "type": "string"
    },
    "public_instance_private_ip": {
      "value": "10.0.1.123",
      "type": "string"
    },
    "public_instance_public_ip": {
      "value": "34.236.152.173",
      "type": "string"
    },
    "public_security_group_id": {
      "value": "sg-0f09c08e1f0c6f5e2",
      "type": "string"
    },
    "public_subnet_id": {
      "value": "subnet-0a7575e19e1f51527",
      "type": "string"
    },
    "vpc_id": {
      "value": "vpc-0d8990b41f93ce051",
      "type": "string"
    }
  },
  "resources": [
    {
      "mode": "managed",
      "type": "aws_key_pair",
      "name": "TF_key",
      "provider": "provider[\"registry.terraform.io/hashicorp/aws\"]",
      "instances": [
        {
          "schema_version": 1,
          "attributes": {
            "arn": "arn:aws:ec2:us-east-1:533267221494:key-pair/TF_key",
            "fingerprint": "91:13:d9:07:f4:ee:06:7f:86:07:50:52:e5:78:48:42",
            "id": "TF_key",
            "key_name": "TF_key",
            "key_name_prefix": "",
            "key_pair_id": "key-02faaad1332e472c0",
            "key_type": "rsa",
            "public_key": "ssh-rsa AAAAB3NzaC1yc2EAAAADAQABAAACAQDBDN1lQEsgA8eagoVdC4Ow/F8BuH9dItKMAJ0lfssho3EdQisKIFA7kBFyRiVl7T6kHBArKylh4xLIhm5odqO7qXPy+bJOyHrxr9ndYZAIGL/jZ2bjsV0MN9SQQYfP57UJ3sF2UpcuksqvR2ub2ALxXfO70MRhNvO9LrJE7VBRBeccNQP2+DA2H2rNZ1ptdIlNK4gsaixJhptr4/FYZuIRmGH0xApJ9kiFjDtnxWrJUlWk6mA0cD4BGY0sw/7yG+q2OPesaB06juMH07ISln4K4lhO0OQffD898dvdFXIh+b0uZFGK4UfEaAKzVZOCKGs5edyXxbprgM4XCuKvdbcRUXszte+CtBB/GfT042mmw1ugvMZUQmnUm56Nr50Z/7X8KCNUPtsxvXyQDdynkHcs5IzDhZrgGkwwZHIZ2Py2J5agSaVs7sVp0wyXNXI85yPzJcIAT4T7thI/J0++cjQRfqNsr8Va3iQgolikqtKGu+LTHSoeEUNOVBdwxI5oIQWq9GRncpeKBJg7qTPaC2iaYtXIh9tU/bv7hW5W9EnLKb2wZUIFYKwQ9Fou1VSUfBPvDcB11/p9BO6DYR05yKpAS4vOLjeDv8Tc9tKlgu+9wOqHClk4Nwu8OVwI5hv+5+D+9Kx5XILQS0xdv5plEwdMckObU49DmfNtvYKbK1RPDw==",
            "tags": null,
            "tags_all": {}
          },
          "sensitive_attributes": [],
          "identity_schema_version": 0,
          "private": "eyJzY2hlbWFfdmVyc2lvbiI6IjEifQ==",
          "dependencies": [
            "tls_private_key.rsa"
          ]
        }
      ]
    },
    {
      "mode": "managed",
      "type": "local_file",
      "name": "TF-key",
      "provider": "provider[\"registry.terraform.io/hashicorp/local\"]",
      "instances": [
        {
          "schema_version": 0,
          "attributes": {
            "content": "-----BEGIN RSA PRIVATE KEY-----\nMIIJKQIBAAKCAgEAwQzdZUBLIAPHmoKFXQuDsPxfAbh/XSLSjACdJX7LIaNxHUIr\nCiBQO5ARckYlZe0+pBwQKyspYeMSyIZuaHaju6lz8vmyTsh68a/Z3WGQCBi/42dm\n47FdDDfUkEGHz+e1Cd7BdlKXLpLKr0drm9gC8V3zu9DEYTbzvS6yRO1QUQXnHDUD\n9vgwNh9qzWdabXSJTSuILGosSYaba+PxWGbiEZhh9MQKSfZIhYw7Z8VqyVJVpOpg\nNHA+ARmNLMP+8hvqtjj3rGgdOo7jB9OyEpZ+CuJYTtDkH3w/PfHb3RVyIfm9LmRR\niuFHxGgCs1WTgihrOXncl8W6a4DOFwrir3W3EVF7M7XvgrQQfxn09ONppsNboLzG\nVEJp1Jueja+dGf+1/CgjVD7bMb18kA3cp5B3LOSMw4Wa4BpMMGRyGdj8tieWoEml\nbO7FadMMlzVyPOcj8yXCAE+E+7YSPydPvnI0EX6jbK/FWt4kIKJYpKrShrvi0x0q\nHhFDTlQXcMSOaCEFqvRkZ3KXigSYO6kz2gtommLVyIfbVP27+4VuVvRJyym9sGVC\nBWCsEPRaLtVUlHwT7w3Addf6fQTug2EdOciqQEuLzi43g7/E3PbSpYLvvcDqhwpZ\nODcLvDlcCOYb/ufg/vSseVyC0EtMXb+aZRMHTHJDm1OPQ5nzbb2CmytUTw8CAwEA\nAQKCAgBLtmbyOef8016qS3xQhJ6OgDwmqZxSA8E9pVP8i6DRPY+0YOoOW6P76EHf\nZoFuW0CRDmyM8a2WNX99Y7PThowqoofWCHYVDe2h8kzo1UWu1z4SytAAhuQuUYst\nVHYWZRKMn2+Sn0upuWqCmekrQunMjgN0aqlKU0n+rVy/Sa+RR1Zfqq82YhpOb73s\ndxdxDB55RJRwjud1orQ7+TcDa75IFlJ8s5IxdcT1k40M4tFByefK+RzoFAlNVx8W\nKnxHqglAlFEWrfKgr798p1sUjS87x4/IwYZmjs0i10NajvmnN5IpqrCMXlRORFii\nyvJCPuXmsdOBNswpM2ggg2VqWSmFkr2CbichGhhLzgz6dkJVjQhr4T4EMoW6lJqw\nttNB8xZ2l0MOb3rjmNHOUGCGwKNI/U33/zSPvybSq4sEjhOKE1tKuPUBQ4oSN/IL\nYAKhbCKgzbHDDgVnm4AQ63xyvtqsdIcw05oijh6Rizhgj/AivfKgXSJpvD6b7Wg0\nusWkt4cZrT81ln18Xf4DJRHu4s3nYbvSO3JWBbcemmRA8aVF2qh8Xk8WUgcDMWsC\nXxvletlseOEgL8oUOuOCynyJONDLLOZIoOzY1gWbitYs1bmHWR9Citqu4PqdwtNC\ni80Ywu5kv73NY3/rKEv7+QL3I2MQKoBcvVz7dBqKmIwKuTk5KQKCAQEA+XDwtpMe\nzkrI+v+v9CwMpgXngRnVYAszx8GnuviBTHsuqHQRbzPlEHrNyI6Z7GSomBUEMmiw\nV5ef+z3+6XjdbeGIUS3tXtxWdPo1bxonyvcKJXX8y7fEeO/sBvb7JuiMveGrAqZx\nhxFN3sIbhB6vd0zF51lv1DTJt0nmmnbnTteqccrg7SfJNhHLsH5Xq4Ie6QRWr+EC\nqR0mAX56NiJRiLvyTY/IPcYI1bqz6X0nMP0pq19AC5IX4jeHI+vNmm9WPZ/z06yw\n44ixXk0ZVo/XO6FazChnQPK2ILe3XmPeevmYuQ2syrG5+87xW2c9yUDJqWlm+DFQ\ncV8x4f0zCeG5uwKCAQEAxiBXVsskXvNmCidpkyIdUCQGPyGFOS5chONPLVhYdISU\nQHjz1+/bWD5u9ECqdVR8L3mOm/e45tMF+Wqa3rOki+DMCJrGLrzyFMtDzgh37MF2\njGXIVcrKDJARp31DgVflSuJ4rAujMJjbfbMz3HbW6yHiyIbwSUOfZQQZTHrPC2lI\nDIGInaX8gwFU4TPrzZTE7IjY3dGSJK6RS3SlCbVCeLcsHKll6T9HygV2QkLZTSG2\nuu/8K9I9L8joClMPZn5c7N6kDNH60iGZ/0VmIJ5HXU+Cu9pTsFBGLI0yokQZDgYr\nMvWrFNEM/GIFXa/H0ZtecfTqJfHYu+V4UDmmG8+QvQKCAQB1IwxnMH9u8L+g3yGJ\n0IXAEVW90pvZFmmijNZvfvN5Lv+iK59kUUJoksLAQ/cUg9CIWpY19eOZvqJqIZrr\nmM6jIx4YwTCPM3mGRVmCaw30yj4BiX7FS+7/u+ti+ejHRL2TDb546CC4BPBEg3LY\ngHB13Z+yHNXfGUsAv7uDHgNRiwWHmnY16FEdCw5UO4CAEgLh+h+bSFcvg3itiu9p\nLISNaXVH5xVprO3JMHv8UcFtx/UhfQFebaS5nsnfnIRY2Z/uIIcoCBipQS/J0Prt\nI283mXZCGVcjsNbGVn/N26hGp5+Ih1t1dDCah3vgKINjVwFchRrNwpq8IrASKA0n\nvtCxAoIBAQC6lL5reEc6PBG+QjuEWj4suKBBV7n0jZqHcuGfnHFA2ZIb3UwV8UYp\npjIrR7K/Z97DfsA0VWgFyHj519EdJSQyrnK3L7qvTTTVLE8geo0lo1OXCEtPr/fz\nOMHHb4nhBvtiOEDYFOWL4Ifjqp2OY0QmjvTZT2p+NHapVODWS1ksL+uwC1Sy0hwo\n61oZ8yF/qziAYKeKzc/JR7SA0MqTh+WfdTDPlR/qNrPOprIl2Hp3zuYcyeA7DHSe\nyZ7sCiiYpyuvzkPD5wNEXGyAH8T7ttMSJszBR+xEQHS1hAtJEMRflqOcDAsfQXfv\nPgg7oEyXMrAQtUrEjStEV+ej9YZe7mwpAoIBAQCGiDOE2pJ/Do2TfManX6SdZNEN\ngmG7OsGU1aKvfD8QVcnxtLL0D9ydwj978xTyfs2YrUBM2SYrvVWEWwy5MEC7fdgR\n6ZD490yWakc1LvUhQN7MD0UpIIoH5FWLEWGuRV95yLgdijVqueX2n5NDUM1O/Hz9\noVC53X9qEvX/S5kaKUPPeOtIlt0F6V2cslYcqXKwNcWHvtuUDTp6N8GAfq2whsSs\nTkuRiQ2BjnjdqWABGXJB6tv9WmExAujqfvmLsN9TEe66ecxDdQCODjwdut09YmPX\ns/6lVNEt/giArEk4FVAxW4DotOs/dYEGVfLzOPmvdF65fLyO4dASvyIdrN+t\n-----END RSA PRIVATE KEY-----\n",
            "content_base64": null,
            "content_base64sha256": "2KTxiMn0KEQcF4hzY2DXbFnK1Ef6ZVKauSxZxVrb8+Y=",
            "content_base64sha512": "VRWdMmLLOrCLsnmnB260iW8mXMiBHDwvmv9CIsz8fb3ZwLyfPhXacOBHCj4BQOZGwBLk3mW0nGiY3gMDSwdHHA==",
            "content_md5": "ae19a05a15cbe45a302711d2df513b47",
            "content_sha1": "74bf350bd566e2972c2c5e9babba7226826477bd",
            "content_sha256": "d8a4f188c9f428441c1788736360d76c59cad447fa65529ab92c59c55adbf3e6",
            "content_sha512": "55159d3262cb3ab08bb279a7076eb4896f265cc8811c3c2f9aff4222ccfc7dbdd9c0bc9f3e15da70e0470a3e0140e646c012e4de65b49c6898de03034b07471c",
            "directory_permission": "0777",
            "file_permission": "0777",
            "filename": "tfkey",
            "id": "74bf350bd566e2972c2c5e9babba7226826477bd",
            "sensitive_content": null,
            "source": null
          },
          "sensitive_attributes": [
            [
              {
                "type": "get_attr",
                "value": "content"
              }
            ],
            [
              {
                "type": "get_attr",
                "value": "sensitive_content"
              }
            ]
          ],
          "identity_schema_version": 0,
          "dependencies": [
            "tls_private_key.rsa"
          ]
        }
      ]
    },
    {
      "mode": "managed",
      "type": "tls_private_key",
      "name": "rsa",
      "provider": "provider[\"registry.terraform.io/hashicorp/tls\"]",
      "instances": [
        {
          "schema_version": 1,
          "attributes": {
            "algorithm": "RSA",
            "ecdsa_curve": "P224",
            "id": "eefceb13180f7d5f006b3d30371de6e3dbf8bea9",
            "private_key_openssh": "-----BEGIN OPENSSH PRIVATE KEY-----\nb3BlbnNzaC1rZXktdjEAAAAABG5vbmUAAAAEbm9uZQAAAAAAAAABAAACFwAAAAdz\nc2gtcnNhAAAAAwEAAQAAAgEAwQzdZUBLIAPHmoKFXQuDsPxfAbh/XSLSjACdJX7L\nIaNxHUIrCiBQO5ARckYlZe0+pBwQKyspYeMSyIZuaHaju6lz8vmyTsh68a/Z3WGQ\nCBi/42dm47FdDDfUkEGHz+e1Cd7BdlKXLpLKr0drm9gC8V3zu9DEYTbzvS6yRO1Q\nUQXnHDUD9vgwNh9qzWdabXSJTSuILGosSYaba+PxWGbiEZhh9MQKSfZIhYw7Z8Vq\nyVJVpOpgNHA+ARmNLMP+8hvqtjj3rGgdOo7jB9OyEpZ+CuJYTtDkH3w/PfHb3RVy\nIfm9LmRRiuFHxGgCs1WTgihrOXncl8W6a4DOFwrir3W3EVF7M7XvgrQQfxn09ONp\npsNboLzGVEJp1Jueja+dGf+1/CgjVD7bMb18kA3cp5B3LOSMw4Wa4BpMMGRyGdj8\ntieWoEmlbO7FadMMlzVyPOcj8yXCAE+E+7YSPydPvnI0EX6jbK/FWt4kIKJYpKrS\nhrvi0x0qHhFDTlQXcMSOaCEFqvRkZ3KXigSYO6kz2gtommLVyIfbVP27+4VuVvRJ\nyym9sGVCBWCsEPRaLtVUlHwT7w3Addf6fQTug2EdOciqQEuLzi43g7/E3PbSpYLv\nvcDqhwpZODcLvDlcCOYb/ufg/vSseVyC0EtMXb+aZRMHTHJDm1OPQ5nzbb2CmytU\nTw8AAAc4LbGjuy2xo7sAAAAHc3NoLXJzYQAAAgEAwQzdZUBLIAPHmoKFXQuDsPxf\nAbh/XSLSjACdJX7LIaNxHUIrCiBQO5ARckYlZe0+pBwQKyspYeMSyIZuaHaju6lz\n8vmyTsh68a/Z3WGQCBi/42dm47FdDDfUkEGHz+e1Cd7BdlKXLpLKr0drm9gC8V3z\nu9DEYTbzvS6yRO1QUQXnHDUD9vgwNh9qzWdabXSJTSuILGosSYaba+PxWGbiEZhh\n9MQKSfZIhYw7Z8VqyVJVpOpgNHA+ARmNLMP+8hvqtjj3rGgdOo7jB9OyEpZ+CuJY\nTtDkH3w/PfHb3RVyIfm9LmRRiuFHxGgCs1WTgihrOXncl8W6a4DOFwrir3W3EVF7\nM7XvgrQQfxn09ONppsNboLzGVEJp1Jueja+dGf+1/CgjVD7bMb18kA3cp5B3LOSM\nw4Wa4BpMMGRyGdj8tieWoEmlbO7FadMMlzVyPOcj8yXCAE+E+7YSPydPvnI0EX6j\nbK/FWt4kIKJYpKrShrvi0x0qHhFDTlQXcMSOaCEFqvRkZ3KXigSYO6kz2gtommLV\nyIfbVP27+4VuVvRJyym9sGVCBWCsEPRaLtVUlHwT7w3Addf6fQTug2EdOciqQEuL\nzi43g7/E3PbSpYLvvcDqhwpZODcLvDlcCOYb/ufg/vSseVyC0EtMXb+aZRMHTHJD\nm1OPQ5nzbb2CmytUTw8AAAADAQABAAACAEu2ZvI55/zTXqpLfFCEno6APCapnFID\nwT2lU/yLoNE9j7Rg6g5bo/voQd9mgW5bQJEObIzxrZY1f31js9OGjCqih9YIdhUN\n7aHyTOjVRa7XPhLK0ACG5C5Riy1UdhZlEoyfb5KfS6m5aoKZ6StC6cyOA3RqqUpT\nSf6tXL9Jr5FHVl+qrzZiGk5vvex3F3EMHnlElHCO53WitDv5NwNrvkgWUnyzkjF1\nxPWTjQzi0UHJ58r5HOgUCU1XHxYqfEeqCUCUURat8qCvv3ynWxSNLzvHj8jBhmaO\nzSLXQ1qO+ac3kimqsIxeVE5EWKLK8kI+5eax04E2zCkzaCCDZWpZKYWSvYJuJyEa\nGEvODPp2QlWNCGvhPgQyhbqUmrC200HzFnaXQw5veuOY0c5QYIbAo0j9Tff/NI+/\nJtKriwSOE4oTW0q49QFDihI38gtgAqFsIqDNscMOBWebgBDrfHK+2qx0hzDTmiKO\nHpGLOGCP8CK98qBdImm8PpvtaDS6xaS3hxmtPzWWfXxd/gMlEe7izedhu9I7clYF\ntx6aZEDxpUXaqHxeTxZSBwMxawJfG+V62Wx44SAvyhQ644LKfIk40Mss5kig7NjW\nBZuK1izVuYdZH0KK2q7g+p3C00KLzRjC7mS/vc1jf+soS/v5AvcjYxAqgFy9XPt0\nGoqYjAq5OTkpAAABAQCGiDOE2pJ/Do2TfManX6SdZNENgmG7OsGU1aKvfD8QVcnx\ntLL0D9ydwj978xTyfs2YrUBM2SYrvVWEWwy5MEC7fdgR6ZD490yWakc1LvUhQN7M\nD0UpIIoH5FWLEWGuRV95yLgdijVqueX2n5NDUM1O/Hz9oVC53X9qEvX/S5kaKUPP\neOtIlt0F6V2cslYcqXKwNcWHvtuUDTp6N8GAfq2whsSsTkuRiQ2BjnjdqWABGXJB\n6tv9WmExAujqfvmLsN9TEe66ecxDdQCODjwdut09YmPXs/6lVNEt/giArEk4FVAx\nW4DotOs/dYEGVfLzOPmvdF65fLyO4dASvyIdrN+tAAABAQD5cPC2kx7OSsj6/6/0\nLAymBeeBGdVgCzPHwae6+IFMey6odBFvM+UQes3IjpnsZKiYFQQyaLBXl5/7Pf7p\neN1t4YhRLe1e3FZ0+jVvGifK9woldfzLt8R47+wG9vsm6Iy94asCpnGHEU3ewhuE\nHq93TMXnWW/UNMm3SeaadudO16pxyuDtJ8k2Ecuwflergh7pBFav4QKpHSYBfno2\nIlGIu/JNj8g9xgjVurPpfScw/SmrX0ALkhfiN4cj682ab1Y9n/PTrLDjiLFeTRlW\nj9c7oVrMKGdA8rYgt7deY956+Zi5DazKsbn7zvFbZz3JQMmpaWb4MVBxXzHh/TMJ\n4bm7AAABAQDGIFdWyyRe82YKJ2mTIh1QJAY/IYU5LlyE408tWFh0hJRAePPX79tY\nPm70QKp1VHwveY6b97jm0wX5apres6SL4MwImsYuvPIUy0POCHfswXaMZchVysoM\nkBGnfUOBV+VK4nisC6MwmNt9szPcdtbrIeLIhvBJQ59lBBlMes8LaUgMgYidpfyD\nAVThM+vNlMTsiNjd0ZIkrpFLdKUJtUJ4tywcqWXpP0fKBXZCQtlNIba67/wr0j0v\nyOgKUw9mflzs3qQM0frSIZn/RWYgnkddT4K72lOwUEYsjTKiRBkOBisy9asU0Qz8\nYgVdr8fRm15x9Ool8di75XhQOaYbz5C9AAAAAAEC\n-----END OPENSSH PRIVATE KEY-----\n",
            "private_key_pem": "-----BEGIN RSA PRIVATE KEY-----\nMIIJKQIBAAKCAgEAwQzdZUBLIAPHmoKFXQuDsPxfAbh/XSLSjACdJX7LIaNxHUIr\nCiBQO5ARckYlZe0+pBwQKyspYeMSyIZuaHaju6lz8vmyTsh68a/Z3WGQCBi/42dm\n47FdDDfUkEGHz+e1Cd7BdlKXLpLKr0drm9gC8V3zu9DEYTbzvS6yRO1QUQXnHDUD\n9vgwNh9qzWdabXSJTSuILGosSYaba+PxWGbiEZhh9MQKSfZIhYw7Z8VqyVJVpOpg\nNHA+ARmNLMP+8hvqtjj3rGgdOo7jB9OyEpZ+CuJYTtDkH3w/PfHb3RVyIfm9LmRR\niuFHxGgCs1WTgihrOXncl8W6a4DOFwrir3W3EVF7M7XvgrQQfxn09ONppsNboLzG\nVEJp1Jueja+dGf+1/CgjVD7bMb18kA3cp5B3LOSMw4Wa4BpMMGRyGdj8tieWoEml\nbO7FadMMlzVyPOcj8yXCAE+E+7YSPydPvnI0EX6jbK/FWt4kIKJYpKrShrvi0x0q\nHhFDTlQXcMSOaCEFqvRkZ3KXigSYO6kz2gtommLVyIfbVP27+4VuVvRJyym9sGVC\nBWCsEPRaLtVUlHwT7w3Addf6fQTug2EdOciqQEuLzi43g7/E3PbSpYLvvcDqhwpZ\nODcLvDlcCOYb/ufg/vSseVyC0EtMXb+aZRMHTHJDm1OPQ5nzbb2CmytUTw8CAwEA\nAQKCAgBLtmbyOef8016qS3xQhJ6OgDwmqZxSA8E9pVP8i6DRPY+0YOoOW6P76EHf\nZoFuW0CRDmyM8a2WNX99Y7PThowqoofWCHYVDe2h8kzo1UWu1z4SytAAhuQuUYst\nVHYWZRKMn2+Sn0upuWqCmekrQunMjgN0aqlKU0n+rVy/Sa+RR1Zfqq82YhpOb73s\ndxdxDB55RJRwjud1orQ7+TcDa75IFlJ8s5IxdcT1k40M4tFByefK+RzoFAlNVx8W\nKnxHqglAlFEWrfKgr798p1sUjS87x4/IwYZmjs0i10NajvmnN5IpqrCMXlRORFii\nyvJCPuXmsdOBNswpM2ggg2VqWSmFkr2CbichGhhLzgz6dkJVjQhr4T4EMoW6lJqw\nttNB8xZ2l0MOb3rjmNHOUGCGwKNI/U33/zSPvybSq4sEjhOKE1tKuPUBQ4oSN/IL\nYAKhbCKgzbHDDgVnm4AQ63xyvtqsdIcw05oijh6Rizhgj/AivfKgXSJpvD6b7Wg0\nusWkt4cZrT81ln18Xf4DJRHu4s3nYbvSO3JWBbcemmRA8aVF2qh8Xk8WUgcDMWsC\nXxvletlseOEgL8oUOuOCynyJONDLLOZIoOzY1gWbitYs1bmHWR9Citqu4PqdwtNC\ni80Ywu5kv73NY3/rKEv7+QL3I2MQKoBcvVz7dBqKmIwKuTk5KQKCAQEA+XDwtpMe\nzkrI+v+v9CwMpgXngRnVYAszx8GnuviBTHsuqHQRbzPlEHrNyI6Z7GSomBUEMmiw\nV5ef+z3+6XjdbeGIUS3tXtxWdPo1bxonyvcKJXX8y7fEeO/sBvb7JuiMveGrAqZx\nhxFN3sIbhB6vd0zF51lv1DTJt0nmmnbnTteqccrg7SfJNhHLsH5Xq4Ie6QRWr+EC\nqR0mAX56NiJRiLvyTY/IPcYI1bqz6X0nMP0pq19AC5IX4jeHI+vNmm9WPZ/z06yw\n44ixXk0ZVo/XO6FazChnQPK2ILe3XmPeevmYuQ2syrG5+87xW2c9yUDJqWlm+DFQ\ncV8x4f0zCeG5uwKCAQEAxiBXVsskXvNmCidpkyIdUCQGPyGFOS5chONPLVhYdISU\nQHjz1+/bWD5u9ECqdVR8L3mOm/e45tMF+Wqa3rOki+DMCJrGLrzyFMtDzgh37MF2\njGXIVcrKDJARp31DgVflSuJ4rAujMJjbfbMz3HbW6yHiyIbwSUOfZQQZTHrPC2lI\nDIGInaX8gwFU4TPrzZTE7IjY3dGSJK6RS3SlCbVCeLcsHKll6T9HygV2QkLZTSG2\nuu/8K9I9L8joClMPZn5c7N6kDNH60iGZ/0VmIJ5HXU+Cu9pTsFBGLI0yokQZDgYr\nMvWrFNEM/GIFXa/H0ZtecfTqJfHYu+V4UDmmG8+QvQKCAQB1IwxnMH9u8L+g3yGJ\n0IXAEVW90pvZFmmijNZvfvN5Lv+iK59kUUJoksLAQ/cUg9CIWpY19eOZvqJqIZrr\nmM6jIx4YwTCPM3mGRVmCaw30yj4BiX7FS+7/u+ti+ejHRL2TDb546CC4BPBEg3LY\ngHB13Z+yHNXfGUsAv7uDHgNRiwWHmnY16FEdCw5UO4CAEgLh+h+bSFcvg3itiu9p\nLISNaXVH5xVprO3JMHv8UcFtx/UhfQFebaS5nsnfnIRY2Z/uIIcoCBipQS/J0Prt\nI283mXZCGVcjsNbGVn/N26hGp5+Ih1t1dDCah3vgKINjVwFchRrNwpq8IrASKA0n\nvtCxAoIBAQC6lL5reEc6PBG+QjuEWj4suKBBV7n0jZqHcuGfnHFA2ZIb3UwV8UYp\npjIrR7K/Z97DfsA0VWgFyHj519EdJSQyrnK3L7qvTTTVLE8geo0lo1OXCEtPr/fz\nOMHHb4nhBvtiOEDYFOWL4Ifjqp2OY0QmjvTZT2p+NHapVODWS1ksL+uwC1Sy0hwo\n61oZ8yF/qziAYKeKzc/JR7SA0MqTh+WfdTDPlR/qNrPOprIl2Hp3zuYcyeA7DHSe\nyZ7sCiiYpyuvzkPD5wNEXGyAH8T7ttMSJszBR+xEQHS1hAtJEMRflqOcDAsfQXfv\nPgg7oEyXMrAQtUrEjStEV+ej9YZe7mwpAoIBAQCGiDOE2pJ/Do2TfManX6SdZNEN\ngmG7OsGU1aKvfD8QVcnxtLL0D9ydwj978xTyfs2YrUBM2SYrvVWEWwy5MEC7fdgR\n6ZD490yWakc1LvUhQN7MD0UpIIoH5FWLEWGuRV95yLgdijVqueX2n5NDUM1O/Hz9\noVC53X9qEvX/S5kaKUPPeOtIlt0F6V2cslYcqXKwNcWHvtuUDTp6N8GAfq2whsSs\nTkuRiQ2BjnjdqWABGXJB6tv9WmExAujqfvmLsN9TEe66ecxDdQCODjwdut09YmPX\ns/6lVNEt/giArEk4FVAxW4DotOs/dYEGVfLzOPmvdF65fLyO4dASvyIdrN+t\n-----END RSA PRIVATE KEY-----\n",
            "private_key_pem_pkcs8": "-----BEGIN PRIVATE KEY-----\nMIIJQwIBADANBgkqhkiG9w0BAQEFAASCCS0wggkpAgEAAoICAQDBDN1lQEsgA8ea\ngoVdC4Ow/F8BuH9dItKMAJ0lfssho3EdQisKIFA7kBFyRiVl7T6kHBArKylh4xLI\nhm5odqO7qXPy+bJOyHrxr9ndYZAIGL/jZ2bjsV0MN9SQQYfP57UJ3sF2Upcuksqv\nR2ub2ALxXfO70MRhNvO9LrJE7VBRBeccNQP2+DA2H2rNZ1ptdIlNK4gsaixJhptr\n4/FYZuIRmGH0xApJ9kiFjDtnxWrJUlWk6mA0cD4BGY0sw/7yG+q2OPesaB06juMH\n07ISln4K4lhO0OQffD898dvdFXIh+b0uZFGK4UfEaAKzVZOCKGs5edyXxbprgM4X\nCuKvdbcRUXszte+CtBB/GfT042mmw1ugvMZUQmnUm56Nr50Z/7X8KCNUPtsxvXyQ\nDdynkHcs5IzDhZrgGkwwZHIZ2Py2J5agSaVs7sVp0wyXNXI85yPzJcIAT4T7thI/\nJ0++cjQRfqNsr8Va3iQgolikqtKGu+LTHSoeEUNOVBdwxI5oIQWq9GRncpeKBJg7\nqTPaC2iaYtXIh9tU/bv7hW5W9EnLKb2wZUIFYKwQ9Fou1VSUfBPvDcB11/p9BO6D\nYR05yKpAS4vOLjeDv8Tc9tKlgu+9wOqHClk4Nwu8OVwI5hv+5+D+9Kx5XILQS0xd\nv5plEwdMckObU49DmfNtvYKbK1RPDwIDAQABAoICAEu2ZvI55/zTXqpLfFCEno6A\nPCapnFIDwT2lU/yLoNE9j7Rg6g5bo/voQd9mgW5bQJEObIzxrZY1f31js9OGjCqi\nh9YIdhUN7aHyTOjVRa7XPhLK0ACG5C5Riy1UdhZlEoyfb5KfS6m5aoKZ6StC6cyO\nA3RqqUpTSf6tXL9Jr5FHVl+qrzZiGk5vvex3F3EMHnlElHCO53WitDv5NwNrvkgW\nUnyzkjF1xPWTjQzi0UHJ58r5HOgUCU1XHxYqfEeqCUCUURat8qCvv3ynWxSNLzvH\nj8jBhmaOzSLXQ1qO+ac3kimqsIxeVE5EWKLK8kI+5eax04E2zCkzaCCDZWpZKYWS\nvYJuJyEaGEvODPp2QlWNCGvhPgQyhbqUmrC200HzFnaXQw5veuOY0c5QYIbAo0j9\nTff/NI+/JtKriwSOE4oTW0q49QFDihI38gtgAqFsIqDNscMOBWebgBDrfHK+2qx0\nhzDTmiKOHpGLOGCP8CK98qBdImm8PpvtaDS6xaS3hxmtPzWWfXxd/gMlEe7izedh\nu9I7clYFtx6aZEDxpUXaqHxeTxZSBwMxawJfG+V62Wx44SAvyhQ644LKfIk40Mss\n5kig7NjWBZuK1izVuYdZH0KK2q7g+p3C00KLzRjC7mS/vc1jf+soS/v5AvcjYxAq\ngFy9XPt0GoqYjAq5OTkpAoIBAQD5cPC2kx7OSsj6/6/0LAymBeeBGdVgCzPHwae6\n+IFMey6odBFvM+UQes3IjpnsZKiYFQQyaLBXl5/7Pf7peN1t4YhRLe1e3FZ0+jVv\nGifK9woldfzLt8R47+wG9vsm6Iy94asCpnGHEU3ewhuEHq93TMXnWW/UNMm3Seaa\ndudO16pxyuDtJ8k2Ecuwflergh7pBFav4QKpHSYBfno2IlGIu/JNj8g9xgjVurPp\nfScw/SmrX0ALkhfiN4cj682ab1Y9n/PTrLDjiLFeTRlWj9c7oVrMKGdA8rYgt7de\nY956+Zi5DazKsbn7zvFbZz3JQMmpaWb4MVBxXzHh/TMJ4bm7AoIBAQDGIFdWyyRe\n82YKJ2mTIh1QJAY/IYU5LlyE408tWFh0hJRAePPX79tYPm70QKp1VHwveY6b97jm\n0wX5apres6SL4MwImsYuvPIUy0POCHfswXaMZchVysoMkBGnfUOBV+VK4nisC6Mw\nmNt9szPcdtbrIeLIhvBJQ59lBBlMes8LaUgMgYidpfyDAVThM+vNlMTsiNjd0ZIk\nrpFLdKUJtUJ4tywcqWXpP0fKBXZCQtlNIba67/wr0j0vyOgKUw9mflzs3qQM0frS\nIZn/RWYgnkddT4K72lOwUEYsjTKiRBkOBisy9asU0Qz8YgVdr8fRm15x9Ool8di7\n5XhQOaYbz5C9AoIBAHUjDGcwf27wv6DfIYnQhcARVb3Sm9kWaaKM1m9+83ku/6Ir\nn2RRQmiSwsBD9xSD0IhaljX145m+omohmuuYzqMjHhjBMI8zeYZFWYJrDfTKPgGJ\nfsVL7v+762L56MdEvZMNvnjoILgE8ESDctiAcHXdn7Ic1d8ZSwC/u4MeA1GLBYea\ndjXoUR0LDlQ7gIASAuH6H5tIVy+DeK2K72kshI1pdUfnFWms7ckwe/xRwW3H9SF9\nAV5tpLmeyd+chFjZn+4ghygIGKlBL8nQ+u0jbzeZdkIZVyOw1sZWf83bqEann4iH\nW3V0MJqHe+Aog2NXAVyFGs3CmrwisBIoDSe+0LECggEBALqUvmt4Rzo8Eb5CO4Ra\nPiy4oEFXufSNmody4Z+ccUDZkhvdTBXxRimmMitHsr9n3sN+wDRVaAXIePnX0R0l\nJDKucrcvuq9NNNUsTyB6jSWjU5cIS0+v9/M4wcdvieEG+2I4QNgU5Yvgh+OqnY5j\nRCaO9NlPan40dqlU4NZLWSwv67ALVLLSHCjrWhnzIX+rOIBgp4rNz8lHtIDQypOH\n5Z91MM+VH+o2s86msiXYenfO5hzJ4DsMdJ7JnuwKKJinK6/OQ8PnA0RcbIAfxPu2\n0xImzMFH7ERAdLWEC0kQxF+Wo5wMCx9Bd+8+CDugTJcysBC1SsSNK0RX56P1hl7u\nbCkCggEBAIaIM4Takn8OjZN8xqdfpJ1k0Q2CYbs6wZTVoq98PxBVyfG0svQP3J3C\nP3vzFPJ+zZitQEzZJiu9VYRbDLkwQLt92BHpkPj3TJZqRzUu9SFA3swPRSkgigfk\nVYsRYa5FX3nIuB2KNWq55fafk0NQzU78fP2hULndf2oS9f9LmRopQ89460iW3QXp\nXZyyVhypcrA1xYe+25QNOno3wYB+rbCGxKxOS5GJDYGOeN2pYAEZckHq2/1aYTEC\n6Op++Yuw31MR7rp5zEN1AI4OPB263T1iY9ez/qVU0S3+CICsSTgVUDFbgOi06z91\ngQZV8vM4+a90Xrl8vI7h0BK/Ih2s360=\n-----END PRIVATE KEY-----\n",
            "public_key_fingerprint_md5": "34:3a:5f:45:6f:0b:f7:7e:1b:15:04:b5:91:ec:87:a2",
            "public_key_fingerprint_sha256": "SHA256:YDvXgzFKDZvxA8vrroHXy4GponguFNy5ytsxCdqDrSg",
            "public_key_openssh": "ssh-rsa AAAAB3NzaC1yc2EAAAADAQABAAACAQDBDN1lQEsgA8eagoVdC4Ow/F8BuH9dItKMAJ0lfssho3EdQisKIFA7kBFyRiVl7T6kHBArKylh4xLIhm5odqO7qXPy+bJOyHrxr9ndYZAIGL/jZ2bjsV0MN9SQQYfP57UJ3sF2UpcuksqvR2ub2ALxXfO70MRhNvO9LrJE7VBRBeccNQP2+DA2H2rNZ1ptdIlNK4gsaixJhptr4/FYZuIRmGH0xApJ9kiFjDtnxWrJUlWk6mA0cD4BGY0sw/7yG+q2OPesaB06juMH07ISln4K4lhO0OQffD898dvdFXIh+b0uZFGK4UfEaAKzVZOCKGs5edyXxbprgM4XCuKvdbcRUXszte+CtBB/GfT042mmw1ugvMZUQmnUm56Nr50Z/7X8KCNUPtsxvXyQDdynkHcs5IzDhZrgGkwwZHIZ2Py2J5agSaVs7sVp0wyXNXI85yPzJcIAT4T7thI/J0++cjQRfqNsr8Va3iQgolikqtKGu+LTHSoeEUNOVBdwxI5oIQWq9GRncpeKBJg7qTPaC2iaYtXIh9tU/bv7hW5W9EnLKb2wZUIFYKwQ9Fou1VSUfBPvDcB11/p9BO6DYR05yKpAS4vOLjeDv8Tc9tKlgu+9wOqHClk4Nwu8OVwI5hv+5+D+9Kx5XILQS0xdv5plEwdMckObU49DmfNtvYKbK1RPDw==\n",
            "public_key_pem": "-----BEGIN PUBLIC KEY-----\nMIICIjANBgkqhkiG9w0BAQEFAAOCAg8AMIICCgKCAgEAwQzdZUBLIAPHmoKFXQuD\nsPxfAbh/XSLSjACdJX7LIaNxHUIrCiBQO5ARckYlZe0+pBwQKyspYeMSyIZuaHaj\nu6lz8vmyTsh68a/Z3WGQCBi/42dm47FdDDfUkEGHz+e1Cd7BdlKXLpLKr0drm9gC\n8V3zu9DEYTbzvS6yRO1QUQXnHDUD9vgwNh9qzWdabXSJTSuILGosSYaba+PxWGbi\nEZhh9MQKSfZIhYw7Z8VqyVJVpOpgNHA+ARmNLMP+8hvqtjj3rGgdOo7jB9OyEpZ+\nCuJYTtDkH3w/PfHb3RVyIfm9LmRRiuFHxGgCs1WTgihrOXncl8W6a4DOFwrir3W3\nEVF7M7XvgrQQfxn09ONppsNboLzGVEJp1Jueja+dGf+1/CgjVD7bMb18kA3cp5B3\nLOSMw4Wa4BpMMGRyGdj8tieWoEmlbO7FadMMlzVyPOcj8yXCAE+E+7YSPydPvnI0\nEX6jbK/FWt4kIKJYpKrShrvi0x0qHhFDTlQXcMSOaCEFqvRkZ3KXigSYO6kz2gto\nmmLVyIfbVP27+4VuVvRJyym9sGVCBWCsEPRaLtVUlHwT7w3Addf6fQTug2EdOciq\nQEuLzi43g7/E3PbSpYLvvcDqhwpZODcLvDlcCOYb/ufg/vSseVyC0EtMXb+aZRMH\nTHJDm1OPQ5nzbb2CmytUTw8CAwEAAQ==\n-----END PUBLIC KEY-----\n",
            "rsa_bits": 4096
          },
          "sensitive_attributes": [
            [
              {
                "type": "get_attr",
                "value": "private_key_openssh"
              }
            ],
            [
              {
                "type": "get_attr",
                "value": "private_key_pem"
              }
            ],
            [
              {
                "type": "get_attr",
                "value": "private_key_pem_pkcs8"
              }
            ]
          ],
          "identity_schema_version": 0
        }
      ]
    },
    {
      "module": "module.ec2",
      "mode": "managed",
      "type": "aws_instance",
      "name": "private_instance",
      "provider": "provider[\"registry.terraform.io/hashicorp/aws\"]",
      "instances": [
        {
          "schema_version": 1,
          "attributes": {
            "ami": "ami-0ecb62995f68bb549",
            "arn": "arn:aws:ec2:us-east-1:533267221494:instance/i-08589540c807c5f7d",
            "associate_public_ip_address": false,
            "availability_zone": "us-east-1b",
            "capacity_reservation_specification": [
              {
                "capacity_reservation_preference": "open",
                "capacity_reservation_target": []
              }
            ],
            "cpu_core_count": 1,
            "cpu_options": [
              {
                "amd_sev_snp": "",
                "core_count": 1,
                "threads_per_core": 2
              }
            ],
            "cpu_threads_per_core": 2,
            "credit_specification": [
              {
                "cpu_credits": "unlimited"
              }
            ],
            "disable_api_stop": false,
            "disable_api_termination": false,
            "ebs_block_device": [],
            "ebs_optimized": false,
            "enable_primary_ipv6": null,
            "enclave_options": [
              {
                "enabled": false
              }
            ],
            "ephemeral_block_device": [],
            "get_password_data": false,
            "hibernation": false,
            "host_id": "",
            "host_resource_group_arn": null,
            "iam_instance_profile": "",
            "id": "i-08589540c807c5f7d",
            "instance_initiated_shutdown_behavior": "stop",
            "instance_lifecycle": "",
            "instance_market_options": [],
            "instance_state": "running",
            "instance_type": "t3.small",
            "ipv6_address_count": 0,
            "ipv6_addresses": [],
            "key_name": "vockey",
            "launch_template": [],
            "maintenance_options": [
              {
                "auto_recovery": "default"
              }
            ],
            "metadata_options": [
              {
                "http_endpoint": "enabled",
                "http_protocol_ipv6": "disabled",
                "http_put_response_hop_limit": 2,
                "http_tokens": "required",
                "instance_metadata_tags": "disabled"
              }
            ],
            "monitoring": false,
            "network_interface": [],
            "outpost_arn": "",
            "password_data": "",
            "placement_group": "",
            "placement_partition_number": 0,
            "primary_network_interface_id": "eni-0649941e9c9854dca",
            "private_dns": "ip-10-0-2-200.ec2.internal",
            "private_dns_name_options": [
              {
                "enable_resource_name_dns_a_record": false,
                "enable_resource_name_dns_aaaa_record": false,
                "hostname_type": "ip-name"
              }
            ],
            "private_ip": "10.0.2.200",
            "public_dns": "",
            "public_ip": "",
            "root_block_device": [
              {
                "delete_on_termination": true,
                "device_name": "/dev/sda1",
                "encrypted": false,
                "iops": 3000,
                "kms_key_id": "",
                "tags": {},
                "tags_all": {},
                "throughput": 125,
                "volume_id": "vol-0c4b730d8db1d1832",
                "volume_size": 8,
                "volume_type": "gp3"
              }
            ],
            "secondary_private_ips": [],
            "security_groups": [],
            "source_dest_check": true,
            "spot_instance_request_id": "",
            "subnet_id": "subnet-07dabb9e440e7ae74",
            "tags": {
              "Name": "Private_instance"
            },
            "tags_all": {
              "Name": "Private_instance"
            },
            "tenancy": "default",
            "timeouts": null,
            "user_data": null,
            "user_data_base64": null,
            "user_data_replace_on_change": false,
            "volume_tags": null,
            "vpc_security_group_ids": [
              "sg-04649ea4db425827e"
            ]
          },
          "sensitive_attributes": [],
          "identity_schema_version": 0,
          "private": "eyJlMmJmYjczMC1lY2FhLTExZTYtOGY4OC0zNDM2M2JjN2M0YzAiOnsiY3JlYXRlIjo2MDAwMDAwMDAwMDAsImRlbGV0ZSI6MTIwMDAwMDAwMDAwMCwicmVhZCI6OTAwMDAwMDAwMDAwLCJ1cGRhdGUiOjYwMDAwMDAwMDAwMH0sInNjaGVtYV92ZXJzaW9uIjoiMSJ9",
          "dependencies": [
            "module.security_group.aws_security_group.private_security_group",
            "module.security_group.aws_security_group.public_security_group",
            "module.vpc.aws_subnet.private_subnet",
            "module.vpc.aws_vpc.vpc",
            "module.vpc.data.aws_availability_zones.available"
          ]
        }
      ]
    },
    {
      "module": "module.ec2",
      "mode": "managed",
      "type": "aws_instance",
      "name": "public_instance",
      "provider": "provider[\"registry.terraform.io/hashicorp/aws\"]",
      "instances": [
        {
          "schema_version": 1,
          "attributes": {
            "ami": "ami-0ecb62995f68bb549",
            "arn": "arn:aws:ec2:us-east-1:533267221494:instance/i-0499a31fcbeddc085",
            "associate_public_ip_address": true,
            "availability_zone": "us-east-1a",
            "capacity_reservation_specification": [
              {
                "capacity_reservation_preference": "open",
                "capacity_reservation_target": []
              }
            ],
            "cpu_core_count": 1,
            "cpu_options": [
              {
                "amd_sev_snp": "",
                "core_count": 1,
                "threads_per_core": 2
              }
            ],
            "cpu_threads_per_core": 2,
            "credit_specification": [
              {
                "cpu_credits": "unlimited"
              }
            ],
            "disable_api_stop": false,
            "disable_api_termination": false,
            "ebs_block_device": [],
            "ebs_optimized": false,
            "enable_primary_ipv6": null,
            "enclave_options": [
              {
                "enabled": false
              }
            ],
            "ephemeral_block_device": [],
            "get_password_data": false,
            "hibernation": false,
            "host_id": "",
            "host_resource_group_arn": null,
            "iam_instance_profile": "",
            "id": "i-0499a31fcbeddc085",
            "instance_initiated_shutdown_behavior": "stop",
            "instance_lifecycle": "",
            "instance_market_options": [],
            "instance_state": "running",
            "instance_type": "t3.small",
            "ipv6_address_count": 0,
            "ipv6_addresses": [],
            "key_name": "vockey",
            "launch_template": [],
            "maintenance_options": [
              {
                "auto_recovery": "default"
              }
            ],
            "metadata_options": [
              {
                "http_endpoint": "enabled",
                "http_protocol_ipv6": "disabled",
                "http_put_response_hop_limit": 2,
                "http_tokens": "required",
                "instance_metadata_tags": "disabled"
              }
            ],
            "monitoring": false,
            "network_interface": [],
            "outpost_arn": "",
            "password_data": "",
            "placement_group": "",
            "placement_partition_number": 0,
            "primary_network_interface_id": "eni-0a9a6b339103d9bb3",
            "private_dns": "ip-10-0-1-123.ec2.internal",
            "private_dns_name_options": [
              {
                "enable_resource_name_dns_a_record": false,
                "enable_resource_name_dns_aaaa_record": false,
                "hostname_type": "ip-name"
              }
            ],
            "private_ip": "10.0.1.123",
            "public_dns": "",
            "public_ip": "34.236.152.173",
            "root_block_device": [
              {
                "delete_on_termination": true,
                "device_name": "/dev/sda1",
                "encrypted": false,
                "iops": 3000,
                "kms_key_id": "",
                "tags": {},
                "tags_all": {},
                "throughput": 125,
                "volume_id": "vol-0a7ee9f6b7ab884e8",
                "volume_size": 8,
                "volume_type": "gp3"
              }
            ],
            "secondary_private_ips": [],
            "security_groups": [],
            "source_dest_check": true,
            "spot_instance_request_id": "",
            "subnet_id": "subnet-0a7575e19e1f51527",
            "tags": {
              "Name": "Public_instance"
            },
            "tags_all": {
              "Name": "Public_instance"
            },
            "tenancy": "default",
            "timeouts": null,
            "user_data": null,
            "user_data_base64": null,
            "user_data_replace_on_change": false,
            "volume_tags": null,
            "vpc_security_group_ids": [
              "sg-0f09c08e1f0c6f5e2"
            ]
          },
          "sensitive_attributes": [],
          "identity_schema_version": 0,
          "private": "eyJlMmJmYjczMC1lY2FhLTExZTYtOGY4OC0zNDM2M2JjN2M0YzAiOnsiY3JlYXRlIjo2MDAwMDAwMDAwMDAsImRlbGV0ZSI6MTIwMDAwMDAwMDAwMCwicmVhZCI6OTAwMDAwMDAwMDAwLCJ1cGRhdGUiOjYwMDAwMDAwMDAwMH0sInNjaGVtYV92ZXJzaW9uIjoiMSJ9",
          "dependencies": [
            "module.security_group.aws_security_group.public_security_group",
            "module.vpc.aws_subnet.public_subnet",
            "module.vpc.aws_vpc.vpc",
            "module.vpc.data.aws_availability_zones.available"
          ]
        }
      ]
    },
    {
      "module": "module.nat_gateway",
      "mode": "managed",
      "type": "aws_eip",
      "name": "eip",
      "provider": "provider[\"registry.terraform.io/hashicorp/aws\"]",
      "instances": [
        {
          "schema_version": 0,
          "attributes": {
            "address": null,
            "allocation_id": "eipalloc-02af338c79b91faa7",
            "arn": "arn:aws:ec2:us-east-1:533267221494:elastic-ip/eipalloc-02af338c79b91faa7",
            "associate_with_private_ip": null,
            "association_id": "",
            "carrier_ip": "",
            "customer_owned_ip": "",
            "customer_owned_ipv4_pool": "",
            "domain": "vpc",
            "id": "eipalloc-02af338c79b91faa7",
            "instance": "",
            "ipam_pool_id": null,
            "network_border_group": "us-east-1",
            "network_interface": "",
            "private_dns": null,
            "private_ip": "",
            "ptr_record": "",
            "public_dns": "ec2-52-6-154-38.compute-1.amazonaws.com",
            "public_ip": "52.6.154.38",
            "public_ipv4_pool": "amazon",
            "tags": {
              "name": "Eip"
            },
            "tags_all": {
              "name": "Eip"
            },
            "timeouts": null,
            "vpc": true
          },
          "sensitive_attributes": [],
          "identity_schema_version": 0,
          "private": "eyJlMmJmYjczMC1lY2FhLTExZTYtOGY4OC0zNDM2M2JjN2M0YzAiOnsiZGVsZXRlIjoxODAwMDAwMDAwMDAsInJlYWQiOjkwMDAwMDAwMDAwMCwidXBkYXRlIjozMDAwMDAwMDAwMDB9fQ=="
        }
      ]
    },
    {
      "module": "module.nat_gateway",
      "mode": "managed",
      "type": "aws_nat_gateway",
      "name": "nat_gw",
      "provider": "provider[\"registry.terraform.io/hashicorp/aws\"]",
      "instances": [
        {
          "schema_version": 0,
          "attributes": {
            "allocation_id": "eipalloc-02af338c79b91faa7",
            "association_id": "eipassoc-0340dc41eb00667de",
            "connectivity_type": "public",
            "id": "nat-07896c9f6b1826759",
            "network_interface_id": "eni-085a53df68bcd00a5",
            "private_ip": "10.0.1.202",
            "public_ip": "52.6.154.38",
            "secondary_allocation_ids": null,
            "secondary_private_ip_address_count": 0,
            "secondary_private_ip_addresses": [],
            "subnet_id": "subnet-0a7575e19e1f51527",
            "tags": {
              "Name": "Nat_gateway"
            },
            "tags_all": {
              "Name": "Nat_gateway"
            },
            "timeouts": null
          },
          "sensitive_attributes": [],
          "identity_schema_version": 0,
          "private": "eyJlMmJmYjczMC1lY2FhLTExZTYtOGY4OC0zNDM2M2JjN2M0YzAiOnsiY3JlYXRlIjo2MDAwMDAwMDAwMDAsImRlbGV0ZSI6MTgwMDAwMDAwMDAwMCwidXBkYXRlIjo2MDAwMDAwMDAwMDB9fQ==",
          "dependencies": [
            "module.nat_gateway.aws_eip.eip",
            "module.vpc.aws_internet_gateway.gw",
            "module.vpc.aws_subnet.public_subnet",
            "module.vpc.aws_vpc.vpc",
            "module.vpc.data.aws_availability_zones.available"
          ]
        }
      ]
    },
    {
      "module": "module.nat_gateway",
      "mode": "managed",
      "type": "aws_route_table",
      "name": "private_route_table",
      "provider": "provider[\"registry.terraform.io/hashicorp/aws\"]",
      "instances": [
        {
          "schema_version": 0,
          "attributes": {
            "arn": "arn:aws:ec2:us-east-1:533267221494:route-table/rtb-0034018b0a65de180",
            "id": "rtb-0034018b0a65de180",
            "owner_id": "533267221494",
            "propagating_vgws": [],
            "route": [
              {
                "carrier_gateway_id": "",
                "cidr_block": "0.0.0.0/0",
                "core_network_arn": "",
                "destination_prefix_list_id": "",
                "egress_only_gateway_id": "",
                "gateway_id": "",
                "ipv6_cidr_block": "",
                "local_gateway_id": "",
                "nat_gateway_id": "nat-07896c9f6b1826759",
                "network_interface_id": "",
                "transit_gateway_id": "",
                "vpc_endpoint_id": "",
                "vpc_peering_connection_id": ""
              }
            ],
            "tags": {
              "Name": "Private_RT"
            },
            "tags_all": {
              "Name": "Private_RT"
            },
            "timeouts": null,
            "vpc_id": "vpc-0d8990b41f93ce051"
          },
          "sensitive_attributes": [],
          "identity_schema_version": 0,
          "private": "eyJlMmJmYjczMC1lY2FhLTExZTYtOGY4OC0zNDM2M2JjN2M0YzAiOnsiY3JlYXRlIjozMDAwMDAwMDAwMDAsImRlbGV0ZSI6MzAwMDAwMDAwMDAwLCJ1cGRhdGUiOjEyMDAwMDAwMDAwMH19",
          "dependencies": [
            "module.nat_gateway.aws_eip.eip",
            "module.nat_gateway.aws_nat_gateway.nat_gw",
            "module.vpc.aws_internet_gateway.gw",
            "module.vpc.aws_subnet.public_subnet",
            "module.vpc.aws_vpc.vpc",
            "module.vpc.data.aws_availability_zones.available"
          ]
        }
      ]
    },
    {
      "module": "module.nat_gateway",
      "mode": "managed",
      "type": "aws_route_table_association",
      "name": "private_subnet_rt-association",
      "provider": "provider[\"registry.terraform.io/hashicorp/aws\"]",
      "instances": [
        {
          "schema_version": 0,
          "attributes": {
            "gateway_id": "",
            "id": "rtbassoc-0f386c20ff6fdc6eb",
            "route_table_id": "rtb-0034018b0a65de180",
            "subnet_id": "subnet-07dabb9e440e7ae74",
            "timeouts": null
          },
          "sensitive_attributes": [],
          "identity_schema_version": 0,
          "private": "eyJlMmJmYjczMC1lY2FhLTExZTYtOGY4OC0zNDM2M2JjN2M0YzAiOnsiY3JlYXRlIjozMDAwMDAwMDAwMDAsImRlbGV0ZSI6MzAwMDAwMDAwMDAwLCJ1cGRhdGUiOjEyMDAwMDAwMDAwMH19",
          "dependencies": [
            "module.nat_gateway.aws_eip.eip",
            "module.nat_gateway.aws_nat_gateway.nat_gw",
            "module.nat_gateway.aws_route_table.private_route_table",
            "module.vpc.aws_internet_gateway.gw",
            "module.vpc.aws_subnet.private_subnet",
            "module.vpc.aws_subnet.public_subnet",
            "module.vpc.aws_vpc.vpc",
            "module.vpc.data.aws_availability_zones.available"
          ]
        }
      ]
    },
    {
      "module": "module.security_group",
      "mode": "managed",
      "type": "aws_security_group",
      "name": "private_security_group",
      "provider": "provider[\"registry.terraform.io/hashicorp/aws\"]",
      "instances": [
        {
          "schema_version": 1,
          "attributes": {
            "arn": "arn:aws:ec2:us-east-1:533267221494:security-group/sg-04649ea4db425827e",
            "description": "Managed by Terraform",
            "egress": [
              {
                "cidr_blocks": [
                  "0.0.0.0/0"
                ],
                "description": "",
                "from_port": 0,
                "ipv6_cidr_blocks": [],
                "prefix_list_ids": [],
                "protocol": "-1",
                "security_groups": [],
                "self": false,
                "to_port": 0
              }
            ],
            "id": "sg-04649ea4db425827e",
            "ingress": [
              {
                "cidr_blocks": [],
                "description": "Allow SSH from public instances",
                "from_port": 22,
                "ipv6_cidr_blocks": [],
                "prefix_list_ids": [],
                "protocol": "tcp",
                "security_groups": [
                  "sg-0f09c08e1f0c6f5e2"
                ],
                "self": false,
                "to_port": 22
              }
            ],
            "name": "allow_ssh_from_public",
            "name_prefix": "",
            "owner_id": "533267221494",
            "revoke_rules_on_delete": false,
            "tags": {
              "name": "Private_security_group"
            },
            "tags_all": {
              "name": "Private_security_group"
            },
            "timeouts": null,
            "vpc_id": "vpc-0d8990b41f93ce051"
          },
          "sensitive_attributes": [],
          "identity_schema_version": 0,
          "private": "eyJlMmJmYjczMC1lY2FhLTExZTYtOGY4OC0zNDM2M2JjN2M0YzAiOnsiY3JlYXRlIjo2MDAwMDAwMDAwMDAsImRlbGV0ZSI6OTAwMDAwMDAwMDAwfSwic2NoZW1hX3ZlcnNpb24iOiIxIn0=",
          "dependencies": [
            "module.security_group.aws_security_group.public_security_group",
            "module.vpc.aws_vpc.vpc"
          ]
        }
      ]
    },
    {
      "module": "module.security_group",
      "mode": "managed",
      "type": "aws_security_group",
      "name": "public_security_group",
      "provider": "provider[\"registry.terraform.io/hashicorp/aws\"]",
      "instances": [
        {
          "schema_version": 1,
          "attributes": {
            "arn": "arn:aws:ec2:us-east-1:533267221494:security-group/sg-0f09c08e1f0c6f5e2",
            "description": "Managed by Terraform",
            "egress": [
              {
                "cidr_blocks": [
                  "0.0.0.0/0"
                ],
                "description": "",
                "from_port": 0,
                "ipv6_cidr_blocks": [],
                "prefix_list_ids": [],
                "protocol": "-1",
                "security_groups": [],
                "self": false,
                "to_port": 0
              }
            ],
            "id": "sg-0f09c08e1f0c6f5e2",
            "ingress": [
              {
                "cidr_blocks": [
                  "113.173.12.179/32"
                ],
                "description": "Allow SSH from specified sources",
                "from_port": 22,
                "ipv6_cidr_blocks": [],
                "prefix_list_ids": [],
                "protocol": "tcp",
                "security_groups": [],
                "self": false,
                "to_port": 22
              }
            ],
            "name": "allow_ssh_to_public",
            "name_prefix": "",
            "owner_id": "533267221494",
            "revoke_rules_on_delete": false,
            "tags": {
              "name": "Public_security_group"
            },
            "tags_all": {
              "name": "Public_security_group"
            },
            "timeouts": null,
            "vpc_id": "vpc-0d8990b41f93ce051"
          },
          "sensitive_attributes": [],
          "identity_schema_version": 0,
          "private": "eyJlMmJmYjczMC1lY2FhLTExZTYtOGY4OC0zNDM2M2JjN2M0YzAiOnsiY3JlYXRlIjo2MDAwMDAwMDAwMDAsImRlbGV0ZSI6OTAwMDAwMDAwMDAwfSwic2NoZW1hX3ZlcnNpb24iOiIxIn0=",
          "dependencies": [
            "module.vpc.aws_vpc.vpc"
          ]
        }
      ]
    },
    {
      "module": "module.vpc",
      "mode": "data",
      "type": "aws_availability_zones",
      "name": "available",
      "provider": "provider[\"registry.terraform.io/hashicorp/aws\"]",
      "instances": [
        {
          "schema_version": 0,
          "attributes": {
            "all_availability_zones": null,
            "exclude_names": null,
            "exclude_zone_ids": null,
            "filter": null,
            "group_names": [
              "us-east-1-zg-1"
            ],
            "id": "us-east-1",
            "names": [
              "us-east-1a",
              "us-east-1b",
              "us-east-1c",
              "us-east-1d",
              "us-east-1e",
              "us-east-1f"
            ],
            "state": "available",
            "timeouts": null,
            "zone_ids": [
              "use1-az4",
              "use1-az6",
              "use1-az1",
              "use1-az2",
              "use1-az3",
              "use1-az5"
            ]
          },
          "sensitive_attributes": [],
          "identity_schema_version": 0
        }
      ]
    },
    {
      "module": "module.vpc",
      "mode": "managed",
      "type": "aws_default_security_group",
      "name": "default_security_group",
      "provider": "provider[\"registry.terraform.io/hashicorp/aws\"]",
      "instances": [
        {
          "schema_version": 1,
          "attributes": {
            "arn": "arn:aws:ec2:us-east-1:533267221494:security-group/sg-08a6885aafcf9f216",
            "description": "default VPC security group",
            "egress": [
              {
                "cidr_blocks": [
                  "0.0.0.0/0"
                ],
                "description": "",
                "from_port": 0,
                "ipv6_cidr_blocks": [],
                "prefix_list_ids": [],
                "protocol": "-1",
                "security_groups": [],
                "self": false,
                "to_port": 0
              }
            ],
            "id": "sg-08a6885aafcf9f216",
            "ingress": [
              {
                "cidr_blocks": [],
                "description": "",
                "from_port": 0,
                "ipv6_cidr_blocks": [],
                "prefix_list_ids": [],
                "protocol": "-1",
                "security_groups": [],
                "self": true,
                "to_port": 0
              }
            ],
            "name": "default",
            "name_prefix": "",
            "owner_id": "533267221494",
            "revoke_rules_on_delete": false,
            "tags": {
              "name": "Default_security_group"
            },
            "tags_all": {
              "name": "Default_security_group"
            },
            "vpc_id": "vpc-0d8990b41f93ce051"
          },
          "sensitive_attributes": [],
          "identity_schema_version": 0,
          "private": "eyJzY2hlbWFfdmVyc2lvbiI6IjEifQ==",
          "dependencies": [
            "module.vpc.aws_vpc.vpc"
          ]
        }
      ]
    },
    {
      "module": "module.vpc",
      "mode": "managed",
      "type": "aws_internet_gateway",
      "name": "gw",
      "provider": "provider[\"registry.terraform.io/hashicorp/aws\"]",
      "instances": [
        {
          "schema_version": 0,
          "attributes": {
            "arn": "arn:aws:ec2:us-east-1:533267221494:internet-gateway/igw-0a68d1ef23b73022d",
            "id": "igw-0a68d1ef23b73022d",
            "owner_id": "533267221494",
            "tags": {
              "Name": "Internet_gateway"
            },
            "tags_all": {
              "Name": "Internet_gateway"
            },
            "timeouts": null,
            "vpc_id": "vpc-0d8990b41f93ce051"
          },
          "sensitive_attributes": [],
          "identity_schema_version": 0,
          "private": "eyJlMmJmYjczMC1lY2FhLTExZTYtOGY4OC0zNDM2M2JjN2M0YzAiOnsiY3JlYXRlIjoxMjAwMDAwMDAwMDAwLCJkZWxldGUiOjEyMDAwMDAwMDAwMDAsInVwZGF0ZSI6MTIwMDAwMDAwMDAwMH19",
          "dependencies": [
            "module.vpc.aws_vpc.vpc"
          ]
        }
      ]
    },
    {
      "module": "module.vpc",
      "mode": "managed",
      "type": "aws_route_table",
      "name": "public_route_table",
      "provider": "provider[\"registry.terraform.io/hashicorp/aws\"]",
      "instances": [
        {
          "schema_version": 0,
          "attributes": {
            "arn": "arn:aws:ec2:us-east-1:533267221494:route-table/rtb-0280d4fc224de8072",
            "id": "rtb-0280d4fc224de8072",
            "owner_id": "533267221494",
            "propagating_vgws": [],
            "route": [
              {
                "carrier_gateway_id": "",
                "cidr_block": "0.0.0.0/0",
                "core_network_arn": "",
                "destination_prefix_list_id": "",
                "egress_only_gateway_id": "",
                "gateway_id": "igw-0a68d1ef23b73022d",
                "ipv6_cidr_block": "",
                "local_gateway_id": "",
                "nat_gateway_id": "",
                "network_interface_id": "",
                "transit_gateway_id": "",
                "vpc_endpoint_id": "",
                "vpc_peering_connection_id": ""
              }
            ],
            "tags": {
              "Name": "Public_RT"
            },
            "tags_all": {
              "Name": "Public_RT"
            },
            "timeouts": null,
            "vpc_id": "vpc-0d8990b41f93ce051"
          },
          "sensitive_attributes": [],
          "identity_schema_version": 0,
          "private": "eyJlMmJmYjczMC1lY2FhLTExZTYtOGY4OC0zNDM2M2JjN2M0YzAiOnsiY3JlYXRlIjozMDAwMDAwMDAwMDAsImRlbGV0ZSI6MzAwMDAwMDAwMDAwLCJ1cGRhdGUiOjEyMDAwMDAwMDAwMH19",
          "dependencies": [
            "module.vpc.aws_internet_gateway.gw",
            "module.vpc.aws_vpc.vpc"
          ]
        }
      ]
    },
    {
      "module": "module.vpc",
      "mode": "managed",
      "type": "aws_route_table_association",
      "name": "public_subnet_rt-association",
      "provider": "provider[\"registry.terraform.io/hashicorp/aws\"]",
      "instances": [
        {
          "schema_version": 0,
          "attributes": {
            "gateway_id": "",
            "id": "rtbassoc-0050879f5a0dcc273",
            "route_table_id": "rtb-0280d4fc224de8072",
            "subnet_id": "subnet-0a7575e19e1f51527",
            "timeouts": null
          },
          "sensitive_attributes": [],
          "identity_schema_version": 0,
          "private": "eyJlMmJmYjczMC1lY2FhLTExZTYtOGY4OC0zNDM2M2JjN2M0YzAiOnsiY3JlYXRlIjozMDAwMDAwMDAwMDAsImRlbGV0ZSI6MzAwMDAwMDAwMDAwLCJ1cGRhdGUiOjEyMDAwMDAwMDAwMH19",
          "dependencies": [
            "module.vpc.aws_internet_gateway.gw",
            "module.vpc.aws_route_table.public_route_table",
            "module.vpc.aws_subnet.public_subnet",
            "module.vpc.aws_vpc.vpc",
            "module.vpc.data.aws_availability_zones.available"
          ]
        }
      ]
    },
    {
      "module": "module.vpc",
      "mode": "managed",
      "type": "aws_subnet",
      "name": "private_subnet",
      "provider": "provider[\"registry.terraform.io/hashicorp/aws\"]",
      "instances": [
        {
          "schema_version": 1,
          "attributes": {
            "arn": "arn:aws:ec2:us-east-1:533267221494:subnet/subnet-07dabb9e440e7ae74",
            "assign_ipv6_address_on_creation": false,
            "availability_zone": "us-east-1b",
            "availability_zone_id": "use1-az6",
            "cidr_block": "10.0.2.0/24",
            "customer_owned_ipv4_pool": "",
            "enable_dns64": false,
            "enable_lni_at_device_index": 0,
            "enable_resource_name_dns_a_record_on_launch": false,
            "enable_resource_name_dns_aaaa_record_on_launch": false,
            "id": "subnet-07dabb9e440e7ae74",
            "ipv6_cidr_block": "",
            "ipv6_cidr_block_association_id": "",
            "ipv6_native": false,
            "map_customer_owned_ip_on_launch": false,
            "map_public_ip_on_launch": false,
            "outpost_arn": "",
            "owner_id": "533267221494",
            "private_dns_hostname_type_on_launch": "ip-name",
            "tags": {
              "Name": "Private_subnet"
            },
            "tags_all": {
              "Name": "Private_subnet"
            },
            "timeouts": null,
            "vpc_id": "vpc-0d8990b41f93ce051"
          },
          "sensitive_attributes": [],
          "identity_schema_version": 0,
          "private": "eyJlMmJmYjczMC1lY2FhLTExZTYtOGY4OC0zNDM2M2JjN2M0YzAiOnsiY3JlYXRlIjo2MDAwMDAwMDAwMDAsImRlbGV0ZSI6MTIwMDAwMDAwMDAwMH0sInNjaGVtYV92ZXJzaW9uIjoiMSJ9",
          "dependencies": [
            "module.vpc.aws_vpc.vpc",
            "module.vpc.data.aws_availability_zones.available"
          ]
        }
      ]
    },
    {
      "module": "module.vpc",
      "mode": "managed",
      "type": "aws_subnet",
      "name": "public_subnet",
      "provider": "provider[\"registry.terraform.io/hashicorp/aws\"]",
      "instances": [
        {
          "schema_version": 1,
          "attributes": {
            "arn": "arn:aws:ec2:us-east-1:533267221494:subnet/subnet-0a7575e19e1f51527",
            "assign_ipv6_address_on_creation": false,
            "availability_zone": "us-east-1a",
            "availability_zone_id": "use1-az4",
            "cidr_block": "10.0.1.0/24",
            "customer_owned_ipv4_pool": "",
            "enable_dns64": false,
            "enable_lni_at_device_index": 0,
            "enable_resource_name_dns_a_record_on_launch": false,
            "enable_resource_name_dns_aaaa_record_on_launch": false,
            "id": "subnet-0a7575e19e1f51527",
            "ipv6_cidr_block": "",
            "ipv6_cidr_block_association_id": "",
            "ipv6_native": false,
            "map_customer_owned_ip_on_launch": false,
            "map_public_ip_on_launch": false,
            "outpost_arn": "",
            "owner_id": "533267221494",
            "private_dns_hostname_type_on_launch": "ip-name",
            "tags": {
              "Name": "Public_subnet"
            },
            "tags_all": {
              "Name": "Public_subnet"
            },
            "timeouts": null,
            "vpc_id": "vpc-0d8990b41f93ce051"
          },
          "sensitive_attributes": [],
          "identity_schema_version": 0,
          "private": "eyJlMmJmYjczMC1lY2FhLTExZTYtOGY4OC0zNDM2M2JjN2M0YzAiOnsiY3JlYXRlIjo2MDAwMDAwMDAwMDAsImRlbGV0ZSI6MTIwMDAwMDAwMDAwMH0sInNjaGVtYV92ZXJzaW9uIjoiMSJ9",
          "dependencies": [
            "module.vpc.aws_vpc.vpc",
            "module.vpc.data.aws_availability_zones.available"
          ]
        }
      ]
    },
    {
      "module": "module.vpc",
      "mode": "managed",
      "type": "aws_vpc",
      "name": "vpc",
      "provider": "provider[\"registry.terraform.io/hashicorp/aws\"]",
      "instances": [
        {
          "schema_version": 1,
          "attributes": {
            "arn": "arn:aws:ec2:us-east-1:533267221494:vpc/vpc-0d8990b41f93ce051",
            "assign_generated_ipv6_cidr_block": false,
            "cidr_block": "10.0.0.0/16",
            "default_network_acl_id": "acl-05b1e266d75464c6c",
            "default_route_table_id": "rtb-036d9fd93225478cb",
            "default_security_group_id": "sg-08a6885aafcf9f216",
            "dhcp_options_id": "dopt-05b5ca85789666993",
            "enable_dns_hostnames": false,
            "enable_dns_support": true,
            "enable_network_address_usage_metrics": false,
            "id": "vpc-0d8990b41f93ce051",
            "instance_tenancy": "default",
            "ipv4_ipam_pool_id": null,
            "ipv4_netmask_length": null,
            "ipv6_association_id": "",
            "ipv6_cidr_block": "",
            "ipv6_cidr_block_network_border_group": "",
            "ipv6_ipam_pool_id": "",
            "ipv6_netmask_length": 0,
            "main_route_table_id": "rtb-036d9fd93225478cb",
            "owner_id": "533267221494",
            "tags": {
              "Name": "VPC"
            },
            "tags_all": {
              "Name": "VPC"
            }
          },
          "sensitive_attributes": [],
          "identity_schema_version": 0,
          "private": "eyJzY2hlbWFfdmVyc2lvbiI6IjEifQ=="
        }
      ]
    }
  ],
  "check_results": null
}
